// !$*UTF8*$!
{
	archiveVersion = 1;
	classes = {
	};
	objectVersion = 77;
	objects = {

/* Begin PBXBuildFile section */
		090EBFE10ACB9E267ED15570 /* CryptoKit.framework in Frameworks */ = {isa = PBXBuildFile; fileRef = 292B87F6B6EB98598837DB1B /* CryptoKit.framework */; };
		09A8E2280F073308A73D54C1 /* KeyameleonLifecycleUITests.swift in Sources */ = {isa = PBXBuildFile; fileRef = EEC7358858FE9ED01078060A /* KeyameleonLifecycleUITests.swift */; };
		15EADB73F954D79F813518EC /* Carbon.framework in Frameworks */ = {isa = PBXBuildFile; fileRef = 5225FE09338A066FF3E0C002 /* Carbon.framework */; };
		19105A3BEAA212153F549A0C /* KeyameleonActivationActivityTests.swift in Sources */ = {isa = PBXBuildFile; fileRef = 4D54E9681097A8CC3525C174 /* KeyameleonActivationActivityTests.swift */; };
		1919833FBC28953D1F949857 /* KeyameleonManualDesignationTests.swift in Sources */ = {isa = PBXBuildFile; fileRef = 0BFFF3CD0B32C589C92BFDAD /* KeyameleonManualDesignationTests.swift */; };
		1DE711112C0D275511B175F8 /* KeyameleonDiagnosticDataStore.swift in Sources */ = {isa = PBXBuildFile; fileRef = 2F5731D1B47F9F27209506F7 /* KeyameleonDiagnosticDataStore.swift */; };
		1E16D110159043AA38790E18 /* KeyameleonUpdatePolicy.swift in Sources */ = {isa = PBXBuildFile; fileRef = 2081CDA9B0A44E57A812562D /* KeyameleonUpdatePolicy.swift */; };
		20D047C8389D5AFAF0640BF9 /* KeyameleonGeneralSettingsModel.swift in Sources */ = {isa = PBXBuildFile; fileRef = B29DF815D1A244C353EB07D1 /* KeyameleonGeneralSettingsModel.swift */; };
		2A917419870E1F12F7352151 /* KeyameleonInputSource.swift in Sources */ = {isa = PBXBuildFile; fileRef = C79EA503C879924C491405AE /* KeyameleonInputSource.swift */; };
		2F772A5C5A011DD27D15C5A5 /* KeyameleonPhysicalKeyboard.swift in Sources */ = {isa = PBXBuildFile; fileRef = B8B6F299CFBCDC378DA2681F /* KeyameleonPhysicalKeyboard.swift */; };
		34EFF25115723D444C623637 /* Sparkle in Frameworks */ = {isa = PBXBuildFile; productRef = F3881EDB96F08B18FD0F617B /* Sparkle */; };
		388F2269E6A2FBE054E99FB3 /* KeyameleonPhysicalKeyboardStore.swift in Sources */ = {isa = PBXBuildFile; fileRef = 3632ABCF441FFA56C14EF59F /* KeyameleonPhysicalKeyboardStore.swift */; };
		40DC297BC0EA599BD7E9FEA1 /* KeyameleonLaunchAtLogin.swift in Sources */ = {isa = PBXBuildFile; fileRef = 6F33EBC2EEBE9B17D8ABBF6F /* KeyameleonLaunchAtLogin.swift */; };
		48015E432FD28317B7DD5C50 /* ServiceManagement.framework in Frameworks */ = {isa = PBXBuildFile; fileRef = 9D397C615AE93268A186585C /* ServiceManagement.framework */; };
		49316C09EF30EEB66F3802AF /* Security.framework in Frameworks */ = {isa = PBXBuildFile; fileRef = AC6BDE001E72B645ABFC8A82 /* Security.framework */; };
		516B77846CF8FF3C6009DE4E /* KeyameleonDiagnosticData.swift in Sources */ = {isa = PBXBuildFile; fileRef = 0564DEACB278CD01A3E12140 /* KeyameleonDiagnosticData.swift */; };
		588AEEC8028F572802815C28 /* KeyameleonManualPhysicalKeyboardDesignation.swift in Sources */ = {isa = PBXBuildFile; fileRef = EA897BE4CBB778D820C81139 /* KeyameleonManualPhysicalKeyboardDesignation.swift */; };
		612CF8D5C63F09DBA398E9E1 /* KeyameleonPhysicalKeyboardDiscovery.swift in Sources */ = {isa = PBXBuildFile; fileRef = 18397DF8FD0876C66C5EAA37 /* KeyameleonPhysicalKeyboardDiscovery.swift */; };
		62B876A3340C8FB20074FAD9 /* KeyameleonSwitchingTests.swift in Sources */ = {isa = PBXBuildFile; fileRef = 0E0BF5042B79F5BA8910EB10 /* KeyameleonSwitchingTests.swift */; };
		64E3E73BCBE33BBF8DA964B2 /* SwiftData.framework in Frameworks */ = {isa = PBXBuildFile; fileRef = 81634072FBBCD7BCF66DC8CC /* SwiftData.framework */; };
		68B0BFAA11F7BEDA4AC8975D /* KeyameleonApplicationTests.swift in Sources */ = {isa = PBXBuildFile; fileRef = 02455F8A5A118EF76B787E5D /* KeyameleonApplicationTests.swift */; };
		6A55073B7C935715A040BE0E /* KeyameleonAppMetadata.swift in Sources */ = {isa = PBXBuildFile; fileRef = E866BDFB5D4377E15825F6E8 /* KeyameleonAppMetadata.swift */; };
		6D67ADBC82EE41FDDA9A5B8E /* KeyameleonRootView.swift in Sources */ = {isa = PBXBuildFile; fileRef = B6034CBE585B5BDE6DABD1D7 /* KeyameleonRootView.swift */; };
		6E2D93F070236754E195DE79 /* KeyameleonSetupModelTests.swift in Sources */ = {isa = PBXBuildFile; fileRef = 650A12F9B9110E74EE8C47D7 /* KeyameleonSetupModelTests.swift */; };
		7AFED4BB50BA10B468DB1D23 /* KeyameleonUpdatePolicyTests.swift in Sources */ = {isa = PBXBuildFile; fileRef = 96F30EE88E711A8C9ACA5731 /* KeyameleonUpdatePolicyTests.swift */; };
		801C74CE0102A0B052B40287 /* CoreHID.framework in Frameworks */ = {isa = PBXBuildFile; fileRef = 77C809ABBA1C70D9822B5BA5 /* CoreHID.framework */; };
		81A347D0DE33A570AAA7A2A8 /* KeyameleonConvergenceTests.swift in Sources */ = {isa = PBXBuildFile; fileRef = C3717701D6FEDD31599EE22D /* KeyameleonConvergenceTests.swift */; };
		84C64FB9DA6AC5FFCA575DE3 /* KeyameleonApp.swift in Sources */ = {isa = PBXBuildFile; fileRef = 925B8730799DFF8411FF94FF /* KeyameleonApp.swift */; };
		89248556B72E49496DB74733 /* KeyameleonSwitchingStatus.swift in Sources */ = {isa = PBXBuildFile; fileRef = 189C50D0A9824D1363633125 /* KeyameleonSwitchingStatus.swift */; };
		8E983EC936ED3F0E0C5AD299 /* KeyameleonGeneralSettingsView.swift in Sources */ = {isa = PBXBuildFile; fileRef = 192B0AA0A94FCF33D18120BD /* KeyameleonGeneralSettingsView.swift */; };
		8EACA5A3486235A102A93F44 /* KeyameleonApplicationDelegate.swift in Sources */ = {isa = PBXBuildFile; fileRef = 8390A0559D913FCE3B8443D0 /* KeyameleonApplicationDelegate.swift */; };
		91E6DD5CBEB5B2DAE4AC91F1 /* SwiftUI.framework in Frameworks */ = {isa = PBXBuildFile; fileRef = FAF64CA3A3802AD87234A325 /* SwiftUI.framework */; };
		9BFB9E9D57F795F1CCB9DC50 /* KeyameleonDiagnosticDataService.swift in Sources */ = {isa = PBXBuildFile; fileRef = 8C51CA1E8A18EEA8BEA32C1D /* KeyameleonDiagnosticDataService.swift */; };
		9F89399E267EDDEB250AB55B /* KeyameleonRecoveryTests.swift in Sources */ = {isa = PBXBuildFile; fileRef = 1CF4D70E4DCCA357D1A0A5BB /* KeyameleonRecoveryTests.swift */; };
		ACA1D2A2F87C1D348122EE23 /* IOKit.framework in Frameworks */ = {isa = PBXBuildFile; fileRef = 27C9E4BB494DF1AF4ED49BA1 /* IOKit.framework */; };
		B4E6FAC420FB0A2DB154C3F3 /* KeyameleonDiagnosticDataTests.swift in Sources */ = {isa = PBXBuildFile; fileRef = 0FFA3A9EC9C29FDF5FBBFBBD /* KeyameleonDiagnosticDataTests.swift */; };
		BAAD4D6E6FB90A5B0E638646 /* KeyameleonPhysicalKeyboardEventObserver.swift in Sources */ = {isa = PBXBuildFile; fileRef = 70F0FD9FD44BC881C85C57D4 /* KeyameleonPhysicalKeyboardEventObserver.swift */; };
		C5FC705A3DCC9EA289FB584E /* KeyameleonInputSources.swift in Sources */ = {isa = PBXBuildFile; fileRef = 963A3486E0561CC765074E65 /* KeyameleonInputSources.swift */; };
		C8FA0F1AE962C4AEC32A0A92 /* KeyameleonWindowController.swift in Sources */ = {isa = PBXBuildFile; fileRef = 07F9918A3CBD5830F8FB513A /* KeyameleonWindowController.swift */; };
		C9A6F7A5181A79349C54433E /* KeyameleonGeneralSettingsModelTests.swift in Sources */ = {isa = PBXBuildFile; fileRef = A0F8CAA723ECE90E00BDC978 /* KeyameleonGeneralSettingsModelTests.swift */; };
		CC4D4CD3FDBEABF26DFD8779 /* AppKit.framework in Frameworks */ = {isa = PBXBuildFile; fileRef = F2F89B01FA50D2E2724A74C3 /* AppKit.framework */; };
		CD1C2DDAB16D3B146EFAFD7F /* KeyameleonListenPermission.swift in Sources */ = {isa = PBXBuildFile; fileRef = 6475575EBEE7BF6A2A569696 /* KeyameleonListenPermission.swift */; };
		CD9563FE2B8CB9A7C0314560 /* KeyameleonMenuFirstTests.swift in Sources */ = {isa = PBXBuildFile; fileRef = D889483CA7E502D0C27E9B28 /* KeyameleonMenuFirstTests.swift */; };
		D41985F4FF41494929419AA0 /* KeyameleonPhysicalKeyboardEvent.swift in Sources */ = {isa = PBXBuildFile; fileRef = F0F83338ABBB24B7EB3AD021 /* KeyameleonPhysicalKeyboardEvent.swift */; };
		D46B44D887E9DE63B1755C71 /* KeyameleonManualPhysicalKeyboardDesignationStore.swift in Sources */ = {isa = PBXBuildFile; fileRef = DF48C1B233A365B38C8A0DE8 /* KeyameleonManualPhysicalKeyboardDesignationStore.swift */; };
		D75FC4D1B672A7915B4FBBF8 /* KeyameleonDiscoveryTests.swift in Sources */ = {isa = PBXBuildFile; fileRef = 88866B9159B0A6585EC96F97 /* KeyameleonDiscoveryTests.swift */; };
		E0E9C09796EBA40EAEE859AD /* KeyameleonLifecycleTests.swift in Sources */ = {isa = PBXBuildFile; fileRef = 70E129C8285C1318793290B4 /* KeyameleonLifecycleTests.swift */; };
		EED468949187C67A79BA8CB8 /* KeyameleonSwitchingWarning.swift in Sources */ = {isa = PBXBuildFile; fileRef = 7EE076B24D568AB39A956734 /* KeyameleonSwitchingWarning.swift */; };
		F1001B00808797A53CE099F1 /* KeyameleonSetupModel.swift in Sources */ = {isa = PBXBuildFile; fileRef = 31D4DC9D2C8B0CA0754D04CE /* KeyameleonSetupModel.swift */; };
		F86C0383C89A4A0E94C568D0 /* KeyameleonAppMetadataTests.swift in Sources */ = {isa = PBXBuildFile; fileRef = 10A6D03C52349B7198BF3887 /* KeyameleonAppMetadataTests.swift */; };
		FAF3D1E884E7C6DE459777C2 /* KeyameleonUpdateChecker.swift in Sources */ = {isa = PBXBuildFile; fileRef = B80C218A83568F7AE64B6BC4 /* KeyameleonUpdateChecker.swift */; };
		FC880075EE67A5A5FA744D72 /* KeyameleonAssignmentTests.swift in Sources */ = {isa = PBXBuildFile; fileRef = 8A5D9B212C3318CABB8BF0B9 /* KeyameleonAssignmentTests.swift */; };
		FDBB6A4A4F136B8BF0BDD4F6 /* KeyameleonInstallationIntegrityKey.swift in Sources */ = {isa = PBXBuildFile; fileRef = 6DBBF241A3ACCB6EB4B23B99 /* KeyameleonInstallationIntegrityKey.swift */; };
/* End PBXBuildFile section */

/* Begin PBXContainerItemProxy section */
		62FB124316A61CE353FCFE6C /* PBXContainerItemProxy */ = {
			isa = PBXContainerItemProxy;
			containerPortal = 17F49B025803125E5ABBCD4C /* Project object */;
			proxyType = 1;
			remoteGlobalIDString = D7B1A298244D4331D2678655;
			remoteInfo = Keyameleon;
		};
		D07789ECD894B6BCEB9EA519 /* PBXContainerItemProxy */ = {
			isa = PBXContainerItemProxy;
			containerPortal = 17F49B025803125E5ABBCD4C /* Project object */;
			proxyType = 1;
			remoteGlobalIDString = D7B1A298244D4331D2678655;
			remoteInfo = Keyameleon;
		};
		FB198F04415ABEB102418C3F /* PBXContainerItemProxy */ = {
			isa = PBXContainerItemProxy;
			containerPortal = 17F49B025803125E5ABBCD4C /* Project object */;
			proxyType = 1;
			remoteGlobalIDString = D7B1A298244D4331D2678655;
			remoteInfo = Keyameleon;
		};
/* End PBXContainerItemProxy section */

/* Begin PBXFileReference section */
		02455F8A5A118EF76B787E5D /* KeyameleonApplicationTests.swift */ = {isa = PBXFileReference; lastKnownFileType = sourcecode.swift; path = KeyameleonApplicationTests.swift; sourceTree = "<group>"; };
		0564DEACB278CD01A3E12140 /* KeyameleonDiagnosticData.swift */ = {isa = PBXFileReference; lastKnownFileType = sourcecode.swift; path = KeyameleonDiagnosticData.swift; sourceTree = "<group>"; };
		077A1A619B7B568508D1505F /* Info.plist */ = {isa = PBXFileReference; lastKnownFileType = text.plist; path = Info.plist; sourceTree = "<group>"; };
		07F9918A3CBD5830F8FB513A /* KeyameleonWindowController.swift */ = {isa = PBXFileReference; lastKnownFileType = sourcecode.swift; path = KeyameleonWindowController.swift; sourceTree = "<group>"; };
		0BFFF3CD0B32C589C92BFDAD /* KeyameleonManualDesignationTests.swift */ = {isa = PBXFileReference; lastKnownFileType = sourcecode.swift; path = KeyameleonManualDesignationTests.swift; sourceTree = "<group>"; };
		0E0BF5042B79F5BA8910EB10 /* KeyameleonSwitchingTests.swift */ = {isa = PBXFileReference; lastKnownFileType = sourcecode.swift; path = KeyameleonSwitchingTests.swift; sourceTree = "<group>"; };
		0FFA3A9EC9C29FDF5FBBFBBD /* KeyameleonDiagnosticDataTests.swift */ = {isa = PBXFileReference; lastKnownFileType = sourcecode.swift; path = KeyameleonDiagnosticDataTests.swift; sourceTree = "<group>"; };
		10A6D03C52349B7198BF3887 /* KeyameleonAppMetadataTests.swift */ = {isa = PBXFileReference; lastKnownFileType = sourcecode.swift; path = KeyameleonAppMetadataTests.swift; sourceTree = "<group>"; };
		18397DF8FD0876C66C5EAA37 /* KeyameleonPhysicalKeyboardDiscovery.swift */ = {isa = PBXFileReference; lastKnownFileType = sourcecode.swift; path = KeyameleonPhysicalKeyboardDiscovery.swift; sourceTree = "<group>"; };
		189C50D0A9824D1363633125 /* KeyameleonSwitchingStatus.swift */ = {isa = PBXFileReference; lastKnownFileType = sourcecode.swift; path = KeyameleonSwitchingStatus.swift; sourceTree = "<group>"; };
		192B0AA0A94FCF33D18120BD /* KeyameleonGeneralSettingsView.swift */ = {isa = PBXFileReference; lastKnownFileType = sourcecode.swift; path = KeyameleonGeneralSettingsView.swift; sourceTree = "<group>"; };
		1CF4D70E4DCCA357D1A0A5BB /* KeyameleonRecoveryTests.swift */ = {isa = PBXFileReference; lastKnownFileType = sourcecode.swift; path = KeyameleonRecoveryTests.swift; sourceTree = "<group>"; };
		2081CDA9B0A44E57A812562D /* KeyameleonUpdatePolicy.swift */ = {isa = PBXFileReference; lastKnownFileType = sourcecode.swift; path = KeyameleonUpdatePolicy.swift; sourceTree = "<group>"; };
		27C9E4BB494DF1AF4ED49BA1 /* IOKit.framework */ = {isa = PBXFileReference; lastKnownFileType = wrapper.framework; name = IOKit.framework; path = System/Library/Frameworks/IOKit.framework; sourceTree = SDKROOT; };
		292B87F6B6EB98598837DB1B /* CryptoKit.framework */ = {isa = PBXFileReference; lastKnownFileType = wrapper.framework; name = CryptoKit.framework; path = System/Library/Frameworks/CryptoKit.framework; sourceTree = SDKROOT; };
		2F5731D1B47F9F27209506F7 /* KeyameleonDiagnosticDataStore.swift */ = {isa = PBXFileReference; lastKnownFileType = sourcecode.swift; path = KeyameleonDiagnosticDataStore.swift; sourceTree = "<group>"; };
		31D4DC9D2C8B0CA0754D04CE /* KeyameleonSetupModel.swift */ = {isa = PBXFileReference; lastKnownFileType = sourcecode.swift; path = KeyameleonSetupModel.swift; sourceTree = "<group>"; };
		3632ABCF441FFA56C14EF59F /* KeyameleonPhysicalKeyboardStore.swift */ = {isa = PBXFileReference; lastKnownFileType = sourcecode.swift; path = KeyameleonPhysicalKeyboardStore.swift; sourceTree = "<group>"; };
		4D54E9681097A8CC3525C174 /* KeyameleonActivationActivityTests.swift */ = {isa = PBXFileReference; lastKnownFileType = sourcecode.swift; path = KeyameleonActivationActivityTests.swift; sourceTree = "<group>"; };
		5225FE09338A066FF3E0C002 /* Carbon.framework */ = {isa = PBXFileReference; lastKnownFileType = wrapper.framework; name = Carbon.framework; path = System/Library/Frameworks/Carbon.framework; sourceTree = SDKROOT; };
		6475575EBEE7BF6A2A569696 /* KeyameleonListenPermission.swift */ = {isa = PBXFileReference; lastKnownFileType = sourcecode.swift; path = KeyameleonListenPermission.swift; sourceTree = "<group>"; };
		650A12F9B9110E74EE8C47D7 /* KeyameleonSetupModelTests.swift */ = {isa = PBXFileReference; lastKnownFileType = sourcecode.swift; path = KeyameleonSetupModelTests.swift; sourceTree = "<group>"; };
		6DBBF241A3ACCB6EB4B23B99 /* KeyameleonInstallationIntegrityKey.swift */ = {isa = PBXFileReference; lastKnownFileType = sourcecode.swift; path = KeyameleonInstallationIntegrityKey.swift; sourceTree = "<group>"; };
		6F33EBC2EEBE9B17D8ABBF6F /* KeyameleonLaunchAtLogin.swift */ = {isa = PBXFileReference; lastKnownFileType = sourcecode.swift; path = KeyameleonLaunchAtLogin.swift; sourceTree = "<group>"; };
		70E129C8285C1318793290B4 /* KeyameleonLifecycleTests.swift */ = {isa = PBXFileReference; lastKnownFileType = sourcecode.swift; path = KeyameleonLifecycleTests.swift; sourceTree = "<group>"; };
		70F0FD9FD44BC881C85C57D4 /* KeyameleonPhysicalKeyboardEventObserver.swift */ = {isa = PBXFileReference; lastKnownFileType = sourcecode.swift; path = KeyameleonPhysicalKeyboardEventObserver.swift; sourceTree = "<group>"; };
		77C809ABBA1C70D9822B5BA5 /* CoreHID.framework */ = {isa = PBXFileReference; lastKnownFileType = wrapper.framework; name = CoreHID.framework; path = System/Library/Frameworks/CoreHID.framework; sourceTree = SDKROOT; };
		7BF17EC7F54B997EE0DDAFAE /* KeyameleonUITests.xctest */ = {isa = PBXFileReference; explicitFileType = wrapper.cfbundle; includeInIndex = 0; path = KeyameleonUITests.xctest; sourceTree = BUILT_PRODUCTS_DIR; };
		7EE076B24D568AB39A956734 /* KeyameleonSwitchingWarning.swift */ = {isa = PBXFileReference; lastKnownFileType = sourcecode.swift; path = KeyameleonSwitchingWarning.swift; sourceTree = "<group>"; };
		81634072FBBCD7BCF66DC8CC /* SwiftData.framework */ = {isa = PBXFileReference; lastKnownFileType = wrapper.framework; name = SwiftData.framework; path = System/Library/Frameworks/SwiftData.framework; sourceTree = SDKROOT; };
		8390A0559D913FCE3B8443D0 /* KeyameleonApplicationDelegate.swift */ = {isa = PBXFileReference; lastKnownFileType = sourcecode.swift; path = KeyameleonApplicationDelegate.swift; sourceTree = "<group>"; };
		88866B9159B0A6585EC96F97 /* KeyameleonDiscoveryTests.swift */ = {isa = PBXFileReference; lastKnownFileType = sourcecode.swift; path = KeyameleonDiscoveryTests.swift; sourceTree = "<group>"; };
		8A5D9B212C3318CABB8BF0B9 /* KeyameleonAssignmentTests.swift */ = {isa = PBXFileReference; lastKnownFileType = sourcecode.swift; path = KeyameleonAssignmentTests.swift; sourceTree = "<group>"; };
		8C51CA1E8A18EEA8BEA32C1D /* KeyameleonDiagnosticDataService.swift */ = {isa = PBXFileReference; lastKnownFileType = sourcecode.swift; path = KeyameleonDiagnosticDataService.swift; sourceTree = "<group>"; };
		925B8730799DFF8411FF94FF /* KeyameleonApp.swift */ = {isa = PBXFileReference; lastKnownFileType = sourcecode.swift; path = KeyameleonApp.swift; sourceTree = "<group>"; };
		963A3486E0561CC765074E65 /* KeyameleonInputSources.swift */ = {isa = PBXFileReference; lastKnownFileType = sourcecode.swift; path = KeyameleonInputSources.swift; sourceTree = "<group>"; };
		967B7E1070DD4601582EE6C6 /* Keyameleon.app */ = {isa = PBXFileReference; explicitFileType = wrapper.application; includeInIndex = 0; path = Keyameleon.app; sourceTree = BUILT_PRODUCTS_DIR; };
		96F30EE88E711A8C9ACA5731 /* KeyameleonUpdatePolicyTests.swift */ = {isa = PBXFileReference; lastKnownFileType = sourcecode.swift; path = KeyameleonUpdatePolicyTests.swift; sourceTree = "<group>"; };
		9D397C615AE93268A186585C /* ServiceManagement.framework */ = {isa = PBXFileReference; lastKnownFileType = wrapper.framework; name = ServiceManagement.framework; path = System/Library/Frameworks/ServiceManagement.framework; sourceTree = SDKROOT; };
		A0F8CAA723ECE90E00BDC978 /* KeyameleonGeneralSettingsModelTests.swift */ = {isa = PBXFileReference; lastKnownFileType = sourcecode.swift; path = KeyameleonGeneralSettingsModelTests.swift; sourceTree = "<group>"; };
		AC6BDE001E72B645ABFC8A82 /* Security.framework */ = {isa = PBXFileReference; lastKnownFileType = wrapper.framework; name = Security.framework; path = System/Library/Frameworks/Security.framework; sourceTree = SDKROOT; };
		B29DF815D1A244C353EB07D1 /* KeyameleonGeneralSettingsModel.swift */ = {isa = PBXFileReference; lastKnownFileType = sourcecode.swift; path = KeyameleonGeneralSettingsModel.swift; sourceTree = "<group>"; };
		B6034CBE585B5BDE6DABD1D7 /* KeyameleonRootView.swift */ = {isa = PBXFileReference; lastKnownFileType = sourcecode.swift; path = KeyameleonRootView.swift; sourceTree = "<group>"; };
		B80C218A83568F7AE64B6BC4 /* KeyameleonUpdateChecker.swift */ = {isa = PBXFileReference; lastKnownFileType = sourcecode.swift; path = KeyameleonUpdateChecker.swift; sourceTree = "<group>"; };
		B8B6F299CFBCDC378DA2681F /* KeyameleonPhysicalKeyboard.swift */ = {isa = PBXFileReference; lastKnownFileType = sourcecode.swift; path = KeyameleonPhysicalKeyboard.swift; sourceTree = "<group>"; };
		C3717701D6FEDD31599EE22D /* KeyameleonConvergenceTests.swift */ = {isa = PBXFileReference; lastKnownFileType = sourcecode.swift; path = KeyameleonConvergenceTests.swift; sourceTree = "<group>"; };
		C79EA503C879924C491405AE /* KeyameleonInputSource.swift */ = {isa = PBXFileReference; lastKnownFileType = sourcecode.swift; path = KeyameleonInputSource.swift; sourceTree = "<group>"; };
		D1E005BC7B367BC78C0690C6 /* KeyameleonSwiftTesting.xctest */ = {isa = PBXFileReference; explicitFileType = wrapper.cfbundle; includeInIndex = 0; path = KeyameleonSwiftTesting.xctest; sourceTree = BUILT_PRODUCTS_DIR; };
		D889483CA7E502D0C27E9B28 /* KeyameleonMenuFirstTests.swift */ = {isa = PBXFileReference; lastKnownFileType = sourcecode.swift; path = KeyameleonMenuFirstTests.swift; sourceTree = "<group>"; };
		DD858A3F7B73F1B2C9FA633F /* KeyameleonXCTest.xctest */ = {isa = PBXFileReference; explicitFileType = wrapper.cfbundle; includeInIndex = 0; path = KeyameleonXCTest.xctest; sourceTree = BUILT_PRODUCTS_DIR; };
		DF48C1B233A365B38C8A0DE8 /* KeyameleonManualPhysicalKeyboardDesignationStore.swift */ = {isa = PBXFileReference; lastKnownFileType = sourcecode.swift; path = KeyameleonManualPhysicalKeyboardDesignationStore.swift; sourceTree = "<group>"; };
		E866BDFB5D4377E15825F6E8 /* KeyameleonAppMetadata.swift */ = {isa = PBXFileReference; lastKnownFileType = sourcecode.swift; path = KeyameleonAppMetadata.swift; sourceTree = "<group>"; };
		EA897BE4CBB778D820C81139 /* KeyameleonManualPhysicalKeyboardDesignation.swift */ = {isa = PBXFileReference; lastKnownFileType = sourcecode.swift; path = KeyameleonManualPhysicalKeyboardDesignation.swift; sourceTree = "<group>"; };
		EEC7358858FE9ED01078060A /* KeyameleonLifecycleUITests.swift */ = {isa = PBXFileReference; lastKnownFileType = sourcecode.swift; path = KeyameleonLifecycleUITests.swift; sourceTree = "<group>"; };
		F0F83338ABBB24B7EB3AD021 /* KeyameleonPhysicalKeyboardEvent.swift */ = {isa = PBXFileReference; lastKnownFileType = sourcecode.swift; path = KeyameleonPhysicalKeyboardEvent.swift; sourceTree = "<group>"; };
		F2F89B01FA50D2E2724A74C3 /* AppKit.framework */ = {isa = PBXFileReference; lastKnownFileType = wrapper.framework; name = AppKit.framework; path = System/Library/Frameworks/AppKit.framework; sourceTree = SDKROOT; };
		FAF64CA3A3802AD87234A325 /* SwiftUI.framework */ = {isa = PBXFileReference; lastKnownFileType = wrapper.framework; name = SwiftUI.framework; path = System/Library/Frameworks/SwiftUI.framework; sourceTree = SDKROOT; };
/* End PBXFileReference section */

/* Begin PBXFrameworksBuildPhase section */
		3DFAEBEB2F554425B022A83B /* Frameworks */ = {
			isa = PBXFrameworksBuildPhase;
			buildActionMask = 2147483647;
			files = (
				34EFF25115723D444C623637 /* Sparkle in Frameworks */,
				CC4D4CD3FDBEABF26DFD8779 /* AppKit.framework in Frameworks */,
				15EADB73F954D79F813518EC /* Carbon.framework in Frameworks */,
				801C74CE0102A0B052B40287 /* CoreHID.framework in Frameworks */,
				090EBFE10ACB9E267ED15570 /* CryptoKit.framework in Frameworks */,
				ACA1D2A2F87C1D348122EE23 /* IOKit.framework in Frameworks */,
				49316C09EF30EEB66F3802AF /* Security.framework in Frameworks */,
				48015E432FD28317B7DD5C50 /* ServiceManagement.framework in Frameworks */,
				64E3E73BCBE33BBF8DA964B2 /* SwiftData.framework in Frameworks */,
				91E6DD5CBEB5B2DAE4AC91F1 /* SwiftUI.framework in Frameworks */,
			);
			runOnlyForDeploymentPostprocessing = 0;
		};
/* End PBXFrameworksBuildPhase section */

/* Begin PBXGroup section */
		0FBEA2F3C13CDFD006D682CC /* XCTest */ = {
			isa = PBXGroup;
			children = (
				02455F8A5A118EF76B787E5D /* KeyameleonApplicationTests.swift */,
			);
			path = XCTest;
			sourceTree = "<group>";
		};
		417F71DE12F09AD13001B515 /* Frameworks */ = {
			isa = PBXGroup;
			children = (
				F2F89B01FA50D2E2724A74C3 /* AppKit.framework */,
				5225FE09338A066FF3E0C002 /* Carbon.framework */,
				77C809ABBA1C70D9822B5BA5 /* CoreHID.framework */,
				292B87F6B6EB98598837DB1B /* CryptoKit.framework */,
				27C9E4BB494DF1AF4ED49BA1 /* IOKit.framework */,
				AC6BDE001E72B645ABFC8A82 /* Security.framework */,
				9D397C615AE93268A186585C /* ServiceManagement.framework */,
				81634072FBBCD7BCF66DC8CC /* SwiftData.framework */,
				FAF64CA3A3802AD87234A325 /* SwiftUI.framework */,
			);
			name = Frameworks;
			sourceTree = "<group>";
		};
		53C95B12FF24EACFD405BBEB /* Products */ = {
			isa = PBXGroup;
			children = (
				967B7E1070DD4601582EE6C6 /* Keyameleon.app */,
				D1E005BC7B367BC78C0690C6 /* KeyameleonSwiftTesting.xctest */,
				7BF17EC7F54B997EE0DDAFAE /* KeyameleonUITests.xctest */,
				DD858A3F7B73F1B2C9FA633F /* KeyameleonXCTest.xctest */,
			);
			name = Products;
			sourceTree = "<group>";
		};
		54FC5C45679D80C154ECCC61 /* UI */ = {
			isa = PBXGroup;
			children = (
				192B0AA0A94FCF33D18120BD /* KeyameleonGeneralSettingsView.swift */,
				B6034CBE585B5BDE6DABD1D7 /* KeyameleonRootView.swift */,
			);
			path = UI;
			sourceTree = "<group>";
		};
		6D27DD524F53C9F5FAFBBC8A = {
			isa = PBXGroup;
			children = (
				BF3878F1C20B19C018283AA5 /* Sources */,
				AA13A857CCEB8354237B20DE /* Tests */,
				417F71DE12F09AD13001B515 /* Frameworks */,
				53C95B12FF24EACFD405BBEB /* Products */,
			);
			sourceTree = "<group>";
		};
		7164BA534929CE29C1EACE17 /* App */ = {
			isa = PBXGroup;
			children = (
				077A1A619B7B568508D1505F /* Info.plist */,
				925B8730799DFF8411FF94FF /* KeyameleonApp.swift */,
				8390A0559D913FCE3B8443D0 /* KeyameleonApplicationDelegate.swift */,
				8C51CA1E8A18EEA8BEA32C1D /* KeyameleonDiagnosticDataService.swift */,
				2F5731D1B47F9F27209506F7 /* KeyameleonDiagnosticDataStore.swift */,
				B29DF815D1A244C353EB07D1 /* KeyameleonGeneralSettingsModel.swift */,
				963A3486E0561CC765074E65 /* KeyameleonInputSources.swift */,
				6DBBF241A3ACCB6EB4B23B99 /* KeyameleonInstallationIntegrityKey.swift */,
				6F33EBC2EEBE9B17D8ABBF6F /* KeyameleonLaunchAtLogin.swift */,
				6475575EBEE7BF6A2A569696 /* KeyameleonListenPermission.swift */,
				DF48C1B233A365B38C8A0DE8 /* KeyameleonManualPhysicalKeyboardDesignationStore.swift */,
				18397DF8FD0876C66C5EAA37 /* KeyameleonPhysicalKeyboardDiscovery.swift */,
				70F0FD9FD44BC881C85C57D4 /* KeyameleonPhysicalKeyboardEventObserver.swift */,
				3632ABCF441FFA56C14EF59F /* KeyameleonPhysicalKeyboardStore.swift */,
				31D4DC9D2C8B0CA0754D04CE /* KeyameleonSetupModel.swift */,
				B80C218A83568F7AE64B6BC4 /* KeyameleonUpdateChecker.swift */,
				07F9918A3CBD5830F8FB513A /* KeyameleonWindowController.swift */,
			);
			path = App;
			sourceTree = "<group>";
		};
		7CEF334DA8BDA8BB2B9CBAB8 /* Domain */ = {
			isa = PBXGroup;
			children = (
				E866BDFB5D4377E15825F6E8 /* KeyameleonAppMetadata.swift */,
				0564DEACB278CD01A3E12140 /* KeyameleonDiagnosticData.swift */,
				C79EA503C879924C491405AE /* KeyameleonInputSource.swift */,
				EA897BE4CBB778D820C81139 /* KeyameleonManualPhysicalKeyboardDesignation.swift */,
				B8B6F299CFBCDC378DA2681F /* KeyameleonPhysicalKeyboard.swift */,
				F0F83338ABBB24B7EB3AD021 /* KeyameleonPhysicalKeyboardEvent.swift */,
				189C50D0A9824D1363633125 /* KeyameleonSwitchingStatus.swift */,
				7EE076B24D568AB39A956734 /* KeyameleonSwitchingWarning.swift */,
				2081CDA9B0A44E57A812562D /* KeyameleonUpdatePolicy.swift */,
			);
			path = Domain;
			sourceTree = "<group>";
		};
		A04569F39B68F25EDADE4039 /* UITests */ = {
			isa = PBXGroup;
			children = (
				EEC7358858FE9ED01078060A /* KeyameleonLifecycleUITests.swift */,
			);
			path = UITests;
			sourceTree = "<group>";
		};
		AA13A857CCEB8354237B20DE /* Tests */ = {
			isa = PBXGroup;
			children = (
				F86EC0BFB9FD4FC6CCEA2463 /* SwiftTesting */,
				A04569F39B68F25EDADE4039 /* UITests */,
				0FBEA2F3C13CDFD006D682CC /* XCTest */,
			);
			path = Tests;
			sourceTree = "<group>";
		};
		BF3878F1C20B19C018283AA5 /* Sources */ = {
			isa = PBXGroup;
			children = (
				7164BA534929CE29C1EACE17 /* App */,
				7CEF334DA8BDA8BB2B9CBAB8 /* Domain */,
				54FC5C45679D80C154ECCC61 /* UI */,
			);
			path = Sources;
			sourceTree = "<group>";
		};
		F86EC0BFB9FD4FC6CCEA2463 /* SwiftTesting */ = {
			isa = PBXGroup;
			children = (
				4D54E9681097A8CC3525C174 /* KeyameleonActivationActivityTests.swift */,
				10A6D03C52349B7198BF3887 /* KeyameleonAppMetadataTests.swift */,
				8A5D9B212C3318CABB8BF0B9 /* KeyameleonAssignmentTests.swift */,
				C3717701D6FEDD31599EE22D /* KeyameleonConvergenceTests.swift */,
				0FFA3A9EC9C29FDF5FBBFBBD /* KeyameleonDiagnosticDataTests.swift */,
				88866B9159B0A6585EC96F97 /* KeyameleonDiscoveryTests.swift */,
				A0F8CAA723ECE90E00BDC978 /* KeyameleonGeneralSettingsModelTests.swift */,
				70E129C8285C1318793290B4 /* KeyameleonLifecycleTests.swift */,
				0BFFF3CD0B32C589C92BFDAD /* KeyameleonManualDesignationTests.swift */,
				D889483CA7E502D0C27E9B28 /* KeyameleonMenuFirstTests.swift */,
				1CF4D70E4DCCA357D1A0A5BB /* KeyameleonRecoveryTests.swift */,
				650A12F9B9110E74EE8C47D7 /* KeyameleonSetupModelTests.swift */,
				0E0BF5042B79F5BA8910EB10 /* KeyameleonSwitchingTests.swift */,
				96F30EE88E711A8C9ACA5731 /* KeyameleonUpdatePolicyTests.swift */,
			);
			path = SwiftTesting;
			sourceTree = "<group>";
		};
/* End PBXGroup section */

/* Begin PBXNativeTarget section */
		40DDE6048205B37DA81AF2F4 /* KeyameleonXCTest */ = {
			isa = PBXNativeTarget;
			buildConfigurationList = 8342BE87378712D004A55937 /* Build configuration list for PBXNativeTarget "KeyameleonXCTest" */;
			buildPhases = (
				1667DF31532B9F76F7F42188 /* Sources */,
			);
			buildRules = (
			);
			dependencies = (
				35D7537BF190FEFCF68CDCC8 /* PBXTargetDependency */,
			);
			name = KeyameleonXCTest;
			packageProductDependencies = (
			);
			productName = KeyameleonXCTest;
			productReference = DD858A3F7B73F1B2C9FA633F /* KeyameleonXCTest.xctest */;
			productType = "com.apple.product-type.bundle.unit-test";
		};
		9E7EDED31AFEE7EDAE98DE54 /* KeyameleonUITests */ = {
			isa = PBXNativeTarget;
			buildConfigurationList = D62A17E11D80376E13289228 /* Build configuration list for PBXNativeTarget "KeyameleonUITests" */;
			buildPhases = (
				D0555ED5DAECE538FDBA874E /* Sources */,
			);
			buildRules = (
			);
			dependencies = (
				12E91BE96366BD983B9DB67C /* PBXTargetDependency */,
			);
			name = KeyameleonUITests;
			packageProductDependencies = (
			);
			productName = KeyameleonUITests;
			productReference = 7BF17EC7F54B997EE0DDAFAE /* KeyameleonUITests.xctest */;
			productType = "com.apple.product-type.bundle.ui-testing";
		};
		BC118DDA889522C04EAB366C /* KeyameleonSwiftTesting */ = {
			isa = PBXNativeTarget;
			buildConfigurationList = CEABDCF50BD0B7FBE7504D5F /* Build configuration list for PBXNativeTarget "KeyameleonSwiftTesting" */;
			buildPhases = (
				1A030A717CD420EC1FFE6D11 /* Sources */,
			);
			buildRules = (
			);
			dependencies = (
				CE4BB9F28A6C1FE9F8BD8A62 /* PBXTargetDependency */,
			);
			name = KeyameleonSwiftTesting;
			packageProductDependencies = (
			);
			productName = KeyameleonSwiftTesting;
			productReference = D1E005BC7B367BC78C0690C6 /* KeyameleonSwiftTesting.xctest */;
			productType = "com.apple.product-type.bundle.unit-test";
		};
		D7B1A298244D4331D2678655 /* Keyameleon */ = {
			isa = PBXNativeTarget;
			buildConfigurationList = 81AF15269B0CE5F92C7A4ACF /* Build configuration list for PBXNativeTarget "Keyameleon" */;
			buildPhases = (
				0EAE7CB37FFE17480F40FBA4 /* Sources */,
				3DFAEBEB2F554425B022A83B /* Frameworks */,
			);
			buildRules = (
			);
			dependencies = (
			);
			name = Keyameleon;
			packageProductDependencies = (
				F3881EDB96F08B18FD0F617B /* Sparkle */,
			);
			productName = Keyameleon;
			productReference = 967B7E1070DD4601582EE6C6 /* Keyameleon.app */;
			productType = "com.apple.product-type.application";
		};
/* End PBXNativeTarget section */

/* Begin PBXProject section */
		17F49B025803125E5ABBCD4C /* Project object */ = {
			isa = PBXProject;
			attributes = {
				BuildIndependentTargetsInParallel = YES;
				LastUpgradeCheck = 1430;
				TargetAttributes = {
					40DDE6048205B37DA81AF2F4 = {
						ProvisioningStyle = Manual;
					};
					9E7EDED31AFEE7EDAE98DE54 = {
						ProvisioningStyle = Manual;
						TestTargetID = D7B1A298244D4331D2678655;
					};
					BC118DDA889522C04EAB366C = {
						ProvisioningStyle = Manual;
					};
					D7B1A298244D4331D2678655 = {
						ProvisioningStyle = Manual;
					};
				};
			};
			buildConfigurationList = 7638AEB52380FF81AE7DDDF1 /* Build configuration list for PBXProject "Keyameleon" */;
			developmentRegion = en;
			hasScannedForEncodings = 0;
			knownRegions = (
				Base,
				en,
			);
			mainGroup = 6D27DD524F53C9F5FAFBBC8A;
			minimizedProjectReferenceProxies = 1;
			packageReferences = (
				F43A7BD8D019CCACE99189E8 /* XCRemoteSwiftPackageReference "Sparkle" */,
			);
			preferredProjectObjectVersion = 77;
			productRefGroup = 53C95B12FF24EACFD405BBEB /* Products */;
			projectDirPath = "";
			projectRoot = "";
			targets = (
				D7B1A298244D4331D2678655 /* Keyameleon */,
				BC118DDA889522C04EAB366C /* KeyameleonSwiftTesting */,
				9E7EDED31AFEE7EDAE98DE54 /* KeyameleonUITests */,
				40DDE6048205B37DA81AF2F4 /* KeyameleonXCTest */,
			);
		};
/* End PBXProject section */

/* Begin PBXSourcesBuildPhase section */
		0EAE7CB37FFE17480F40FBA4 /* Sources */ = {
			isa = PBXSourcesBuildPhase;
			buildActionMask = 2147483647;
			files = (
				84C64FB9DA6AC5FFCA575DE3 /* KeyameleonApp.swift in Sources */,
				6A55073B7C935715A040BE0E /* KeyameleonAppMetadata.swift in Sources */,
				8EACA5A3486235A102A93F44 /* KeyameleonApplicationDelegate.swift in Sources */,
				516B77846CF8FF3C6009DE4E /* KeyameleonDiagnosticData.swift in Sources */,
				9BFB9E9D57F795F1CCB9DC50 /* KeyameleonDiagnosticDataService.swift in Sources */,
				1DE711112C0D275511B175F8 /* KeyameleonDiagnosticDataStore.swift in Sources */,
				20D047C8389D5AFAF0640BF9 /* KeyameleonGeneralSettingsModel.swift in Sources */,
				8E983EC936ED3F0E0C5AD299 /* KeyameleonGeneralSettingsView.swift in Sources */,
				2A917419870E1F12F7352151 /* KeyameleonInputSource.swift in Sources */,
				C5FC705A3DCC9EA289FB584E /* KeyameleonInputSources.swift in Sources */,
				FDBB6A4A4F136B8BF0BDD4F6 /* KeyameleonInstallationIntegrityKey.swift in Sources */,
				40DC297BC0EA599BD7E9FEA1 /* KeyameleonLaunchAtLogin.swift in Sources */,
				CD1C2DDAB16D3B146EFAFD7F /* KeyameleonListenPermission.swift in Sources */,
				588AEEC8028F572802815C28 /* KeyameleonManualPhysicalKeyboardDesignation.swift in Sources */,
				D46B44D887E9DE63B1755C71 /* KeyameleonManualPhysicalKeyboardDesignationStore.swift in Sources */,
				2F772A5C5A011DD27D15C5A5 /* KeyameleonPhysicalKeyboard.swift in Sources */,
				612CF8D5C63F09DBA398E9E1 /* KeyameleonPhysicalKeyboardDiscovery.swift in Sources */,
				D41985F4FF41494929419AA0 /* KeyameleonPhysicalKeyboardEvent.swift in Sources */,
				BAAD4D6E6FB90A5B0E638646 /* KeyameleonPhysicalKeyboardEventObserver.swift in Sources */,
				388F2269E6A2FBE054E99FB3 /* KeyameleonPhysicalKeyboardStore.swift in Sources */,
				6D67ADBC82EE41FDDA9A5B8E /* KeyameleonRootView.swift in Sources */,
				F1001B00808797A53CE099F1 /* KeyameleonSetupModel.swift in Sources */,
				89248556B72E49496DB74733 /* KeyameleonSwitchingStatus.swift in Sources */,
				EED468949187C67A79BA8CB8 /* KeyameleonSwitchingWarning.swift in Sources */,
				FAF3D1E884E7C6DE459777C2 /* KeyameleonUpdateChecker.swift in Sources */,
				1E16D110159043AA38790E18 /* KeyameleonUpdatePolicy.swift in Sources */,
				C8FA0F1AE962C4AEC32A0A92 /* KeyameleonWindowController.swift in Sources */,
			);
			runOnlyForDeploymentPostprocessing = 0;
		};
		1667DF31532B9F76F7F42188 /* Sources */ = {
			isa = PBXSourcesBuildPhase;
			buildActionMask = 2147483647;
			files = (
				68B0BFAA11F7BEDA4AC8975D /* KeyameleonApplicationTests.swift in Sources */,
			);
			runOnlyForDeploymentPostprocessing = 0;
		};
		1A030A717CD420EC1FFE6D11 /* Sources */ = {
			isa = PBXSourcesBuildPhase;
			buildActionMask = 2147483647;
			files = (
				19105A3BEAA212153F549A0C /* KeyameleonActivationActivityTests.swift in Sources */,
				F86C0383C89A4A0E94C568D0 /* KeyameleonAppMetadataTests.swift in Sources */,
				FC880075EE67A5A5FA744D72 /* KeyameleonAssignmentTests.swift in Sources */,
				81A347D0DE33A570AAA7A2A8 /* KeyameleonConvergenceTests.swift in Sources */,
				B4E6FAC420FB0A2DB154C3F3 /* KeyameleonDiagnosticDataTests.swift in Sources */,
				D75FC4D1B672A7915B4FBBF8 /* KeyameleonDiscoveryTests.swift in Sources */,
				C9A6F7A5181A79349C54433E /* KeyameleonGeneralSettingsModelTests.swift in Sources */,
				E0E9C09796EBA40EAEE859AD /* KeyameleonLifecycleTests.swift in Sources */,
				1919833FBC28953D1F949857 /* KeyameleonManualDesignationTests.swift in Sources */,
				CD9563FE2B8CB9A7C0314560 /* KeyameleonMenuFirstTests.swift in Sources */,
				9F89399E267EDDEB250AB55B /* KeyameleonRecoveryTests.swift in Sources */,
				6E2D93F070236754E195DE79 /* KeyameleonSetupModelTests.swift in Sources */,
				62B876A3340C8FB20074FAD9 /* KeyameleonSwitchingTests.swift in Sources */,
				7AFED4BB50BA10B468DB1D23 /* KeyameleonUpdatePolicyTests.swift in Sources */,
			);
			runOnlyForDeploymentPostprocessing = 0;
		};
		D0555ED5DAECE538FDBA874E /* Sources */ = {
			isa = PBXSourcesBuildPhase;
			buildActionMask = 2147483647;
			files = (
				09A8E2280F073308A73D54C1 /* KeyameleonLifecycleUITests.swift in Sources */,
			);
			runOnlyForDeploymentPostprocessing = 0;
		};
/* End PBXSourcesBuildPhase section */

/* Begin PBXTargetDependency section */
		12E91BE96366BD983B9DB67C /* PBXTargetDependency */ = {
			isa = PBXTargetDependency;
			target = D7B1A298244D4331D2678655 /* Keyameleon */;
			targetProxy = D07789ECD894B6BCEB9EA519 /* PBXContainerItemProxy */;
		};
		35D7537BF190FEFCF68CDCC8 /* PBXTargetDependency */ = {
			isa = PBXTargetDependency;
			target = D7B1A298244D4331D2678655 /* Keyameleon */;
			targetProxy = 62FB124316A61CE353FCFE6C /* PBXContainerItemProxy */;
		};
		CE4BB9F28A6C1FE9F8BD8A62 /* PBXTargetDependency */ = {
			isa = PBXTargetDependency;
			target = D7B1A298244D4331D2678655 /* Keyameleon */;
			targetProxy = FB198F04415ABEB102418C3F /* PBXContainerItemProxy */;
		};
/* End PBXTargetDependency section */

/* Begin XCBuildConfiguration section */
		129D3100D43ECD4BEB65FA8C /* Debug */ = {
			isa = XCBuildConfiguration;
			buildSettings = {
				BUNDLE_LOADER = "$(TEST_HOST)";
				COMBINE_HIDPI_IMAGES = YES;
				GENERATE_INFOPLIST_FILE = YES;
				LD_RUNPATH_SEARCH_PATHS = (
					"$(inherited)",
					"@executable_path/../Frameworks",
					"@loader_path/../Frameworks",
				);
				PRODUCT_BUNDLE_IDENTIFIER = "dev.fedemas.keyameleon.tests.swift-testing";
				SDKROOT = macosx;
				TEST_HOST = "$(BUILT_PRODUCTS_DIR)/Keyameleon.app/Contents/MacOS/Keyameleon";
			};
			name = Debug;
		};
		1326138679CFD48417856D1B /* Release */ = {
			isa = XCBuildConfiguration;
			buildSettings = {
				ASSETCATALOG_COMPILER_APPICON_NAME = AppIcon;
				COMBINE_HIDPI_IMAGES = YES;
				GENERATE_INFOPLIST_FILE = YES;
				INFOPLIST_FILE = Sources/App/Info.plist;
				INFOPLIST_KEY_CFBundleDisplayName = Keyameleon;
				INFOPLIST_KEY_LSUIElement = YES;
				LD_RUNPATH_SEARCH_PATHS = (
					"$(inherited)",
					"@executable_path/../Frameworks",
				);
				PRODUCT_BUNDLE_IDENTIFIER = dev.fedemas.keyameleon;
				PRODUCT_NAME = Keyameleon;
				SDKROOT = macosx;
			};
			name = Release;
		};
		2D06E286C10696E74C1E7222 /* Release */ = {
			isa = XCBuildConfiguration;
			buildSettings = {
				ALWAYS_SEARCH_USER_PATHS = NO;
				CLANG_ANALYZER_NONNULL = YES;
				CLANG_ANALYZER_NUMBER_OBJECT_CONVERSION = YES_AGGRESSIVE;
				CLANG_CXX_LANGUAGE_STANDARD = "gnu++14";
				CLANG_CXX_LIBRARY = "libc++";
				CLANG_ENABLE_MODULES = YES;
				CLANG_ENABLE_OBJC_ARC = YES;
				CLANG_ENABLE_OBJC_WEAK = YES;
				CLANG_WARN_BLOCK_CAPTURE_AUTORELEASING = YES;
				CLANG_WARN_BOOL_CONVERSION = YES;
				CLANG_WARN_COMMA = YES;
				CLANG_WARN_CONSTANT_CONVERSION = YES;
				CLANG_WARN_DEPRECATED_OBJC_IMPLEMENTATIONS = YES;
				CLANG_WARN_DIRECT_OBJC_ISA_USAGE = YES_ERROR;
				CLANG_WARN_DOCUMENTATION_COMMENTS = YES;
				CLANG_WARN_EMPTY_BODY = YES;
				CLANG_WARN_ENUM_CONVERSION = YES;
				CLANG_WARN_INFINITE_RECURSION = YES;
				CLANG_WARN_INT_CONVERSION = YES;
				CLANG_WARN_NON_LITERAL_NULL_CONVERSION = YES;
				CLANG_WARN_OBJC_IMPLICIT_RETAIN_SELF = YES;
				CLANG_WARN_OBJC_LITERAL_CONVERSION = YES;
				CLANG_WARN_OBJC_ROOT_CLASS = YES_ERROR;
				CLANG_WARN_QUOTED_INCLUDE_IN_FRAMEWORK_HEADER = YES;
				CLANG_WARN_RANGE_LOOP_ANALYSIS = YES;
				CLANG_WARN_STRICT_PROTOTYPES = YES;
				CLANG_WARN_SUSPICIOUS_MOVE = YES;
				CLANG_WARN_UNGUARDED_AVAILABILITY = YES_AGGRESSIVE;
				CLANG_WARN_UNREACHABLE_CODE = YES;
				CLANG_WARN__DUPLICATE_METHOD_MATCH = YES;
				CODE_SIGNING_REQUIRED = NO;
				CODE_SIGN_IDENTITY = "-";
				CODE_SIGN_STYLE = Manual;
				COPY_PHASE_STRIP = NO;
				CURRENT_PROJECT_VERSION = 1;
				DEBUG_INFORMATION_FORMAT = "dwarf-with-dsym";
				ENABLE_HARDENED_RUNTIME = YES;
				ENABLE_NS_ASSERTIONS = NO;
				ENABLE_STRICT_OBJC_MSGSEND = YES;
				GCC_C_LANGUAGE_STANDARD = gnu11;
				GCC_NO_COMMON_BLOCKS = YES;
				GCC_TREAT_WARNINGS_AS_ERRORS = YES;
				GCC_WARN_64_TO_32_BIT_CONVERSION = YES;
				GCC_WARN_ABOUT_RETURN_TYPE = YES_ERROR;
				GCC_WARN_UNDECLARED_SELECTOR = YES;
				GCC_WARN_UNINITIALIZED_AUTOS = YES_AGGRESSIVE;
				GCC_WARN_UNUSED_FUNCTION = YES;
				GCC_WARN_UNUSED_VARIABLE = YES;
				MACOSX_DEPLOYMENT_TARGET = 15.0;
				MARKETING_VERSION = 0.1.0;
				MTL_ENABLE_DEBUG_INFO = NO;
				MTL_FAST_MATH = YES;
				PRODUCT_NAME = "$(TARGET_NAME)";
				SDKROOT = macosx;
				SWIFT_COMPILATION_MODE = wholemodule;
				SWIFT_OPTIMIZATION_LEVEL = "-O";
				SWIFT_STRICT_CONCURRENCY = complete;
				SWIFT_TREAT_WARNINGS_AS_ERRORS = YES;
				SWIFT_VERSION = 6.0;
			};
			name = Release;
		};
		4315D0892B9A889F3B24E20B /* Debug */ = {
			isa = XCBuildConfiguration;
			buildSettings = {
				ALWAYS_SEARCH_USER_PATHS = NO;
				CLANG_ANALYZER_NONNULL = YES;
				CLANG_ANALYZER_NUMBER_OBJECT_CONVERSION = YES_AGGRESSIVE;
				CLANG_CXX_LANGUAGE_STANDARD = "gnu++14";
				CLANG_CXX_LIBRARY = "libc++";
				CLANG_ENABLE_MODULES = YES;
				CLANG_ENABLE_OBJC_ARC = YES;
				CLANG_ENABLE_OBJC_WEAK = YES;
				CLANG_WARN_BLOCK_CAPTURE_AUTORELEASING = YES;
				CLANG_WARN_BOOL_CONVERSION = YES;
				CLANG_WARN_COMMA = YES;
				CLANG_WARN_CONSTANT_CONVERSION = YES;
				CLANG_WARN_DEPRECATED_OBJC_IMPLEMENTATIONS = YES;
				CLANG_WARN_DIRECT_OBJC_ISA_USAGE = YES_ERROR;
				CLANG_WARN_DOCUMENTATION_COMMENTS = YES;
				CLANG_WARN_EMPTY_BODY = YES;
				CLANG_WARN_ENUM_CONVERSION = YES;
				CLANG_WARN_INFINITE_RECURSION = YES;
				CLANG_WARN_INT_CONVERSION = YES;
				CLANG_WARN_NON_LITERAL_NULL_CONVERSION = YES;
				CLANG_WARN_OBJC_IMPLICIT_RETAIN_SELF = YES;
				CLANG_WARN_OBJC_LITERAL_CONVERSION = YES;
				CLANG_WARN_OBJC_ROOT_CLASS = YES_ERROR;
				CLANG_WARN_QUOTED_INCLUDE_IN_FRAMEWORK_HEADER = YES;
				CLANG_WARN_RANGE_LOOP_ANALYSIS = YES;
				CLANG_WARN_STRICT_PROTOTYPES = YES;
				CLANG_WARN_SUSPICIOUS_MOVE = YES;
				CLANG_WARN_UNGUARDED_AVAILABILITY = YES_AGGRESSIVE;
				CLANG_WARN_UNREACHABLE_CODE = YES;
				CLANG_WARN__DUPLICATE_METHOD_MATCH = YES;
				CODE_SIGNING_REQUIRED = NO;
				CODE_SIGN_IDENTITY = "-";
				CODE_SIGN_STYLE = Manual;
				COPY_PHASE_STRIP = NO;
				CURRENT_PROJECT_VERSION = 1;
				DEBUG_INFORMATION_FORMAT = dwarf;
				ENABLE_HARDENED_RUNTIME = YES;
				ENABLE_STRICT_OBJC_MSGSEND = YES;
				ENABLE_TESTABILITY = YES;
				GCC_C_LANGUAGE_STANDARD = gnu11;
				GCC_DYNAMIC_NO_PIC = NO;
				GCC_NO_COMMON_BLOCKS = YES;
				GCC_OPTIMIZATION_LEVEL = 0;
				GCC_PREPROCESSOR_DEFINITIONS = (
					"$(inherited)",
					"DEBUG=1",
				);
				GCC_TREAT_WARNINGS_AS_ERRORS = YES;
				GCC_WARN_64_TO_32_BIT_CONVERSION = YES;
				GCC_WARN_ABOUT_RETURN_TYPE = YES_ERROR;
				GCC_WARN_UNDECLARED_SELECTOR = YES;
				GCC_WARN_UNINITIALIZED_AUTOS = YES_AGGRESSIVE;
				GCC_WARN_UNUSED_FUNCTION = YES;
				GCC_WARN_UNUSED_VARIABLE = YES;
				MACOSX_DEPLOYMENT_TARGET = 15.0;
				MARKETING_VERSION = 0.1.0;
				MTL_ENABLE_DEBUG_INFO = INCLUDE_SOURCE;
				MTL_FAST_MATH = YES;
				ONLY_ACTIVE_ARCH = YES;
				PRODUCT_NAME = "$(TARGET_NAME)";
				SDKROOT = macosx;
				SWIFT_ACTIVE_COMPILATION_CONDITIONS = DEBUG;
				SWIFT_OPTIMIZATION_LEVEL = "-Onone";
				SWIFT_STRICT_CONCURRENCY = complete;
				SWIFT_TREAT_WARNINGS_AS_ERRORS = YES;
				SWIFT_VERSION = 6.0;
			};
			name = Debug;
		};
		56BD1B3EA091D02346B5C763 /* Release */ = {
			isa = XCBuildConfiguration;
			buildSettings = {
				BUNDLE_LOADER = "$(TEST_HOST)";
				COMBINE_HIDPI_IMAGES = YES;
				GENERATE_INFOPLIST_FILE = YES;
				LD_RUNPATH_SEARCH_PATHS = (
					"$(inherited)",
					"@executable_path/../Frameworks",
					"@loader_path/../Frameworks",
				);
				PRODUCT_BUNDLE_IDENTIFIER = "dev.fedemas.keyameleon.tests.swift-testing";
				SDKROOT = macosx;
				TEST_HOST = "$(BUILT_PRODUCTS_DIR)/Keyameleon.app/Contents/MacOS/Keyameleon";
			};
			name = Release;
		};
		573ED7C061495B1BDBF4B002 /* Debug */ = {
			isa = XCBuildConfiguration;
			buildSettings = {
				BUNDLE_LOADER = "$(TEST_HOST)";
				COMBINE_HIDPI_IMAGES = YES;
				GENERATE_INFOPLIST_FILE = YES;
				LD_RUNPATH_SEARCH_PATHS = (
					"$(inherited)",
					"@executable_path/../Frameworks",
					"@loader_path/../Frameworks",
				);
				PRODUCT_BUNDLE_IDENTIFIER = dev.fedemas.keyameleon.tests.xctest;
				SDKROOT = macosx;
				TEST_HOST = "$(BUILT_PRODUCTS_DIR)/Keyameleon.app/Contents/MacOS/Keyameleon";
			};
			name = Debug;
		};
		6395F854E8D0DE5F7B229CAF /* Release */ = {
			isa = XCBuildConfiguration;
			buildSettings = {
				BUNDLE_LOADER = "$(TEST_HOST)";
				COMBINE_HIDPI_IMAGES = YES;
				ENABLE_HARDENED_RUNTIME = NO;
				GENERATE_INFOPLIST_FILE = YES;
				LD_RUNPATH_SEARCH_PATHS = (
					"$(inherited)",
					"@executable_path/Frameworks",
					"@loader_path/Frameworks",
				);
				PRODUCT_BUNDLE_IDENTIFIER = dev.fedemas.keyameleon.tests.ui;
				SDKROOT = macosx;
				TEST_TARGET_NAME = Keyameleon;
			};
			name = Release;
		};
		69C35E70D354FBF23A976F7E /* Debug */ = {
			isa = XCBuildConfiguration;
			buildSettings = {
				ASSETCATALOG_COMPILER_APPICON_NAME = AppIcon;
				COMBINE_HIDPI_IMAGES = YES;
				GENERATE_INFOPLIST_FILE = YES;
				INFOPLIST_FILE = Sources/App/Info.plist;
				INFOPLIST_KEY_CFBundleDisplayName = Keyameleon;
				INFOPLIST_KEY_LSUIElement = YES;
				LD_RUNPATH_SEARCH_PATHS = (
					"$(inherited)",
					"@executable_path/../Frameworks",
				);
				PRODUCT_BUNDLE_IDENTIFIER = dev.fedemas.keyameleon;
				PRODUCT_NAME = Keyameleon;
				SDKROOT = macosx;
			};
			name = Debug;
		};
		C41CDAF41A6D55837067C37C /* Release */ = {
			isa = XCBuildConfiguration;
			buildSettings = {
				BUNDLE_LOADER = "$(TEST_HOST)";
				COMBINE_HIDPI_IMAGES = YES;
				GENERATE_INFOPLIST_FILE = YES;
				LD_RUNPATH_SEARCH_PATHS = (
					"$(inherited)",
					"@executable_path/../Frameworks",
					"@loader_path/../Frameworks",
				);
				PRODUCT_BUNDLE_IDENTIFIER = dev.fedemas.keyameleon.tests.xctest;
				SDKROOT = macosx;
				TEST_HOST = "$(BUILT_PRODUCTS_DIR)/Keyameleon.app/Contents/MacOS/Keyameleon";
			};
			name = Release;
		};
		CAC42CDB4BA14BF34095B331 /* Debug */ = {
			isa = XCBuildConfiguration;
			buildSettings = {
				BUNDLE_LOADER = "$(TEST_HOST)";
				COMBINE_HIDPI_IMAGES = YES;
				ENABLE_HARDENED_RUNTIME = NO;
				GENERATE_INFOPLIST_FILE = YES;
				LD_RUNPATH_SEARCH_PATHS = (
					"$(inherited)",
					"@executable_path/Frameworks",
					"@loader_path/Frameworks",
				);
				PRODUCT_BUNDLE_IDENTIFIER = dev.fedemas.keyameleon.tests.ui;
				SDKROOT = macosx;
				TEST_TARGET_NAME = Keyameleon;
			};
			name = Debug;
		};
/* End XCBuildConfiguration section */

/* Begin XCConfigurationList section */
		7638AEB52380FF81AE7DDDF1 /* Build configuration list for PBXProject "Keyameleon" */ = {
			isa = XCConfigurationList;
			buildConfigurations = (
				4315D0892B9A889F3B24E20B /* Debug */,
				2D06E286C10696E74C1E7222 /* Release */,
			);
			defaultConfigurationIsVisible = 0;
			defaultConfigurationName = Debug;
		};
		81AF15269B0CE5F92C7A4ACF /* Build configuration list for PBXNativeTarget "Keyameleon" */ = {
			isa = XCConfigurationList;
			buildConfigurations = (
				69C35E70D354FBF23A976F7E /* Debug */,
				1326138679CFD48417856D1B /* Release */,
			);
			defaultConfigurationIsVisible = 0;
			defaultConfigurationName = Debug;
		};
		8342BE87378712D004A55937 /* Build configuration list for PBXNativeTarget "KeyameleonXCTest" */ = {
			isa = XCConfigurationList;
			buildConfigurations = (
				573ED7C061495B1BDBF4B002 /* Debug */,
				C41CDAF41A6D55837067C37C /* Release */,
			);
			defaultConfigurationIsVisible = 0;
			defaultConfigurationName = Debug;
		};
		CEABDCF50BD0B7FBE7504D5F /* Build configuration list for PBXNativeTarget "KeyameleonSwiftTesting" */ = {
			isa = XCConfigurationList;
			buildConfigurations = (
				129D3100D43ECD4BEB65FA8C /* Debug */,
				56BD1B3EA091D02346B5C763 /* Release */,
			);
			defaultConfigurationIsVisible = 0;
			defaultConfigurationName = Debug;
		};
		D62A17E11D80376E13289228 /* Build configuration list for PBXNativeTarget "KeyameleonUITests" */ = {
			isa = XCConfigurationList;
			buildConfigurations = (
				CAC42CDB4BA14BF34095B331 /* Debug */,
				6395F854E8D0DE5F7B229CAF /* Release */,
			);
			defaultConfigurationIsVisible = 0;
			defaultConfigurationName = Debug;
		};
/* End XCConfigurationList section */

/* Begin XCRemoteSwiftPackageReference section */
		F43A7BD8D019CCACE99189E8 /* XCRemoteSwiftPackageReference "Sparkle" */ = {
			isa = XCRemoteSwiftPackageReference;
			repositoryURL = "https://github.com/sparkle-project/Sparkle";
			requirement = {
				kind = upToNextMajorVersion;
				minimumVersion = 2.6.0;
			};
		};
/* End XCRemoteSwiftPackageReference section */

/* Begin XCSwiftPackageProductDependency section */
		F3881EDB96F08B18FD0F617B /* Sparkle */ = {
			isa = XCSwiftPackageProductDependency;
			package = F43A7BD8D019CCACE99189E8 /* XCRemoteSwiftPackageReference "Sparkle" */;
			productName = Sparkle;
		};
/* End XCSwiftPackageProductDependency section */
	};
	rootObject = 17F49B025803125E5ABBCD4C /* Project object */;
}
