// !$*UTF8*$!
{
	archiveVersion = 1;
	classes = {
	};
	objectVersion = 77;
	objects = {

/* Begin PBXBuildFile section */
		04162930FF10F1B98A52E8F8 /* SingleInstanceLock.swift in Sources */ = {isa = PBXBuildFile; fileRef = B105075353DFBDB5058B49E2 /* SingleInstanceLock.swift */; };
		07EB29A0188C360949C1E591 /* ReplaceSavedPhysicalKeyboardPickerView.swift in Sources */ = {isa = PBXBuildFile; fileRef = 4027C628E86898D2BC6C501A /* ReplaceSavedPhysicalKeyboardPickerView.swift */; };
		086A502C11A7329CD6C8DEAE /* SettingsSectionTests.swift in Sources */ = {isa = PBXBuildFile; fileRef = DF425BC7D36CBA1D5B92C911 /* SettingsSectionTests.swift */; };
		090EBFE10ACB9E267ED15570 /* CryptoKit.framework in Frameworks */ = {isa = PBXBuildFile; fileRef = 292B87F6B6EB98598837DB1B /* CryptoKit.framework */; };
		0D5990CDF78FCEC31E1BE3DE /* ConvergenceTests.swift in Sources */ = {isa = PBXBuildFile; fileRef = 72DD744E747781928ED46115 /* ConvergenceTests.swift */; };
		0FAC8B1929700E6E365E1D44 /* KeyameleonLogFile.swift in Sources */ = {isa = PBXBuildFile; fileRef = 94ED4AAD06D74E434418B863 /* KeyameleonLogFile.swift */; };
		0FECCB093604246B6608FD55 /* MenuBarPanelPreviews.swift in Sources */ = {isa = PBXBuildFile; fileRef = 60C37F30071FDD379B2A7118 /* MenuBarPanelPreviews.swift */; };
		11ED7611FEDA155DC96D5752 /* MenuBarPanelChrome.swift in Sources */ = {isa = PBXBuildFile; fileRef = 6C8AFAF78F5FABB017191BA6 /* MenuBarPanelChrome.swift */; };
		1341930774FE80E177471E32 /* ActivityTriggeredSwitchingOutcome.swift in Sources */ = {isa = PBXBuildFile; fileRef = EDFC11B06D43CE162B63261F /* ActivityTriggeredSwitchingOutcome.swift */; };
		1457ED960574959E7AEF05D5 /* SingleInstanceTests.swift in Sources */ = {isa = PBXBuildFile; fileRef = 6773D1959E48A99AC660107F /* SingleInstanceTests.swift */; };
		159B98D5103B09A498E7AAD6 /* KeyameleonLogLevel.swift in Sources */ = {isa = PBXBuildFile; fileRef = 04AA723EBE985D1DDC17F329 /* KeyameleonLogLevel.swift */; };
		15EADB73F954D79F813518EC /* Carbon.framework in Frameworks */ = {isa = PBXBuildFile; fileRef = 5225FE09338A066FF3E0C002 /* Carbon.framework */; };
		1AA27BA749DA8FBD0D8FCB9E /* PhysicalKeyboardStore.swift in Sources */ = {isa = PBXBuildFile; fileRef = B511C748DA6CA0346AF82293 /* PhysicalKeyboardStore.swift */; };
		20ACB033A217515B3E545CAC /* MenuBarPanelNoticeView.swift in Sources */ = {isa = PBXBuildFile; fileRef = 974256D0031FBD3AB7489104 /* MenuBarPanelNoticeView.swift */; };
		25585C64D960E44C5FE14C77 /* SetupModel.swift in Sources */ = {isa = PBXBuildFile; fileRef = E2346EDBABE7C49A31D94212 /* SetupModel.swift */; };
		296377FCFED883C896E32623 /* ManualPhysicalKeyboardDesignation.swift in Sources */ = {isa = PBXBuildFile; fileRef = 0E4A25E4C7869A3366B201DF /* ManualPhysicalKeyboardDesignation.swift */; };
		2BB4E861F71DA62BC5F2CAC8 /* MenuBarAssignmentSection.swift in Sources */ = {isa = PBXBuildFile; fileRef = 5014C6C08F2939E299149C5F /* MenuBarAssignmentSection.swift */; };
		2C7BC2E27A434F49F0D45F59 /* MenuBarAssignmentPill.swift in Sources */ = {isa = PBXBuildFile; fileRef = 4E27BD2B35874DAC97B53B75 /* MenuBarAssignmentPill.swift */; };
		2F431E03DC7F21EC31E7EAFF /* ProductionFactory.swift in Sources */ = {isa = PBXBuildFile; fileRef = 9163A19B113812EA758F0681 /* ProductionFactory.swift */; };
		34EFF25115723D444C623637 /* Sparkle in Frameworks */ = {isa = PBXBuildFile; productRef = F3881EDB96F08B18FD0F617B /* Sparkle */; };
		35E9CFDD030E21B10BA02FBF /* MenuBarPanelAccessibilityTests.swift in Sources */ = {isa = PBXBuildFile; fileRef = 77232F12327C5871ACA91EE6 /* MenuBarPanelAccessibilityTests.swift */; };
		3656B61C1A628539095079AB /* ApplicationDelegate+Configuration.swift in Sources */ = {isa = PBXBuildFile; fileRef = C97EE05448C4987184E170FA /* ApplicationDelegate+Configuration.swift */; };
		36F0019B86A7140B10EC0B34 /* UpdateChecker.swift in Sources */ = {isa = PBXBuildFile; fileRef = 1D1883A29573897172890DDD /* UpdateChecker.swift */; };
		37C869248005FB1AA4AAF94C /* HIDStreamRecoveryTests.swift in Sources */ = {isa = PBXBuildFile; fileRef = C3841004C81EB551B7007F30 /* HIDStreamRecoveryTests.swift */; };
		39C7507AE31DAD3D51E365B3 /* InputSource.swift in Sources */ = {isa = PBXBuildFile; fileRef = 8DA7DF2C1F3093153C905889 /* InputSource.swift */; };
		3AA7C66BB6A5489DD03D9A7D /* HIDStreamRecovery.swift in Sources */ = {isa = PBXBuildFile; fileRef = A3AAF2655E81E6DB349BE7EB /* HIDStreamRecovery.swift */; };
		3FCC0C2040726064934932F7 /* GeneralSettingsModel.swift in Sources */ = {isa = PBXBuildFile; fileRef = C03B481045B62F2980AD7C6B /* GeneralSettingsModel.swift */; };
		4144E7EF83996656F8F4A67E /* InputSources.swift in Sources */ = {isa = PBXBuildFile; fileRef = 85AC3C63FAF9FF0CD68A07E0 /* InputSources.swift */; };
		4367448567D5B04726C2B59F /* KeyameleonLogCategory.swift in Sources */ = {isa = PBXBuildFile; fileRef = E11732A28540429CEF805D4A /* KeyameleonLogCategory.swift */; };
		455423AFB2AE72DF834D98C7 /* AboutSettingsView.swift in Sources */ = {isa = PBXBuildFile; fileRef = 60D620AC36EA27D8F2AAB39D /* AboutSettingsView.swift */; };
		48015E432FD28317B7DD5C50 /* ServiceManagement.framework in Frameworks */ = {isa = PBXBuildFile; fileRef = 9D397C615AE93268A186585C /* ServiceManagement.framework */; };
		49316C09EF30EEB66F3802AF /* Security.framework in Frameworks */ = {isa = PBXBuildFile; fileRef = AC6BDE001E72B645ABFC8A82 /* Security.framework */; };
		4CDF5DC52582BF9C61F200A7 /* MenuBarPanelView.swift in Sources */ = {isa = PBXBuildFile; fileRef = B2187CBFC2E4C31121A67AAE /* MenuBarPanelView.swift */; };
		4E3F7FC607BD3E2CC2399318 /* View+Extension.swift in Sources */ = {isa = PBXBuildFile; fileRef = 337ED7456362DDDFDE630664 /* View+Extension.swift */; };
		527BD2B0EDC53489589D89E0 /* KeyameleonLog.swift in Sources */ = {isa = PBXBuildFile; fileRef = F260D47DE0A4E16CBDA1163E /* KeyameleonLog.swift */; };
		53924388EA332DF79586922F /* OnboardingView.swift in Sources */ = {isa = PBXBuildFile; fileRef = 1A6DB2E3039606970CA2C0BC /* OnboardingView.swift */; };
		53DAC0C0ACEFFC5D2629B5AE /* MenuBarAssignmentList.swift in Sources */ = {isa = PBXBuildFile; fileRef = 33E753CF14DC01BCC8D08D3D /* MenuBarAssignmentList.swift */; };
		545EFDC6FEA23FD31F3533EF /* RecoveryTests.swift in Sources */ = {isa = PBXBuildFile; fileRef = AB31A84BB22B2667D173FA24 /* RecoveryTests.swift */; };
		554C8F3D8C17C99970D0AABD /* ApplicationTests.swift in Sources */ = {isa = PBXBuildFile; fileRef = E5FAD46595D737ECDF9E6250 /* ApplicationTests.swift */; };
		58EC1137A62DC507B54BD186 /* ActivityTriggeredSwitchingTestSupport.swift in Sources */ = {isa = PBXBuildFile; fileRef = ADF493F86703E6756ECDE8B7 /* ActivityTriggeredSwitchingTestSupport.swift */; };
		5C23FF1807F448C6382CF3C0 /* Keyameleon-icon.icon in Resources */ = {isa = PBXBuildFile; fileRef = E6149CA42BF141280DF159F2 /* Keyameleon-icon.icon */; };
		5CDFD62C23A8F54415F01C5D /* ApplicationDelegate+Menu.swift in Sources */ = {isa = PBXBuildFile; fileRef = ACC728BFDBEAA5AFF42FCD74 /* ApplicationDelegate+Menu.swift */; };
		5E10210835C0A77985329259 /* ApplicationDelegate+Onboarding.swift in Sources */ = {isa = PBXBuildFile; fileRef = D811D3D81A95E3D70E7B4E75 /* ApplicationDelegate+Onboarding.swift */; };
		5E2E12D5555808F0931ABDF8 /* SettingsSection.swift in Sources */ = {isa = PBXBuildFile; fileRef = 2EBBE2F8099D138DBCFAC869 /* SettingsSection.swift */; };
		6144174388B5CF9A4A19C54C /* ReleasePolicyTests.swift in Sources */ = {isa = PBXBuildFile; fileRef = 36713BE2699501700BE41232 /* ReleasePolicyTests.swift */; };
		63436FC2E915F0B83273023C /* App.swift in Sources */ = {isa = PBXBuildFile; fileRef = 8AD8FB5FFB9840099C00C830 /* App.swift */; };
		64E3E73BCBE33BBF8DA964B2 /* SwiftData.framework in Frameworks */ = {isa = PBXBuildFile; fileRef = 81634072FBBCD7BCF66DC8CC /* SwiftData.framework */; };
		696C257B3027894F98A70B80 /* KeyboardAssignmentPickerView.swift in Sources */ = {isa = PBXBuildFile; fileRef = A026DD82D56CC75927527C54 /* KeyboardAssignmentPickerView.swift */; };
		6E6AE5997646E58C9C409CDC /* SwitchingStatus.swift in Sources */ = {isa = PBXBuildFile; fileRef = 9DF80C3CAC82D1C136650952 /* SwitchingStatus.swift */; };
		6FF404006B8CEF0ACCB33811 /* MenuBarPanelNotice.swift in Sources */ = {isa = PBXBuildFile; fileRef = 15D5F96A2362DECAA7C5162F /* MenuBarPanelNotice.swift */; };
		70F07E3878FB7A8185FCDD81 /* AboutFolderRow.swift in Sources */ = {isa = PBXBuildFile; fileRef = 31B1A81B1FF64DA2C31377B4 /* AboutFolderRow.swift */; };
		70F9C19E96F2EF3FEED1EB56 /* UpdatePolicy.swift in Sources */ = {isa = PBXBuildFile; fileRef = B795111210D68DF941CB9B7E /* UpdatePolicy.swift */; };
		72696326EB311035F8CE8AF8 /* SetupModelTests.swift in Sources */ = {isa = PBXBuildFile; fileRef = 18D81ECA454E56A9D56B8466 /* SetupModelTests.swift */; };
		746EC1F1EEE185B138668067 /* CompactAboutView.swift in Sources */ = {isa = PBXBuildFile; fileRef = 3BDCD437C487CEE1CEE71A22 /* CompactAboutView.swift */; };
		762BF4666C196B18B5920E39 /* Lifecycle.swift in Sources */ = {isa = PBXBuildFile; fileRef = 7C1FE0FC8CA921079CD4E263 /* Lifecycle.swift */; };
		7A8C6887DD7B079B13903F9B /* InstallationIntegrityKeychainTests.swift in Sources */ = {isa = PBXBuildFile; fileRef = E3644702DE9ECF41BBF61E2C /* InstallationIntegrityKeychainTests.swift */; };
		7B74D515AA0BE7872C38FE3A /* ApplicationDelegate+About.swift in Sources */ = {isa = PBXBuildFile; fileRef = 8159960A49C32C26041C5256 /* ApplicationDelegate+About.swift */; };
		801C74CE0102A0B052B40287 /* CoreHID.framework in Frameworks */ = {isa = PBXBuildFile; fileRef = 77C809ABBA1C70D9822B5BA5 /* CoreHID.framework */; };
		816EED0658604D04755487DD /* ActivityTriggeredSwitching.swift in Sources */ = {isa = PBXBuildFile; fileRef = 92EF1551942CBFC3BE80ED32 /* ActivityTriggeredSwitching.swift */; };
		8309BF672D1A39B73641312A /* LaunchAtLogin.swift in Sources */ = {isa = PBXBuildFile; fileRef = 981CB4EAD210A214863F3D5B /* LaunchAtLogin.swift */; };
		834DF00C1C733986A3439329 /* GeneralSettingsModelTests.swift in Sources */ = {isa = PBXBuildFile; fileRef = 11B88E798212B2B74226E09A /* GeneralSettingsModelTests.swift */; };
		889BA327EC6E1BBD455DF698 /* InstallationIntegrityKey.swift in Sources */ = {isa = PBXBuildFile; fileRef = BBCE22653E2FB600F2E5996C /* InstallationIntegrityKey.swift */; };
		8AF97F2BC8C162D8707950D8 /* PhysicalKeyboardEventObserver.swift in Sources */ = {isa = PBXBuildFile; fileRef = DDACC5F5FEE3354745017EE7 /* PhysicalKeyboardEventObserver.swift */; };
		8C38620B4630649C83BCC630 /* ReleasePolicy.swift in Sources */ = {isa = PBXBuildFile; fileRef = B121C255CD8D68E9673F4BA4 /* ReleasePolicy.swift */; };
		8E2A487FDBE6BB30222E2F7D /* ManualDesignationTests.swift in Sources */ = {isa = PBXBuildFile; fileRef = 34CCDD31AB22CC0C28426FAD /* ManualDesignationTests.swift */; };
		8EF3D718CC6D54910BF9AC35 /* AboutWindowController.swift in Sources */ = {isa = PBXBuildFile; fileRef = 9506787E8D42CD09D52DDF8C /* AboutWindowController.swift */; };
		906721B0DAE0F8DF5F7B2847 /* ApplicationDelegate.swift in Sources */ = {isa = PBXBuildFile; fileRef = BAFD6C2C12E6744103679EBE /* ApplicationDelegate.swift */; };
		90C39303017E76F46C4A13EF /* AppIdentity.swift in Sources */ = {isa = PBXBuildFile; fileRef = 8072A8E869541B47D522773D /* AppIdentity.swift */; };
		91E6DD5CBEB5B2DAE4AC91F1 /* SwiftUI.framework in Frameworks */ = {isa = PBXBuildFile; fileRef = FAF64CA3A3802AD87234A325 /* SwiftUI.framework */; };
		939E71CD62D4340FEBDB4BB4 /* UpdatePolicyTests.swift in Sources */ = {isa = PBXBuildFile; fileRef = E5868A989ABD180A75EA90AE /* UpdatePolicyTests.swift */; };
		99A02E0432C706B27AA974F3 /* ManualPhysicalKeyboardDesignationStore.swift in Sources */ = {isa = PBXBuildFile; fileRef = 4BD58202CA21D92931C62863 /* ManualPhysicalKeyboardDesignationStore.swift */; };
		9FDF6F39554FA2B0AB814980 /* MenuBarActionList.swift in Sources */ = {isa = PBXBuildFile; fileRef = 7FB0CFC4FB84DA213C85B8A1 /* MenuBarActionList.swift */; };
		A0A788E3E8075E65BD6A3D7B /* AssignmentTests.swift in Sources */ = {isa = PBXBuildFile; fileRef = B5ADE2BAB6057D00D67E9912 /* AssignmentTests.swift */; };
		A1D53B54EA46E21E4902916F /* MenuBarPanelTests.swift in Sources */ = {isa = PBXBuildFile; fileRef = 2780C6032D0F86AADE9642E3 /* MenuBarPanelTests.swift */; };
		A3E137E4ABBBA67A40696029 /* DiscoveryTests.swift in Sources */ = {isa = PBXBuildFile; fileRef = E868B26B27D3125241CB0611 /* DiscoveryTests.swift */; };
		A8C9BE46B10D1EFCDF98014D /* ListenPermission.swift in Sources */ = {isa = PBXBuildFile; fileRef = 538184558F7BE381E06F05FC /* ListenPermission.swift */; };
		A8F06A529BC74882213736CD /* KeyameleonPreviewFixtures.swift in Sources */ = {isa = PBXBuildFile; fileRef = F4F73947509CEE87F424B2BD /* KeyameleonPreviewFixtures.swift */; };
		A903A1EBFAF729A3578E75E7 /* menu_icon.pdf in Resources */ = {isa = PBXBuildFile; fileRef = DB91EEF94774F8CF12AB64D4 /* menu_icon.pdf */; };
		ACA1D2A2F87C1D348122EE23 /* IOKit.framework in Frameworks */ = {isa = PBXBuildFile; fileRef = 27C9E4BB494DF1AF4ED49BA1 /* IOKit.framework */; };
		AD7BA57DBD395917705D485E /* KeyameleonLogWriter.swift in Sources */ = {isa = PBXBuildFile; fileRef = 4C7BDAC18E923F6E0AF78EF7 /* KeyameleonLogWriter.swift */; };
		AEAC56554AE601A9C56E0B0A /* OperationalNotificationTests.swift in Sources */ = {isa = PBXBuildFile; fileRef = A47D7334D8A4FF439591212F /* OperationalNotificationTests.swift */; };
		B08F7BB22047CB1226D85DE0 /* ApplicationTestSupport.swift in Sources */ = {isa = PBXBuildFile; fileRef = 3FBA39498554B12B01D05986 /* ApplicationTestSupport.swift */; };
		B1871EB4E5B84A26E8799B32 /* SwitchingTests.swift in Sources */ = {isa = PBXBuildFile; fileRef = 7A6302DBBD0FD4448555FFA8 /* SwitchingTests.swift */; };
		B210CF1E13BBF10B3A99DB5C /* InputSourceSelectionPolicyTests.swift in Sources */ = {isa = PBXBuildFile; fileRef = FF3AA1C8CDDC99DBE211A276 /* InputSourceSelectionPolicyTests.swift */; };
		B5EC86AEFA479559EB8A8E80 /* MenuBarPanelController.swift in Sources */ = {isa = PBXBuildFile; fileRef = 3AF43CA4CDCBA6A5E9C39CB4 /* MenuBarPanelController.swift */; };
		B991A91F165AEE327285A2F3 /* KeyameleonRootView.swift in Sources */ = {isa = PBXBuildFile; fileRef = 11E7EF7669CDB881F2120DA4 /* KeyameleonRootView.swift */; };
		BCB7ACEA4648C2132116CC89 /* KeyameleonLogTests.swift in Sources */ = {isa = PBXBuildFile; fileRef = 7F3046374701BF7F84715A39 /* KeyameleonLogTests.swift */; };
		C0C969EF50297720863A4CF1 /* UserNotifications.framework in Frameworks */ = {isa = PBXBuildFile; fileRef = 96EAAA7C23460CFB5FE490B2 /* UserNotifications.framework */; };
		C141129AF9884DB0A559E5FE /* AppIdentityTests.swift in Sources */ = {isa = PBXBuildFile; fileRef = F20816E84928BD26D95B5E9C /* AppIdentityTests.swift */; };
		C3629FBFE85FABA73119A005 /* MenuBarPanelAccessibility.swift in Sources */ = {isa = PBXBuildFile; fileRef = 7CCC61240C377CC0B57490FF /* MenuBarPanelAccessibility.swift */; };
		C4DDC22710860BA8F3F25EAA /* OnboardingCopyTests.swift in Sources */ = {isa = PBXBuildFile; fileRef = 7CF1A47881BE8F265C0ABF3D /* OnboardingCopyTests.swift */; };
		C522B04A2BEA05735CAE3D57 /* OperationalNotifications.swift in Sources */ = {isa = PBXBuildFile; fileRef = 087A9F6493ECCA7F4B160D72 /* OperationalNotifications.swift */; };
		C6D58E6288F62F976CE92B16 /* ManualPhysicalKeyboardDesignationNameSheet.swift in Sources */ = {isa = PBXBuildFile; fileRef = 3993A82863458DEBF95D7B7C /* ManualPhysicalKeyboardDesignationNameSheet.swift */; };
		CBD20998292D3894F918B676 /* InputSourceSelectionPolicy.swift in Sources */ = {isa = PBXBuildFile; fileRef = 9B335F899F75BAB9FEE776B5 /* InputSourceSelectionPolicy.swift */; };
		CC4D4CD3FDBEABF26DFD8779 /* AppKit.framework in Frameworks */ = {isa = PBXBuildFile; fileRef = F2F89B01FA50D2E2724A74C3 /* AppKit.framework */; };
		D059CF0691CC676F19F28EF4 /* ActivationActivityTests.swift in Sources */ = {isa = PBXBuildFile; fileRef = 93CFF6752E3AA5E592661C40 /* ActivationActivityTests.swift */; };
		D2BB8767FE9D1C869D9E48B8 /* HostedUnitTestProcessTests.swift in Sources */ = {isa = PBXBuildFile; fileRef = 661E3469B7E0EE17C2B97F61 /* HostedUnitTestProcessTests.swift */; };
		DA112CC022D978D0343C12D6 /* GeneralSettingsView.swift in Sources */ = {isa = PBXBuildFile; fileRef = D662B3DF032B3DCED0E0DE6C /* GeneralSettingsView.swift */; };
		DF8FCA84B3C344F181A9F6C9 /* KeyboardSettingsView.swift in Sources */ = {isa = PBXBuildFile; fileRef = E710C834999E87555F01EC8C /* KeyboardSettingsView.swift */; };
		E4C4892DEE368B7B9262DC5C /* SwitchingWarning.swift in Sources */ = {isa = PBXBuildFile; fileRef = E06C5DDFF386765413A36E49 /* SwitchingWarning.swift */; };
		E55C316C5DBB73785E24F605 /* PhysicalKeyboardDiscovery.swift in Sources */ = {isa = PBXBuildFile; fileRef = 75A0B4E61F437F2664D6F2F9 /* PhysicalKeyboardDiscovery.swift */; };
		EDE350FFD06EB36F769AA047 /* ProtectedLifecycleTests.swift in Sources */ = {isa = PBXBuildFile; fileRef = B374C67570AA786A07343B93 /* ProtectedLifecycleTests.swift */; };
		EF30601E4AEBF9357D69E275 /* PhysicalKeyboard.swift in Sources */ = {isa = PBXBuildFile; fileRef = 8476F99E8E5253A06F6A1B00 /* PhysicalKeyboard.swift */; };
		F3235E8FDE46F7D7DA79C5C1 /* PhysicalKeyboardEvent.swift in Sources */ = {isa = PBXBuildFile; fileRef = C9FF997105D8312C69E066A5 /* PhysicalKeyboardEvent.swift */; };
		F4D7658A578A8B574CB65E86 /* MenuBarPanelContent.swift in Sources */ = {isa = PBXBuildFile; fileRef = F2ADA91C6FC6F792ABAD2F3D /* MenuBarPanelContent.swift */; };
		F62E818CCB09141A65147F65 /* LifecycleTests.swift in Sources */ = {isa = PBXBuildFile; fileRef = 843ACF54A2C3EA73C179F668 /* LifecycleTests.swift */; };
		F75B9DBA66ACFBC2515C516A /* MenuFirstTests.swift in Sources */ = {isa = PBXBuildFile; fileRef = 2B175759F1BE920DB617F59E /* MenuFirstTests.swift */; };
		F8544AC66697C2D33980D9F3 /* KeyameleonWindowController.swift in Sources */ = {isa = PBXBuildFile; fileRef = D9EE6843CDDA7440ECB2C0C8 /* KeyameleonWindowController.swift */; };
		FF77461CCE8C616C5B9E5869 /* KeyameleonSettingsWindowController.swift in Sources */ = {isa = PBXBuildFile; fileRef = D957D6A1D47EEF66AE36D4D7 /* KeyameleonSettingsWindowController.swift */; };
/* End PBXBuildFile section */

/* Begin PBXContainerItemProxy section */
		62FB124316A61CE353FCFE6C /* PBXContainerItemProxy */ = {
			isa = PBXContainerItemProxy;
			containerPortal = 17F49B025803125E5ABBCD4C /* Project object */;
			proxyType = 1;
			remoteGlobalIDString = D7B1A298244D4331D2678655;
			remoteInfo = Keyameleon;
		};
		FB198F04415ABEB102418C3F /* PBXContainerItemProxy */ = {
			isa = PBXContainerItemProxy;
			containerPortal = 17F49B025803125E5ABBCD4C /* Project object */;
			proxyType = 1;
			remoteGlobalIDString = D7B1A298244D4331D2678655;
			remoteInfo = Keyameleon;
		};
/* End PBXContainerItemProxy section */

/* Begin PBXFileReference section */
		04AA723EBE985D1DDC17F329 /* KeyameleonLogLevel.swift */ = {isa = PBXFileReference; lastKnownFileType = sourcecode.swift; path = KeyameleonLogLevel.swift; sourceTree = "<group>"; };
		077A1A619B7B568508D1505F /* Info.plist */ = {isa = PBXFileReference; lastKnownFileType = text.plist; path = Info.plist; sourceTree = "<group>"; };
		087A9F6493ECCA7F4B160D72 /* OperationalNotifications.swift */ = {isa = PBXFileReference; lastKnownFileType = sourcecode.swift; path = OperationalNotifications.swift; sourceTree = "<group>"; };
		0E4A25E4C7869A3366B201DF /* ManualPhysicalKeyboardDesignation.swift */ = {isa = PBXFileReference; lastKnownFileType = sourcecode.swift; path = ManualPhysicalKeyboardDesignation.swift; sourceTree = "<group>"; };
		11B88E798212B2B74226E09A /* GeneralSettingsModelTests.swift */ = {isa = PBXFileReference; lastKnownFileType = sourcecode.swift; path = GeneralSettingsModelTests.swift; sourceTree = "<group>"; };
		11E7EF7669CDB881F2120DA4 /* KeyameleonRootView.swift */ = {isa = PBXFileReference; lastKnownFileType = sourcecode.swift; path = KeyameleonRootView.swift; sourceTree = "<group>"; };
		15D5F96A2362DECAA7C5162F /* MenuBarPanelNotice.swift */ = {isa = PBXFileReference; lastKnownFileType = sourcecode.swift; path = MenuBarPanelNotice.swift; sourceTree = "<group>"; };
		18D81ECA454E56A9D56B8466 /* SetupModelTests.swift */ = {isa = PBXFileReference; lastKnownFileType = sourcecode.swift; path = SetupModelTests.swift; sourceTree = "<group>"; };
		1A6DB2E3039606970CA2C0BC /* OnboardingView.swift */ = {isa = PBXFileReference; lastKnownFileType = sourcecode.swift; path = OnboardingView.swift; sourceTree = "<group>"; };
		1D1883A29573897172890DDD /* UpdateChecker.swift */ = {isa = PBXFileReference; lastKnownFileType = sourcecode.swift; path = UpdateChecker.swift; sourceTree = "<group>"; };
		2780C6032D0F86AADE9642E3 /* MenuBarPanelTests.swift */ = {isa = PBXFileReference; lastKnownFileType = sourcecode.swift; path = MenuBarPanelTests.swift; sourceTree = "<group>"; };
		27C9E4BB494DF1AF4ED49BA1 /* IOKit.framework */ = {isa = PBXFileReference; lastKnownFileType = wrapper.framework; name = IOKit.framework; path = System/Library/Frameworks/IOKit.framework; sourceTree = SDKROOT; };
		292B87F6B6EB98598837DB1B /* CryptoKit.framework */ = {isa = PBXFileReference; lastKnownFileType = wrapper.framework; name = CryptoKit.framework; path = System/Library/Frameworks/CryptoKit.framework; sourceTree = SDKROOT; };
		2B175759F1BE920DB617F59E /* MenuFirstTests.swift */ = {isa = PBXFileReference; lastKnownFileType = sourcecode.swift; path = MenuFirstTests.swift; sourceTree = "<group>"; };
		2EBBE2F8099D138DBCFAC869 /* SettingsSection.swift */ = {isa = PBXFileReference; lastKnownFileType = sourcecode.swift; path = SettingsSection.swift; sourceTree = "<group>"; };
		31B1A81B1FF64DA2C31377B4 /* AboutFolderRow.swift */ = {isa = PBXFileReference; lastKnownFileType = sourcecode.swift; path = AboutFolderRow.swift; sourceTree = "<group>"; };
		337ED7456362DDDFDE630664 /* View+Extension.swift */ = {isa = PBXFileReference; lastKnownFileType = sourcecode.swift; path = "View+Extension.swift"; sourceTree = "<group>"; };
		33E753CF14DC01BCC8D08D3D /* MenuBarAssignmentList.swift */ = {isa = PBXFileReference; lastKnownFileType = sourcecode.swift; path = MenuBarAssignmentList.swift; sourceTree = "<group>"; };
		34CCDD31AB22CC0C28426FAD /* ManualDesignationTests.swift */ = {isa = PBXFileReference; lastKnownFileType = sourcecode.swift; path = ManualDesignationTests.swift; sourceTree = "<group>"; };
		36713BE2699501700BE41232 /* ReleasePolicyTests.swift */ = {isa = PBXFileReference; lastKnownFileType = sourcecode.swift; path = ReleasePolicyTests.swift; sourceTree = "<group>"; };
		3993A82863458DEBF95D7B7C /* ManualPhysicalKeyboardDesignationNameSheet.swift */ = {isa = PBXFileReference; lastKnownFileType = sourcecode.swift; path = ManualPhysicalKeyboardDesignationNameSheet.swift; sourceTree = "<group>"; };
		3AF43CA4CDCBA6A5E9C39CB4 /* MenuBarPanelController.swift */ = {isa = PBXFileReference; lastKnownFileType = sourcecode.swift; path = MenuBarPanelController.swift; sourceTree = "<group>"; };
		3BDCD437C487CEE1CEE71A22 /* CompactAboutView.swift */ = {isa = PBXFileReference; lastKnownFileType = sourcecode.swift; path = CompactAboutView.swift; sourceTree = "<group>"; };
		3FBA39498554B12B01D05986 /* ApplicationTestSupport.swift */ = {isa = PBXFileReference; lastKnownFileType = sourcecode.swift; path = ApplicationTestSupport.swift; sourceTree = "<group>"; };
		4027C628E86898D2BC6C501A /* ReplaceSavedPhysicalKeyboardPickerView.swift */ = {isa = PBXFileReference; lastKnownFileType = sourcecode.swift; path = ReplaceSavedPhysicalKeyboardPickerView.swift; sourceTree = "<group>"; };
		4BD58202CA21D92931C62863 /* ManualPhysicalKeyboardDesignationStore.swift */ = {isa = PBXFileReference; lastKnownFileType = sourcecode.swift; path = ManualPhysicalKeyboardDesignationStore.swift; sourceTree = "<group>"; };
		4C7BDAC18E923F6E0AF78EF7 /* KeyameleonLogWriter.swift */ = {isa = PBXFileReference; lastKnownFileType = sourcecode.swift; path = KeyameleonLogWriter.swift; sourceTree = "<group>"; };
		4E27BD2B35874DAC97B53B75 /* MenuBarAssignmentPill.swift */ = {isa = PBXFileReference; lastKnownFileType = sourcecode.swift; path = MenuBarAssignmentPill.swift; sourceTree = "<group>"; };
		5014C6C08F2939E299149C5F /* MenuBarAssignmentSection.swift */ = {isa = PBXFileReference; lastKnownFileType = sourcecode.swift; path = MenuBarAssignmentSection.swift; sourceTree = "<group>"; };
		5225FE09338A066FF3E0C002 /* Carbon.framework */ = {isa = PBXFileReference; lastKnownFileType = wrapper.framework; name = Carbon.framework; path = System/Library/Frameworks/Carbon.framework; sourceTree = SDKROOT; };
		538184558F7BE381E06F05FC /* ListenPermission.swift */ = {isa = PBXFileReference; lastKnownFileType = sourcecode.swift; path = ListenPermission.swift; sourceTree = "<group>"; };
		60C37F30071FDD379B2A7118 /* MenuBarPanelPreviews.swift */ = {isa = PBXFileReference; lastKnownFileType = sourcecode.swift; path = MenuBarPanelPreviews.swift; sourceTree = "<group>"; };
		60D620AC36EA27D8F2AAB39D /* AboutSettingsView.swift */ = {isa = PBXFileReference; lastKnownFileType = sourcecode.swift; path = AboutSettingsView.swift; sourceTree = "<group>"; };
		661E3469B7E0EE17C2B97F61 /* HostedUnitTestProcessTests.swift */ = {isa = PBXFileReference; lastKnownFileType = sourcecode.swift; path = HostedUnitTestProcessTests.swift; sourceTree = "<group>"; };
		6773D1959E48A99AC660107F /* SingleInstanceTests.swift */ = {isa = PBXFileReference; lastKnownFileType = sourcecode.swift; path = SingleInstanceTests.swift; sourceTree = "<group>"; };
		6C8AFAF78F5FABB017191BA6 /* MenuBarPanelChrome.swift */ = {isa = PBXFileReference; lastKnownFileType = sourcecode.swift; path = MenuBarPanelChrome.swift; sourceTree = "<group>"; };
		72DD744E747781928ED46115 /* ConvergenceTests.swift */ = {isa = PBXFileReference; lastKnownFileType = sourcecode.swift; path = ConvergenceTests.swift; sourceTree = "<group>"; };
		75A0B4E61F437F2664D6F2F9 /* PhysicalKeyboardDiscovery.swift */ = {isa = PBXFileReference; lastKnownFileType = sourcecode.swift; path = PhysicalKeyboardDiscovery.swift; sourceTree = "<group>"; };
		77232F12327C5871ACA91EE6 /* MenuBarPanelAccessibilityTests.swift */ = {isa = PBXFileReference; lastKnownFileType = sourcecode.swift; path = MenuBarPanelAccessibilityTests.swift; sourceTree = "<group>"; };
		77C809ABBA1C70D9822B5BA5 /* CoreHID.framework */ = {isa = PBXFileReference; lastKnownFileType = wrapper.framework; name = CoreHID.framework; path = System/Library/Frameworks/CoreHID.framework; sourceTree = SDKROOT; };
		7A6302DBBD0FD4448555FFA8 /* SwitchingTests.swift */ = {isa = PBXFileReference; lastKnownFileType = sourcecode.swift; path = SwitchingTests.swift; sourceTree = "<group>"; };
		7C1FE0FC8CA921079CD4E263 /* Lifecycle.swift */ = {isa = PBXFileReference; lastKnownFileType = sourcecode.swift; path = Lifecycle.swift; sourceTree = "<group>"; };
		7CCC61240C377CC0B57490FF /* MenuBarPanelAccessibility.swift */ = {isa = PBXFileReference; lastKnownFileType = sourcecode.swift; path = MenuBarPanelAccessibility.swift; sourceTree = "<group>"; };
		7CF1A47881BE8F265C0ABF3D /* OnboardingCopyTests.swift */ = {isa = PBXFileReference; lastKnownFileType = sourcecode.swift; path = OnboardingCopyTests.swift; sourceTree = "<group>"; };
		7F3046374701BF7F84715A39 /* KeyameleonLogTests.swift */ = {isa = PBXFileReference; lastKnownFileType = sourcecode.swift; path = KeyameleonLogTests.swift; sourceTree = "<group>"; };
		7FB0CFC4FB84DA213C85B8A1 /* MenuBarActionList.swift */ = {isa = PBXFileReference; lastKnownFileType = sourcecode.swift; path = MenuBarActionList.swift; sourceTree = "<group>"; };
		8072A8E869541B47D522773D /* AppIdentity.swift */ = {isa = PBXFileReference; lastKnownFileType = sourcecode.swift; path = AppIdentity.swift; sourceTree = "<group>"; };
		8159960A49C32C26041C5256 /* ApplicationDelegate+About.swift */ = {isa = PBXFileReference; lastKnownFileType = sourcecode.swift; path = "ApplicationDelegate+About.swift"; sourceTree = "<group>"; };
		81634072FBBCD7BCF66DC8CC /* SwiftData.framework */ = {isa = PBXFileReference; lastKnownFileType = wrapper.framework; name = SwiftData.framework; path = System/Library/Frameworks/SwiftData.framework; sourceTree = SDKROOT; };
		843ACF54A2C3EA73C179F668 /* LifecycleTests.swift */ = {isa = PBXFileReference; lastKnownFileType = sourcecode.swift; path = LifecycleTests.swift; sourceTree = "<group>"; };
		8476F99E8E5253A06F6A1B00 /* PhysicalKeyboard.swift */ = {isa = PBXFileReference; lastKnownFileType = sourcecode.swift; path = PhysicalKeyboard.swift; sourceTree = "<group>"; };
		85AC3C63FAF9FF0CD68A07E0 /* InputSources.swift */ = {isa = PBXFileReference; lastKnownFileType = sourcecode.swift; path = InputSources.swift; sourceTree = "<group>"; };
		8AD8FB5FFB9840099C00C830 /* App.swift */ = {isa = PBXFileReference; lastKnownFileType = sourcecode.swift; path = App.swift; sourceTree = "<group>"; };
		8DA7DF2C1F3093153C905889 /* InputSource.swift */ = {isa = PBXFileReference; lastKnownFileType = sourcecode.swift; path = InputSource.swift; sourceTree = "<group>"; };
		9163A19B113812EA758F0681 /* ProductionFactory.swift */ = {isa = PBXFileReference; lastKnownFileType = sourcecode.swift; path = ProductionFactory.swift; sourceTree = "<group>"; };
		92EF1551942CBFC3BE80ED32 /* ActivityTriggeredSwitching.swift */ = {isa = PBXFileReference; lastKnownFileType = sourcecode.swift; path = ActivityTriggeredSwitching.swift; sourceTree = "<group>"; };
		93CFF6752E3AA5E592661C40 /* ActivationActivityTests.swift */ = {isa = PBXFileReference; lastKnownFileType = sourcecode.swift; path = ActivationActivityTests.swift; sourceTree = "<group>"; };
		94ED4AAD06D74E434418B863 /* KeyameleonLogFile.swift */ = {isa = PBXFileReference; lastKnownFileType = sourcecode.swift; path = KeyameleonLogFile.swift; sourceTree = "<group>"; };
		9506787E8D42CD09D52DDF8C /* AboutWindowController.swift */ = {isa = PBXFileReference; lastKnownFileType = sourcecode.swift; path = AboutWindowController.swift; sourceTree = "<group>"; };
		967B7E1070DD4601582EE6C6 /* Keyameleon.app */ = {isa = PBXFileReference; explicitFileType = wrapper.application; includeInIndex = 0; path = Keyameleon.app; sourceTree = BUILT_PRODUCTS_DIR; };
		96EAAA7C23460CFB5FE490B2 /* UserNotifications.framework */ = {isa = PBXFileReference; lastKnownFileType = wrapper.framework; name = UserNotifications.framework; path = System/Library/Frameworks/UserNotifications.framework; sourceTree = SDKROOT; };
		974256D0031FBD3AB7489104 /* MenuBarPanelNoticeView.swift */ = {isa = PBXFileReference; lastKnownFileType = sourcecode.swift; path = MenuBarPanelNoticeView.swift; sourceTree = "<group>"; };
		981CB4EAD210A214863F3D5B /* LaunchAtLogin.swift */ = {isa = PBXFileReference; lastKnownFileType = sourcecode.swift; path = LaunchAtLogin.swift; sourceTree = "<group>"; };
		9B335F899F75BAB9FEE776B5 /* InputSourceSelectionPolicy.swift */ = {isa = PBXFileReference; lastKnownFileType = sourcecode.swift; path = InputSourceSelectionPolicy.swift; sourceTree = "<group>"; };
		9D397C615AE93268A186585C /* ServiceManagement.framework */ = {isa = PBXFileReference; lastKnownFileType = wrapper.framework; name = ServiceManagement.framework; path = System/Library/Frameworks/ServiceManagement.framework; sourceTree = SDKROOT; };
		9DF80C3CAC82D1C136650952 /* SwitchingStatus.swift */ = {isa = PBXFileReference; lastKnownFileType = sourcecode.swift; path = SwitchingStatus.swift; sourceTree = "<group>"; };
		A026DD82D56CC75927527C54 /* KeyboardAssignmentPickerView.swift */ = {isa = PBXFileReference; lastKnownFileType = sourcecode.swift; path = KeyboardAssignmentPickerView.swift; sourceTree = "<group>"; };
		A3AAF2655E81E6DB349BE7EB /* HIDStreamRecovery.swift */ = {isa = PBXFileReference; lastKnownFileType = sourcecode.swift; path = HIDStreamRecovery.swift; sourceTree = "<group>"; };
		A47D7334D8A4FF439591212F /* OperationalNotificationTests.swift */ = {isa = PBXFileReference; lastKnownFileType = sourcecode.swift; path = OperationalNotificationTests.swift; sourceTree = "<group>"; };
		AB31A84BB22B2667D173FA24 /* RecoveryTests.swift */ = {isa = PBXFileReference; lastKnownFileType = sourcecode.swift; path = RecoveryTests.swift; sourceTree = "<group>"; };
		AC6BDE001E72B645ABFC8A82 /* Security.framework */ = {isa = PBXFileReference; lastKnownFileType = wrapper.framework; name = Security.framework; path = System/Library/Frameworks/Security.framework; sourceTree = SDKROOT; };
		ACC728BFDBEAA5AFF42FCD74 /* ApplicationDelegate+Menu.swift */ = {isa = PBXFileReference; lastKnownFileType = sourcecode.swift; path = "ApplicationDelegate+Menu.swift"; sourceTree = "<group>"; };
		ADF493F86703E6756ECDE8B7 /* ActivityTriggeredSwitchingTestSupport.swift */ = {isa = PBXFileReference; lastKnownFileType = sourcecode.swift; path = ActivityTriggeredSwitchingTestSupport.swift; sourceTree = "<group>"; };
		B105075353DFBDB5058B49E2 /* SingleInstanceLock.swift */ = {isa = PBXFileReference; lastKnownFileType = sourcecode.swift; path = SingleInstanceLock.swift; sourceTree = "<group>"; };
		B121C255CD8D68E9673F4BA4 /* ReleasePolicy.swift */ = {isa = PBXFileReference; lastKnownFileType = sourcecode.swift; path = ReleasePolicy.swift; sourceTree = "<group>"; };
		B2187CBFC2E4C31121A67AAE /* MenuBarPanelView.swift */ = {isa = PBXFileReference; lastKnownFileType = sourcecode.swift; path = MenuBarPanelView.swift; sourceTree = "<group>"; };
		B374C67570AA786A07343B93 /* ProtectedLifecycleTests.swift */ = {isa = PBXFileReference; lastKnownFileType = sourcecode.swift; path = ProtectedLifecycleTests.swift; sourceTree = "<group>"; };
		B511C748DA6CA0346AF82293 /* PhysicalKeyboardStore.swift */ = {isa = PBXFileReference; lastKnownFileType = sourcecode.swift; path = PhysicalKeyboardStore.swift; sourceTree = "<group>"; };
		B5ADE2BAB6057D00D67E9912 /* AssignmentTests.swift */ = {isa = PBXFileReference; lastKnownFileType = sourcecode.swift; path = AssignmentTests.swift; sourceTree = "<group>"; };
		B795111210D68DF941CB9B7E /* UpdatePolicy.swift */ = {isa = PBXFileReference; lastKnownFileType = sourcecode.swift; path = UpdatePolicy.swift; sourceTree = "<group>"; };
		BAFD6C2C12E6744103679EBE /* ApplicationDelegate.swift */ = {isa = PBXFileReference; lastKnownFileType = sourcecode.swift; path = ApplicationDelegate.swift; sourceTree = "<group>"; };
		BBCE22653E2FB600F2E5996C /* InstallationIntegrityKey.swift */ = {isa = PBXFileReference; lastKnownFileType = sourcecode.swift; path = InstallationIntegrityKey.swift; sourceTree = "<group>"; };
		C03B481045B62F2980AD7C6B /* GeneralSettingsModel.swift */ = {isa = PBXFileReference; lastKnownFileType = sourcecode.swift; path = GeneralSettingsModel.swift; sourceTree = "<group>"; };
		C3841004C81EB551B7007F30 /* HIDStreamRecoveryTests.swift */ = {isa = PBXFileReference; lastKnownFileType = sourcecode.swift; path = HIDStreamRecoveryTests.swift; sourceTree = "<group>"; };
		C97EE05448C4987184E170FA /* ApplicationDelegate+Configuration.swift */ = {isa = PBXFileReference; lastKnownFileType = sourcecode.swift; path = "ApplicationDelegate+Configuration.swift"; sourceTree = "<group>"; };
		C9FF997105D8312C69E066A5 /* PhysicalKeyboardEvent.swift */ = {isa = PBXFileReference; lastKnownFileType = sourcecode.swift; path = PhysicalKeyboardEvent.swift; sourceTree = "<group>"; };
		D1E005BC7B367BC78C0690C6 /* KeyameleonSwiftTesting.xctest */ = {isa = PBXFileReference; explicitFileType = wrapper.cfbundle; includeInIndex = 0; path = KeyameleonSwiftTesting.xctest; sourceTree = BUILT_PRODUCTS_DIR; };
		D662B3DF032B3DCED0E0DE6C /* GeneralSettingsView.swift */ = {isa = PBXFileReference; lastKnownFileType = sourcecode.swift; path = GeneralSettingsView.swift; sourceTree = "<group>"; };
		D811D3D81A95E3D70E7B4E75 /* ApplicationDelegate+Onboarding.swift */ = {isa = PBXFileReference; lastKnownFileType = sourcecode.swift; path = "ApplicationDelegate+Onboarding.swift"; sourceTree = "<group>"; };
		D957D6A1D47EEF66AE36D4D7 /* KeyameleonSettingsWindowController.swift */ = {isa = PBXFileReference; lastKnownFileType = sourcecode.swift; path = KeyameleonSettingsWindowController.swift; sourceTree = "<group>"; };
		D9EE6843CDDA7440ECB2C0C8 /* KeyameleonWindowController.swift */ = {isa = PBXFileReference; lastKnownFileType = sourcecode.swift; path = KeyameleonWindowController.swift; sourceTree = "<group>"; };
		DB91EEF94774F8CF12AB64D4 /* menu_icon.pdf */ = {isa = PBXFileReference; lastKnownFileType = image.pdf; path = menu_icon.pdf; sourceTree = "<group>"; };
		DD858A3F7B73F1B2C9FA633F /* KeyameleonXCTest.xctest */ = {isa = PBXFileReference; explicitFileType = wrapper.cfbundle; includeInIndex = 0; path = KeyameleonXCTest.xctest; sourceTree = BUILT_PRODUCTS_DIR; };
		DDACC5F5FEE3354745017EE7 /* PhysicalKeyboardEventObserver.swift */ = {isa = PBXFileReference; lastKnownFileType = sourcecode.swift; path = PhysicalKeyboardEventObserver.swift; sourceTree = "<group>"; };
		DF425BC7D36CBA1D5B92C911 /* SettingsSectionTests.swift */ = {isa = PBXFileReference; lastKnownFileType = sourcecode.swift; path = SettingsSectionTests.swift; sourceTree = "<group>"; };
		E06C5DDFF386765413A36E49 /* SwitchingWarning.swift */ = {isa = PBXFileReference; lastKnownFileType = sourcecode.swift; path = SwitchingWarning.swift; sourceTree = "<group>"; };
		E11732A28540429CEF805D4A /* KeyameleonLogCategory.swift */ = {isa = PBXFileReference; lastKnownFileType = sourcecode.swift; path = KeyameleonLogCategory.swift; sourceTree = "<group>"; };
		E2346EDBABE7C49A31D94212 /* SetupModel.swift */ = {isa = PBXFileReference; lastKnownFileType = sourcecode.swift; path = SetupModel.swift; sourceTree = "<group>"; };
		E3644702DE9ECF41BBF61E2C /* InstallationIntegrityKeychainTests.swift */ = {isa = PBXFileReference; lastKnownFileType = sourcecode.swift; path = InstallationIntegrityKeychainTests.swift; sourceTree = "<group>"; };
		E5868A989ABD180A75EA90AE /* UpdatePolicyTests.swift */ = {isa = PBXFileReference; lastKnownFileType = sourcecode.swift; path = UpdatePolicyTests.swift; sourceTree = "<group>"; };
		E5FAD46595D737ECDF9E6250 /* ApplicationTests.swift */ = {isa = PBXFileReference; lastKnownFileType = sourcecode.swift; path = ApplicationTests.swift; sourceTree = "<group>"; };
		E6149CA42BF141280DF159F2 /* Keyameleon-icon.icon */ = {isa = PBXFileReference; lastKnownFileType = wrapper.icon; path = "Keyameleon-icon.icon"; sourceTree = "<group>"; };
		E710C834999E87555F01EC8C /* KeyboardSettingsView.swift */ = {isa = PBXFileReference; lastKnownFileType = sourcecode.swift; path = KeyboardSettingsView.swift; sourceTree = "<group>"; };
		E868B26B27D3125241CB0611 /* DiscoveryTests.swift */ = {isa = PBXFileReference; lastKnownFileType = sourcecode.swift; path = DiscoveryTests.swift; sourceTree = "<group>"; };
		EDFC11B06D43CE162B63261F /* ActivityTriggeredSwitchingOutcome.swift */ = {isa = PBXFileReference; lastKnownFileType = sourcecode.swift; path = ActivityTriggeredSwitchingOutcome.swift; sourceTree = "<group>"; };
		F20816E84928BD26D95B5E9C /* AppIdentityTests.swift */ = {isa = PBXFileReference; lastKnownFileType = sourcecode.swift; path = AppIdentityTests.swift; sourceTree = "<group>"; };
		F260D47DE0A4E16CBDA1163E /* KeyameleonLog.swift */ = {isa = PBXFileReference; lastKnownFileType = sourcecode.swift; path = KeyameleonLog.swift; sourceTree = "<group>"; };
		F2ADA91C6FC6F792ABAD2F3D /* MenuBarPanelContent.swift */ = {isa = PBXFileReference; lastKnownFileType = sourcecode.swift; path = MenuBarPanelContent.swift; sourceTree = "<group>"; };
		F2F89B01FA50D2E2724A74C3 /* AppKit.framework */ = {isa = PBXFileReference; lastKnownFileType = wrapper.framework; name = AppKit.framework; path = System/Library/Frameworks/AppKit.framework; sourceTree = SDKROOT; };
		F4F73947509CEE87F424B2BD /* KeyameleonPreviewFixtures.swift */ = {isa = PBXFileReference; lastKnownFileType = sourcecode.swift; path = KeyameleonPreviewFixtures.swift; sourceTree = "<group>"; };
		FAF64CA3A3802AD87234A325 /* SwiftUI.framework */ = {isa = PBXFileReference; lastKnownFileType = wrapper.framework; name = SwiftUI.framework; path = System/Library/Frameworks/SwiftUI.framework; sourceTree = SDKROOT; };
		FF3AA1C8CDDC99DBE211A276 /* InputSourceSelectionPolicyTests.swift */ = {isa = PBXFileReference; lastKnownFileType = sourcecode.swift; path = InputSourceSelectionPolicyTests.swift; sourceTree = "<group>"; };
/* End PBXFileReference section */

/* Begin PBXFrameworksBuildPhase section */
		3DFAEBEB2F554425B022A83B /* Frameworks */ = {
			isa = PBXFrameworksBuildPhase;
			buildActionMask = 2147483647;
			files = (
				34EFF25115723D444C623637 /* Sparkle in Frameworks */,
				CC4D4CD3FDBEABF26DFD8779 /* AppKit.framework in Frameworks */,
				15EADB73F954D79F813518EC /* Carbon.framework in Frameworks */,
				801C74CE0102A0B052B40287 /* CoreHID.framework in Frameworks */,
				090EBFE10ACB9E267ED15570 /* CryptoKit.framework in Frameworks */,
				ACA1D2A2F87C1D348122EE23 /* IOKit.framework in Frameworks */,
				49316C09EF30EEB66F3802AF /* Security.framework in Frameworks */,
				48015E432FD28317B7DD5C50 /* ServiceManagement.framework in Frameworks */,
				64E3E73BCBE33BBF8DA964B2 /* SwiftData.framework in Frameworks */,
				91E6DD5CBEB5B2DAE4AC91F1 /* SwiftUI.framework in Frameworks */,
				C0C969EF50297720863A4CF1 /* UserNotifications.framework in Frameworks */,
			);
			runOnlyForDeploymentPostprocessing = 0;
		};
/* End PBXFrameworksBuildPhase section */

/* Begin PBXGroup section */
		017466C6D76228D50F2A01B2 /* About */ = {
			isa = PBXGroup;
			children = (
				F20816E84928BD26D95B5E9C /* AppIdentityTests.swift */,
				36713BE2699501700BE41232 /* ReleasePolicyTests.swift */,
				E5868A989ABD180A75EA90AE /* UpdatePolicyTests.swift */,
			);
			path = About;
			sourceTree = "<group>";
		};
		0FBEA2F3C13CDFD006D682CC /* XCTest */ = {
			isa = PBXGroup;
			children = (
				F37FE37BC3C738A5BFEBE3E4 /* App */,
			);
			path = XCTest;
			sourceTree = "<group>";
		};
		10619ADCB07C29ED6329148F /* Shared */ = {
			isa = PBXGroup;
			children = (
				11B88E798212B2B74226E09A /* GeneralSettingsModelTests.swift */,
				7F3046374701BF7F84715A39 /* KeyameleonLogTests.swift */,
			);
			path = Shared;
			sourceTree = "<group>";
		};
		311DE57ADB71ED2CBF26A90D /* Shared */ = {
			isa = PBXGroup;
			children = (
				C03B481045B62F2980AD7C6B /* GeneralSettingsModel.swift */,
				F260D47DE0A4E16CBDA1163E /* KeyameleonLog.swift */,
				E11732A28540429CEF805D4A /* KeyameleonLogCategory.swift */,
				94ED4AAD06D74E434418B863 /* KeyameleonLogFile.swift */,
				04AA723EBE985D1DDC17F329 /* KeyameleonLogLevel.swift */,
				4C7BDAC18E923F6E0AF78EF7 /* KeyameleonLogWriter.swift */,
				F4F73947509CEE87F424B2BD /* KeyameleonPreviewFixtures.swift */,
				A026DD82D56CC75927527C54 /* KeyboardAssignmentPickerView.swift */,
				3993A82863458DEBF95D7B7C /* ManualPhysicalKeyboardDesignationNameSheet.swift */,
				4027C628E86898D2BC6C501A /* ReplaceSavedPhysicalKeyboardPickerView.swift */,
				E2346EDBABE7C49A31D94212 /* SetupModel.swift */,
			);
			path = Shared;
			sourceTree = "<group>";
		};
		417F71DE12F09AD13001B515 /* Frameworks */ = {
			isa = PBXGroup;
			children = (
				F2F89B01FA50D2E2724A74C3 /* AppKit.framework */,
				5225FE09338A066FF3E0C002 /* Carbon.framework */,
				77C809ABBA1C70D9822B5BA5 /* CoreHID.framework */,
				292B87F6B6EB98598837DB1B /* CryptoKit.framework */,
				27C9E4BB494DF1AF4ED49BA1 /* IOKit.framework */,
				AC6BDE001E72B645ABFC8A82 /* Security.framework */,
				9D397C615AE93268A186585C /* ServiceManagement.framework */,
				81634072FBBCD7BCF66DC8CC /* SwiftData.framework */,
				FAF64CA3A3802AD87234A325 /* SwiftUI.framework */,
				96EAAA7C23460CFB5FE490B2 /* UserNotifications.framework */,
			);
			name = Frameworks;
			sourceTree = "<group>";
		};
		448C4DD3D0D8D88103D8114C /* Onboarding */ = {
			isa = PBXGroup;
			children = (
				D811D3D81A95E3D70E7B4E75 /* ApplicationDelegate+Onboarding.swift */,
				11E7EF7669CDB881F2120DA4 /* KeyameleonRootView.swift */,
				D9EE6843CDDA7440ECB2C0C8 /* KeyameleonWindowController.swift */,
				1A6DB2E3039606970CA2C0BC /* OnboardingView.swift */,
			);
			path = Onboarding;
			sourceTree = "<group>";
		};
		4FC581AC4ADD02D7CD1B94E1 /* Configuration */ = {
			isa = PBXGroup;
			children = (
				DF425BC7D36CBA1D5B92C911 /* SettingsSectionTests.swift */,
			);
			path = Configuration;
			sourceTree = "<group>";
		};
		53C95B12FF24EACFD405BBEB /* Products */ = {
			isa = PBXGroup;
			children = (
				967B7E1070DD4601582EE6C6 /* Keyameleon.app */,
				D1E005BC7B367BC78C0690C6 /* KeyameleonSwiftTesting.xctest */,
				DD858A3F7B73F1B2C9FA633F /* KeyameleonXCTest.xctest */,
			);
			name = Products;
			sourceTree = "<group>";
		};
		5C0B1371F5611AE34FE84C62 /* Onboarding */ = {
			isa = PBXGroup;
			children = (
				7CF1A47881BE8F265C0ABF3D /* OnboardingCopyTests.swift */,
				18D81ECA454E56A9D56B8466 /* SetupModelTests.swift */,
			);
			path = Onboarding;
			sourceTree = "<group>";
		};
		62F5B23E7D0C8B96DAA22CEF /* App */ = {
			isa = PBXGroup;
			children = (
				661E3469B7E0EE17C2B97F61 /* HostedUnitTestProcessTests.swift */,
				6773D1959E48A99AC660107F /* SingleInstanceTests.swift */,
			);
			path = App;
			sourceTree = "<group>";
		};
		690D45A48DB6BADE36B56FF6 /* Extensions */ = {
			isa = PBXGroup;
			children = (
				337ED7456362DDDFDE630664 /* View+Extension.swift */,
			);
			path = Extensions;
			sourceTree = "<group>";
		};
		6B808CCF35D6FF7CE5A949BF /* ActivityTriggeredSwitching */ = {
			isa = PBXGroup;
			children = (
				93CFF6752E3AA5E592661C40 /* ActivationActivityTests.swift */,
				ADF493F86703E6756ECDE8B7 /* ActivityTriggeredSwitchingTestSupport.swift */,
				B5ADE2BAB6057D00D67E9912 /* AssignmentTests.swift */,
				72DD744E747781928ED46115 /* ConvergenceTests.swift */,
				E868B26B27D3125241CB0611 /* DiscoveryTests.swift */,
				C3841004C81EB551B7007F30 /* HIDStreamRecoveryTests.swift */,
				FF3AA1C8CDDC99DBE211A276 /* InputSourceSelectionPolicyTests.swift */,
				E3644702DE9ECF41BBF61E2C /* InstallationIntegrityKeychainTests.swift */,
				843ACF54A2C3EA73C179F668 /* LifecycleTests.swift */,
				34CCDD31AB22CC0C28426FAD /* ManualDesignationTests.swift */,
				2B175759F1BE920DB617F59E /* MenuFirstTests.swift */,
				A47D7334D8A4FF439591212F /* OperationalNotificationTests.swift */,
				B374C67570AA786A07343B93 /* ProtectedLifecycleTests.swift */,
				AB31A84BB22B2667D173FA24 /* RecoveryTests.swift */,
				7A6302DBBD0FD4448555FFA8 /* SwitchingTests.swift */,
			);
			path = ActivityTriggeredSwitching;
			sourceTree = "<group>";
		};
		6D27DD524F53C9F5FAFBBC8A = {
			isa = PBXGroup;
			children = (
				E6149CA42BF141280DF159F2 /* Keyameleon-icon.icon */,
				D958257354866ECFC61FD814 /* Resources */,
				BF3878F1C20B19C018283AA5 /* Sources */,
				AA13A857CCEB8354237B20DE /* Tests */,
				417F71DE12F09AD13001B515 /* Frameworks */,
				53C95B12FF24EACFD405BBEB /* Products */,
			);
			sourceTree = "<group>";
		};
		7164BA534929CE29C1EACE17 /* App */ = {
			isa = PBXGroup;
			children = (
				8AD8FB5FFB9840099C00C830 /* App.swift */,
				BAFD6C2C12E6744103679EBE /* ApplicationDelegate.swift */,
				077A1A619B7B568508D1505F /* Info.plist */,
				9163A19B113812EA758F0681 /* ProductionFactory.swift */,
				B105075353DFBDB5058B49E2 /* SingleInstanceLock.swift */,
			);
			path = App;
			sourceTree = "<group>";
		};
		77AC9AA62213074BD35A482C /* Menu */ = {
			isa = PBXGroup;
			children = (
				77232F12327C5871ACA91EE6 /* MenuBarPanelAccessibilityTests.swift */,
				2780C6032D0F86AADE9642E3 /* MenuBarPanelTests.swift */,
			);
			path = Menu;
			sourceTree = "<group>";
		};
		94FBDEF96365996D36E739AE /* Features */ = {
			isa = PBXGroup;
			children = (
				017466C6D76228D50F2A01B2 /* About */,
				6B808CCF35D6FF7CE5A949BF /* ActivityTriggeredSwitching */,
				4FC581AC4ADD02D7CD1B94E1 /* Configuration */,
				77AC9AA62213074BD35A482C /* Menu */,
				5C0B1371F5611AE34FE84C62 /* Onboarding */,
				10619ADCB07C29ED6329148F /* Shared */,
			);
			path = Features;
			sourceTree = "<group>";
		};
		9EF588974A2332F9ADC189DB /* Features */ = {
			isa = PBXGroup;
			children = (
				C0329C82BF8FA843134637A5 /* About */,
				A087AE9094823234A5557439 /* ActivityTriggeredSwitching */,
				B5FCEB22EF79CE73D43F9899 /* Configuration */,
				690D45A48DB6BADE36B56FF6 /* Extensions */,
				F22E23C1937159435006ABD9 /* Menu */,
				448C4DD3D0D8D88103D8114C /* Onboarding */,
				311DE57ADB71ED2CBF26A90D /* Shared */,
			);
			path = Features;
			sourceTree = "<group>";
		};
		A087AE9094823234A5557439 /* ActivityTriggeredSwitching */ = {
			isa = PBXGroup;
			children = (
				92EF1551942CBFC3BE80ED32 /* ActivityTriggeredSwitching.swift */,
				EDFC11B06D43CE162B63261F /* ActivityTriggeredSwitchingOutcome.swift */,
				A3AAF2655E81E6DB349BE7EB /* HIDStreamRecovery.swift */,
				8DA7DF2C1F3093153C905889 /* InputSource.swift */,
				85AC3C63FAF9FF0CD68A07E0 /* InputSources.swift */,
				9B335F899F75BAB9FEE776B5 /* InputSourceSelectionPolicy.swift */,
				BBCE22653E2FB600F2E5996C /* InstallationIntegrityKey.swift */,
				7C1FE0FC8CA921079CD4E263 /* Lifecycle.swift */,
				538184558F7BE381E06F05FC /* ListenPermission.swift */,
				0E4A25E4C7869A3366B201DF /* ManualPhysicalKeyboardDesignation.swift */,
				4BD58202CA21D92931C62863 /* ManualPhysicalKeyboardDesignationStore.swift */,
				087A9F6493ECCA7F4B160D72 /* OperationalNotifications.swift */,
				8476F99E8E5253A06F6A1B00 /* PhysicalKeyboard.swift */,
				75A0B4E61F437F2664D6F2F9 /* PhysicalKeyboardDiscovery.swift */,
				C9FF997105D8312C69E066A5 /* PhysicalKeyboardEvent.swift */,
				DDACC5F5FEE3354745017EE7 /* PhysicalKeyboardEventObserver.swift */,
				B511C748DA6CA0346AF82293 /* PhysicalKeyboardStore.swift */,
				9DF80C3CAC82D1C136650952 /* SwitchingStatus.swift */,
				E06C5DDFF386765413A36E49 /* SwitchingWarning.swift */,
			);
			path = ActivityTriggeredSwitching;
			sourceTree = "<group>";
		};
		AA13A857CCEB8354237B20DE /* Tests */ = {
			isa = PBXGroup;
			children = (
				F86EC0BFB9FD4FC6CCEA2463 /* SwiftTesting */,
				0FBEA2F3C13CDFD006D682CC /* XCTest */,
			);
			path = Tests;
			sourceTree = "<group>";
		};
		B5FCEB22EF79CE73D43F9899 /* Configuration */ = {
			isa = PBXGroup;
			children = (
				C97EE05448C4987184E170FA /* ApplicationDelegate+Configuration.swift */,
				D662B3DF032B3DCED0E0DE6C /* GeneralSettingsView.swift */,
				D957D6A1D47EEF66AE36D4D7 /* KeyameleonSettingsWindowController.swift */,
				E710C834999E87555F01EC8C /* KeyboardSettingsView.swift */,
				981CB4EAD210A214863F3D5B /* LaunchAtLogin.swift */,
				2EBBE2F8099D138DBCFAC869 /* SettingsSection.swift */,
			);
			path = Configuration;
			sourceTree = "<group>";
		};
		BF3878F1C20B19C018283AA5 /* Sources */ = {
			isa = PBXGroup;
			children = (
				7164BA534929CE29C1EACE17 /* App */,
				9EF588974A2332F9ADC189DB /* Features */,
			);
			path = Sources;
			sourceTree = "<group>";
		};
		C0329C82BF8FA843134637A5 /* About */ = {
			isa = PBXGroup;
			children = (
				31B1A81B1FF64DA2C31377B4 /* AboutFolderRow.swift */,
				60D620AC36EA27D8F2AAB39D /* AboutSettingsView.swift */,
				9506787E8D42CD09D52DDF8C /* AboutWindowController.swift */,
				8072A8E869541B47D522773D /* AppIdentity.swift */,
				8159960A49C32C26041C5256 /* ApplicationDelegate+About.swift */,
				3BDCD437C487CEE1CEE71A22 /* CompactAboutView.swift */,
				B121C255CD8D68E9673F4BA4 /* ReleasePolicy.swift */,
				1D1883A29573897172890DDD /* UpdateChecker.swift */,
				B795111210D68DF941CB9B7E /* UpdatePolicy.swift */,
			);
			path = About;
			sourceTree = "<group>";
		};
		D958257354866ECFC61FD814 /* Resources */ = {
			isa = PBXGroup;
			children = (
				DB91EEF94774F8CF12AB64D4 /* menu_icon.pdf */,
			);
			path = Resources;
			sourceTree = "<group>";
		};
		F22E23C1937159435006ABD9 /* Menu */ = {
			isa = PBXGroup;
			children = (
				ACC728BFDBEAA5AFF42FCD74 /* ApplicationDelegate+Menu.swift */,
				7FB0CFC4FB84DA213C85B8A1 /* MenuBarActionList.swift */,
				33E753CF14DC01BCC8D08D3D /* MenuBarAssignmentList.swift */,
				4E27BD2B35874DAC97B53B75 /* MenuBarAssignmentPill.swift */,
				5014C6C08F2939E299149C5F /* MenuBarAssignmentSection.swift */,
				7CCC61240C377CC0B57490FF /* MenuBarPanelAccessibility.swift */,
				6C8AFAF78F5FABB017191BA6 /* MenuBarPanelChrome.swift */,
				F2ADA91C6FC6F792ABAD2F3D /* MenuBarPanelContent.swift */,
				3AF43CA4CDCBA6A5E9C39CB4 /* MenuBarPanelController.swift */,
				15D5F96A2362DECAA7C5162F /* MenuBarPanelNotice.swift */,
				974256D0031FBD3AB7489104 /* MenuBarPanelNoticeView.swift */,
				60C37F30071FDD379B2A7118 /* MenuBarPanelPreviews.swift */,
				B2187CBFC2E4C31121A67AAE /* MenuBarPanelView.swift */,
			);
			path = Menu;
			sourceTree = "<group>";
		};
		F37FE37BC3C738A5BFEBE3E4 /* App */ = {
			isa = PBXGroup;
			children = (
				E5FAD46595D737ECDF9E6250 /* ApplicationTests.swift */,
				3FBA39498554B12B01D05986 /* ApplicationTestSupport.swift */,
			);
			path = App;
			sourceTree = "<group>";
		};
		F86EC0BFB9FD4FC6CCEA2463 /* SwiftTesting */ = {
			isa = PBXGroup;
			children = (
				62F5B23E7D0C8B96DAA22CEF /* App */,
				94FBDEF96365996D36E739AE /* Features */,
			);
			path = SwiftTesting;
			sourceTree = "<group>";
		};
/* End PBXGroup section */

/* Begin PBXNativeTarget section */
		40DDE6048205B37DA81AF2F4 /* KeyameleonXCTest */ = {
			isa = PBXNativeTarget;
			buildConfigurationList = 8342BE87378712D004A55937 /* Build configuration list for PBXNativeTarget "KeyameleonXCTest" */;
			buildPhases = (
				1667DF31532B9F76F7F42188 /* Sources */,
			);
			buildRules = (
			);
			dependencies = (
				35D7537BF190FEFCF68CDCC8 /* PBXTargetDependency */,
			);
			name = KeyameleonXCTest;
			packageProductDependencies = (
			);
			productName = KeyameleonXCTest;
			productReference = DD858A3F7B73F1B2C9FA633F /* KeyameleonXCTest.xctest */;
			productType = "com.apple.product-type.bundle.unit-test";
		};
		BC118DDA889522C04EAB366C /* KeyameleonSwiftTesting */ = {
			isa = PBXNativeTarget;
			buildConfigurationList = CEABDCF50BD0B7FBE7504D5F /* Build configuration list for PBXNativeTarget "KeyameleonSwiftTesting" */;
			buildPhases = (
				1A030A717CD420EC1FFE6D11 /* Sources */,
			);
			buildRules = (
			);
			dependencies = (
				CE4BB9F28A6C1FE9F8BD8A62 /* PBXTargetDependency */,
			);
			name = KeyameleonSwiftTesting;
			packageProductDependencies = (
			);
			productName = KeyameleonSwiftTesting;
			productReference = D1E005BC7B367BC78C0690C6 /* KeyameleonSwiftTesting.xctest */;
			productType = "com.apple.product-type.bundle.unit-test";
		};
		D7B1A298244D4331D2678655 /* Keyameleon */ = {
			isa = PBXNativeTarget;
			buildConfigurationList = 81AF15269B0CE5F92C7A4ACF /* Build configuration list for PBXNativeTarget "Keyameleon" */;
			buildPhases = (
				0EAE7CB37FFE17480F40FBA4 /* Sources */,
				9890252795B86EF14194365E /* Resources */,
				3DFAEBEB2F554425B022A83B /* Frameworks */,
			);
			buildRules = (
			);
			dependencies = (
			);
			name = Keyameleon;
			packageProductDependencies = (
				F3881EDB96F08B18FD0F617B /* Sparkle */,
			);
			productName = Keyameleon;
			productReference = 967B7E1070DD4601582EE6C6 /* Keyameleon.app */;
			productType = "com.apple.product-type.application";
		};
/* End PBXNativeTarget section */

/* Begin PBXProject section */
		17F49B025803125E5ABBCD4C /* Project object */ = {
			isa = PBXProject;
			attributes = {
				BuildIndependentTargetsInParallel = YES;
				LastUpgradeCheck = 1430;
				TargetAttributes = {
					40DDE6048205B37DA81AF2F4 = {
						ProvisioningStyle = Manual;
					};
					BC118DDA889522C04EAB366C = {
						ProvisioningStyle = Manual;
					};
					D7B1A298244D4331D2678655 = {
						ProvisioningStyle = Manual;
					};
				};
			};
			buildConfigurationList = 7638AEB52380FF81AE7DDDF1 /* Build configuration list for PBXProject "Keyameleon" */;
			developmentRegion = en;
			hasScannedForEncodings = 0;
			knownRegions = (
				Base,
				en,
			);
			mainGroup = 6D27DD524F53C9F5FAFBBC8A;
			minimizedProjectReferenceProxies = 1;
			packageReferences = (
				F43A7BD8D019CCACE99189E8 /* XCRemoteSwiftPackageReference "Sparkle" */,
			);
			preferredProjectObjectVersion = 77;
			productRefGroup = 53C95B12FF24EACFD405BBEB /* Products */;
			projectDirPath = "";
			projectRoot = "";
			targets = (
				D7B1A298244D4331D2678655 /* Keyameleon */,
				BC118DDA889522C04EAB366C /* KeyameleonSwiftTesting */,
				40DDE6048205B37DA81AF2F4 /* KeyameleonXCTest */,
			);
		};
/* End PBXProject section */

/* Begin PBXResourcesBuildPhase section */
		9890252795B86EF14194365E /* Resources */ = {
			isa = PBXResourcesBuildPhase;
			buildActionMask = 2147483647;
			files = (
				5C23FF1807F448C6382CF3C0 /* Keyameleon-icon.icon in Resources */,
				A903A1EBFAF729A3578E75E7 /* menu_icon.pdf in Resources */,
			);
			runOnlyForDeploymentPostprocessing = 0;
		};
/* End PBXResourcesBuildPhase section */

/* Begin PBXSourcesBuildPhase section */
		0EAE7CB37FFE17480F40FBA4 /* Sources */ = {
			isa = PBXSourcesBuildPhase;
			buildActionMask = 2147483647;
			files = (
				70F07E3878FB7A8185FCDD81 /* AboutFolderRow.swift in Sources */,
				455423AFB2AE72DF834D98C7 /* AboutSettingsView.swift in Sources */,
				8EF3D718CC6D54910BF9AC35 /* AboutWindowController.swift in Sources */,
				816EED0658604D04755487DD /* ActivityTriggeredSwitching.swift in Sources */,
				1341930774FE80E177471E32 /* ActivityTriggeredSwitchingOutcome.swift in Sources */,
				63436FC2E915F0B83273023C /* App.swift in Sources */,
				90C39303017E76F46C4A13EF /* AppIdentity.swift in Sources */,
				7B74D515AA0BE7872C38FE3A /* ApplicationDelegate+About.swift in Sources */,
				3656B61C1A628539095079AB /* ApplicationDelegate+Configuration.swift in Sources */,
				5CDFD62C23A8F54415F01C5D /* ApplicationDelegate+Menu.swift in Sources */,
				5E10210835C0A77985329259 /* ApplicationDelegate+Onboarding.swift in Sources */,
				906721B0DAE0F8DF5F7B2847 /* ApplicationDelegate.swift in Sources */,
				746EC1F1EEE185B138668067 /* CompactAboutView.swift in Sources */,
				3FCC0C2040726064934932F7 /* GeneralSettingsModel.swift in Sources */,
				DA112CC022D978D0343C12D6 /* GeneralSettingsView.swift in Sources */,
				3AA7C66BB6A5489DD03D9A7D /* HIDStreamRecovery.swift in Sources */,
				39C7507AE31DAD3D51E365B3 /* InputSource.swift in Sources */,
				CBD20998292D3894F918B676 /* InputSourceSelectionPolicy.swift in Sources */,
				4144E7EF83996656F8F4A67E /* InputSources.swift in Sources */,
				889BA327EC6E1BBD455DF698 /* InstallationIntegrityKey.swift in Sources */,
				527BD2B0EDC53489589D89E0 /* KeyameleonLog.swift in Sources */,
				4367448567D5B04726C2B59F /* KeyameleonLogCategory.swift in Sources */,
				0FAC8B1929700E6E365E1D44 /* KeyameleonLogFile.swift in Sources */,
				159B98D5103B09A498E7AAD6 /* KeyameleonLogLevel.swift in Sources */,
				AD7BA57DBD395917705D485E /* KeyameleonLogWriter.swift in Sources */,
				A8F06A529BC74882213736CD /* KeyameleonPreviewFixtures.swift in Sources */,
				B991A91F165AEE327285A2F3 /* KeyameleonRootView.swift in Sources */,
				FF77461CCE8C616C5B9E5869 /* KeyameleonSettingsWindowController.swift in Sources */,
				F8544AC66697C2D33980D9F3 /* KeyameleonWindowController.swift in Sources */,
				696C257B3027894F98A70B80 /* KeyboardAssignmentPickerView.swift in Sources */,
				DF8FCA84B3C344F181A9F6C9 /* KeyboardSettingsView.swift in Sources */,
				8309BF672D1A39B73641312A /* LaunchAtLogin.swift in Sources */,
				762BF4666C196B18B5920E39 /* Lifecycle.swift in Sources */,
				A8C9BE46B10D1EFCDF98014D /* ListenPermission.swift in Sources */,
				296377FCFED883C896E32623 /* ManualPhysicalKeyboardDesignation.swift in Sources */,
				C6D58E6288F62F976CE92B16 /* ManualPhysicalKeyboardDesignationNameSheet.swift in Sources */,
				99A02E0432C706B27AA974F3 /* ManualPhysicalKeyboardDesignationStore.swift in Sources */,
				9FDF6F39554FA2B0AB814980 /* MenuBarActionList.swift in Sources */,
				53DAC0C0ACEFFC5D2629B5AE /* MenuBarAssignmentList.swift in Sources */,
				2C7BC2E27A434F49F0D45F59 /* MenuBarAssignmentPill.swift in Sources */,
				2BB4E861F71DA62BC5F2CAC8 /* MenuBarAssignmentSection.swift in Sources */,
				C3629FBFE85FABA73119A005 /* MenuBarPanelAccessibility.swift in Sources */,
				11ED7611FEDA155DC96D5752 /* MenuBarPanelChrome.swift in Sources */,
				F4D7658A578A8B574CB65E86 /* MenuBarPanelContent.swift in Sources */,
				B5EC86AEFA479559EB8A8E80 /* MenuBarPanelController.swift in Sources */,
				6FF404006B8CEF0ACCB33811 /* MenuBarPanelNotice.swift in Sources */,
				20ACB033A217515B3E545CAC /* MenuBarPanelNoticeView.swift in Sources */,
				0FECCB093604246B6608FD55 /* MenuBarPanelPreviews.swift in Sources */,
				4CDF5DC52582BF9C61F200A7 /* MenuBarPanelView.swift in Sources */,
				53924388EA332DF79586922F /* OnboardingView.swift in Sources */,
				C522B04A2BEA05735CAE3D57 /* OperationalNotifications.swift in Sources */,
				EF30601E4AEBF9357D69E275 /* PhysicalKeyboard.swift in Sources */,
				E55C316C5DBB73785E24F605 /* PhysicalKeyboardDiscovery.swift in Sources */,
				F3235E8FDE46F7D7DA79C5C1 /* PhysicalKeyboardEvent.swift in Sources */,
				8AF97F2BC8C162D8707950D8 /* PhysicalKeyboardEventObserver.swift in Sources */,
				1AA27BA749DA8FBD0D8FCB9E /* PhysicalKeyboardStore.swift in Sources */,
				2F431E03DC7F21EC31E7EAFF /* ProductionFactory.swift in Sources */,
				8C38620B4630649C83BCC630 /* ReleasePolicy.swift in Sources */,
				07EB29A0188C360949C1E591 /* ReplaceSavedPhysicalKeyboardPickerView.swift in Sources */,
				5E2E12D5555808F0931ABDF8 /* SettingsSection.swift in Sources */,
				25585C64D960E44C5FE14C77 /* SetupModel.swift in Sources */,
				04162930FF10F1B98A52E8F8 /* SingleInstanceLock.swift in Sources */,
				6E6AE5997646E58C9C409CDC /* SwitchingStatus.swift in Sources */,
				E4C4892DEE368B7B9262DC5C /* SwitchingWarning.swift in Sources */,
				36F0019B86A7140B10EC0B34 /* UpdateChecker.swift in Sources */,
				70F9C19E96F2EF3FEED1EB56 /* UpdatePolicy.swift in Sources */,
				4E3F7FC607BD3E2CC2399318 /* View+Extension.swift in Sources */,
			);
			runOnlyForDeploymentPostprocessing = 0;
		};
		1667DF31532B9F76F7F42188 /* Sources */ = {
			isa = PBXSourcesBuildPhase;
			buildActionMask = 2147483647;
			files = (
				B08F7BB22047CB1226D85DE0 /* ApplicationTestSupport.swift in Sources */,
				554C8F3D8C17C99970D0AABD /* ApplicationTests.swift in Sources */,
			);
			runOnlyForDeploymentPostprocessing = 0;
		};
		1A030A717CD420EC1FFE6D11 /* Sources */ = {
			isa = PBXSourcesBuildPhase;
			buildActionMask = 2147483647;
			files = (
				D059CF0691CC676F19F28EF4 /* ActivationActivityTests.swift in Sources */,
				58EC1137A62DC507B54BD186 /* ActivityTriggeredSwitchingTestSupport.swift in Sources */,
				C141129AF9884DB0A559E5FE /* AppIdentityTests.swift in Sources */,
				A0A788E3E8075E65BD6A3D7B /* AssignmentTests.swift in Sources */,
				0D5990CDF78FCEC31E1BE3DE /* ConvergenceTests.swift in Sources */,
				A3E137E4ABBBA67A40696029 /* DiscoveryTests.swift in Sources */,
				834DF00C1C733986A3439329 /* GeneralSettingsModelTests.swift in Sources */,
				37C869248005FB1AA4AAF94C /* HIDStreamRecoveryTests.swift in Sources */,
				D2BB8767FE9D1C869D9E48B8 /* HostedUnitTestProcessTests.swift in Sources */,
				B210CF1E13BBF10B3A99DB5C /* InputSourceSelectionPolicyTests.swift in Sources */,
				7A8C6887DD7B079B13903F9B /* InstallationIntegrityKeychainTests.swift in Sources */,
				BCB7ACEA4648C2132116CC89 /* KeyameleonLogTests.swift in Sources */,
				F62E818CCB09141A65147F65 /* LifecycleTests.swift in Sources */,
				8E2A487FDBE6BB30222E2F7D /* ManualDesignationTests.swift in Sources */,
				35E9CFDD030E21B10BA02FBF /* MenuBarPanelAccessibilityTests.swift in Sources */,
				A1D53B54EA46E21E4902916F /* MenuBarPanelTests.swift in Sources */,
				F75B9DBA66ACFBC2515C516A /* MenuFirstTests.swift in Sources */,
				C4DDC22710860BA8F3F25EAA /* OnboardingCopyTests.swift in Sources */,
				AEAC56554AE601A9C56E0B0A /* OperationalNotificationTests.swift in Sources */,
				EDE350FFD06EB36F769AA047 /* ProtectedLifecycleTests.swift in Sources */,
				545EFDC6FEA23FD31F3533EF /* RecoveryTests.swift in Sources */,
				6144174388B5CF9A4A19C54C /* ReleasePolicyTests.swift in Sources */,
				086A502C11A7329CD6C8DEAE /* SettingsSectionTests.swift in Sources */,
				72696326EB311035F8CE8AF8 /* SetupModelTests.swift in Sources */,
				1457ED960574959E7AEF05D5 /* SingleInstanceTests.swift in Sources */,
				B1871EB4E5B84A26E8799B32 /* SwitchingTests.swift in Sources */,
				939E71CD62D4340FEBDB4BB4 /* UpdatePolicyTests.swift in Sources */,
			);
			runOnlyForDeploymentPostprocessing = 0;
		};
/* End PBXSourcesBuildPhase section */

/* Begin PBXTargetDependency section */
		35D7537BF190FEFCF68CDCC8 /* PBXTargetDependency */ = {
			isa = PBXTargetDependency;
			target = D7B1A298244D4331D2678655 /* Keyameleon */;
			targetProxy = 62FB124316A61CE353FCFE6C /* PBXContainerItemProxy */;
		};
		CE4BB9F28A6C1FE9F8BD8A62 /* PBXTargetDependency */ = {
			isa = PBXTargetDependency;
			target = D7B1A298244D4331D2678655 /* Keyameleon */;
			targetProxy = FB198F04415ABEB102418C3F /* PBXContainerItemProxy */;
		};
/* End PBXTargetDependency section */

/* Begin XCBuildConfiguration section */
		129D3100D43ECD4BEB65FA8C /* Debug */ = {
			isa = XCBuildConfiguration;
			buildSettings = {
				BUNDLE_LOADER = "$(TEST_HOST)";
				COMBINE_HIDPI_IMAGES = YES;
				GENERATE_INFOPLIST_FILE = YES;
				LD_RUNPATH_SEARCH_PATHS = (
					"$(inherited)",
					"@executable_path/../Frameworks",
					"@loader_path/../Frameworks",
				);
				PRODUCT_BUNDLE_IDENTIFIER = "dev.fedemas.keyameleon.tests.swift-testing";
				SDKROOT = macosx;
				TEST_HOST = "$(BUILT_PRODUCTS_DIR)/Keyameleon.app/Contents/MacOS/Keyameleon";
			};
			name = Debug;
		};
		1326138679CFD48417856D1B /* Release */ = {
			isa = XCBuildConfiguration;
			buildSettings = {
				ASSETCATALOG_COMPILER_APPICON_NAME = "Keyameleon-icon";
				COMBINE_HIDPI_IMAGES = YES;
				GENERATE_INFOPLIST_FILE = YES;
				INFOPLIST_FILE = Sources/App/Info.plist;
				INFOPLIST_KEY_CFBundleDisplayName = Keyameleon;
				INFOPLIST_KEY_LSApplicationCategoryType = "public.app-category.utilities";
				INFOPLIST_KEY_LSUIElement = YES;
				INFOPLIST_KEY_NSInputMonitoringUsageDescription = "Keyameleon observes Activation Activity from each Physical Keyboard so Activity-Triggered Switching can select the assigned Input Source.";
				LD_RUNPATH_SEARCH_PATHS = (
					"$(inherited)",
					"@executable_path/../Frameworks",
				);
				PRODUCT_BUNDLE_IDENTIFIER = dev.fedemas.keyameleon;
				PRODUCT_NAME = Keyameleon;
				SDKROOT = macosx;
			};
			name = Release;
		};
		2D06E286C10696E74C1E7222 /* Release */ = {
			isa = XCBuildConfiguration;
			buildSettings = {
				ALWAYS_SEARCH_USER_PATHS = NO;
				CLANG_ANALYZER_NONNULL = YES;
				CLANG_ANALYZER_NUMBER_OBJECT_CONVERSION = YES_AGGRESSIVE;
				CLANG_CXX_LANGUAGE_STANDARD = "gnu++14";
				CLANG_CXX_LIBRARY = "libc++";
				CLANG_ENABLE_MODULES = YES;
				CLANG_ENABLE_OBJC_ARC = YES;
				CLANG_ENABLE_OBJC_WEAK = YES;
				CLANG_WARN_BLOCK_CAPTURE_AUTORELEASING = YES;
				CLANG_WARN_BOOL_CONVERSION = YES;
				CLANG_WARN_COMMA = YES;
				CLANG_WARN_CONSTANT_CONVERSION = YES;
				CLANG_WARN_DEPRECATED_OBJC_IMPLEMENTATIONS = YES;
				CLANG_WARN_DIRECT_OBJC_ISA_USAGE = YES_ERROR;
				CLANG_WARN_DOCUMENTATION_COMMENTS = YES;
				CLANG_WARN_EMPTY_BODY = YES;
				CLANG_WARN_ENUM_CONVERSION = YES;
				CLANG_WARN_INFINITE_RECURSION = YES;
				CLANG_WARN_INT_CONVERSION = YES;
				CLANG_WARN_NON_LITERAL_NULL_CONVERSION = YES;
				CLANG_WARN_OBJC_IMPLICIT_RETAIN_SELF = YES;
				CLANG_WARN_OBJC_LITERAL_CONVERSION = YES;
				CLANG_WARN_OBJC_ROOT_CLASS = YES_ERROR;
				CLANG_WARN_QUOTED_INCLUDE_IN_FRAMEWORK_HEADER = YES;
				CLANG_WARN_RANGE_LOOP_ANALYSIS = YES;
				CLANG_WARN_STRICT_PROTOTYPES = YES;
				CLANG_WARN_SUSPICIOUS_MOVE = YES;
				CLANG_WARN_UNGUARDED_AVAILABILITY = YES_AGGRESSIVE;
				CLANG_WARN_UNREACHABLE_CODE = YES;
				CLANG_WARN__DUPLICATE_METHOD_MATCH = YES;
				CODE_SIGNING_REQUIRED = NO;
				CODE_SIGN_IDENTITY = "-";
				CODE_SIGN_STYLE = Manual;
				COPY_PHASE_STRIP = NO;
				CURRENT_PROJECT_VERSION = 1;
				DEBUG_INFORMATION_FORMAT = "dwarf-with-dsym";
				ENABLE_HARDENED_RUNTIME = YES;
				ENABLE_NS_ASSERTIONS = NO;
				ENABLE_STRICT_OBJC_MSGSEND = YES;
				GCC_C_LANGUAGE_STANDARD = gnu11;
				GCC_NO_COMMON_BLOCKS = YES;
				GCC_TREAT_WARNINGS_AS_ERRORS = YES;
				GCC_WARN_64_TO_32_BIT_CONVERSION = YES;
				GCC_WARN_ABOUT_RETURN_TYPE = YES_ERROR;
				GCC_WARN_UNDECLARED_SELECTOR = YES;
				GCC_WARN_UNINITIALIZED_AUTOS = YES_AGGRESSIVE;
				GCC_WARN_UNUSED_FUNCTION = YES;
				GCC_WARN_UNUSED_VARIABLE = YES;
				MACOSX_DEPLOYMENT_TARGET = 26.0;
				MARKETING_VERSION = 0.3.0;
				MTL_ENABLE_DEBUG_INFO = NO;
				MTL_FAST_MATH = YES;
				PRODUCT_NAME = "$(TARGET_NAME)";
				SDKROOT = macosx;
				SWIFT_COMPILATION_MODE = wholemodule;
				SWIFT_OPTIMIZATION_LEVEL = "-O";
				SWIFT_STRICT_CONCURRENCY = complete;
				SWIFT_TREAT_WARNINGS_AS_ERRORS = YES;
				SWIFT_VERSION = 6.0;
			};
			name = Release;
		};
		4315D0892B9A889F3B24E20B /* Debug */ = {
			isa = XCBuildConfiguration;
			buildSettings = {
				ALWAYS_SEARCH_USER_PATHS = NO;
				CLANG_ANALYZER_NONNULL = YES;
				CLANG_ANALYZER_NUMBER_OBJECT_CONVERSION = YES_AGGRESSIVE;
				CLANG_CXX_LANGUAGE_STANDARD = "gnu++14";
				CLANG_CXX_LIBRARY = "libc++";
				CLANG_ENABLE_MODULES = YES;
				CLANG_ENABLE_OBJC_ARC = YES;
				CLANG_ENABLE_OBJC_WEAK = YES;
				CLANG_WARN_BLOCK_CAPTURE_AUTORELEASING = YES;
				CLANG_WARN_BOOL_CONVERSION = YES;
				CLANG_WARN_COMMA = YES;
				CLANG_WARN_CONSTANT_CONVERSION = YES;
				CLANG_WARN_DEPRECATED_OBJC_IMPLEMENTATIONS = YES;
				CLANG_WARN_DIRECT_OBJC_ISA_USAGE = YES_ERROR;
				CLANG_WARN_DOCUMENTATION_COMMENTS = YES;
				CLANG_WARN_EMPTY_BODY = YES;
				CLANG_WARN_ENUM_CONVERSION = YES;
				CLANG_WARN_INFINITE_RECURSION = YES;
				CLANG_WARN_INT_CONVERSION = YES;
				CLANG_WARN_NON_LITERAL_NULL_CONVERSION = YES;
				CLANG_WARN_OBJC_IMPLICIT_RETAIN_SELF = YES;
				CLANG_WARN_OBJC_LITERAL_CONVERSION = YES;
				CLANG_WARN_OBJC_ROOT_CLASS = YES_ERROR;
				CLANG_WARN_QUOTED_INCLUDE_IN_FRAMEWORK_HEADER = YES;
				CLANG_WARN_RANGE_LOOP_ANALYSIS = YES;
				CLANG_WARN_STRICT_PROTOTYPES = YES;
				CLANG_WARN_SUSPICIOUS_MOVE = YES;
				CLANG_WARN_UNGUARDED_AVAILABILITY = YES_AGGRESSIVE;
				CLANG_WARN_UNREACHABLE_CODE = YES;
				CLANG_WARN__DUPLICATE_METHOD_MATCH = YES;
				CODE_SIGNING_REQUIRED = NO;
				CODE_SIGN_IDENTITY = "-";
				CODE_SIGN_STYLE = Manual;
				COPY_PHASE_STRIP = NO;
				CURRENT_PROJECT_VERSION = 1;
				DEBUG_INFORMATION_FORMAT = dwarf;
				ENABLE_HARDENED_RUNTIME = YES;
				ENABLE_STRICT_OBJC_MSGSEND = YES;
				ENABLE_TESTABILITY = YES;
				GCC_C_LANGUAGE_STANDARD = gnu11;
				GCC_DYNAMIC_NO_PIC = NO;
				GCC_NO_COMMON_BLOCKS = YES;
				GCC_OPTIMIZATION_LEVEL = 0;
				GCC_PREPROCESSOR_DEFINITIONS = (
					"$(inherited)",
					"DEBUG=1",
				);
				GCC_TREAT_WARNINGS_AS_ERRORS = YES;
				GCC_WARN_64_TO_32_BIT_CONVERSION = YES;
				GCC_WARN_ABOUT_RETURN_TYPE = YES_ERROR;
				GCC_WARN_UNDECLARED_SELECTOR = YES;
				GCC_WARN_UNINITIALIZED_AUTOS = YES_AGGRESSIVE;
				GCC_WARN_UNUSED_FUNCTION = YES;
				GCC_WARN_UNUSED_VARIABLE = YES;
				MACOSX_DEPLOYMENT_TARGET = 26.0;
				MARKETING_VERSION = 0.3.0;
				MTL_ENABLE_DEBUG_INFO = INCLUDE_SOURCE;
				MTL_FAST_MATH = YES;
				ONLY_ACTIVE_ARCH = YES;
				PRODUCT_NAME = "$(TARGET_NAME)";
				SDKROOT = macosx;
				SWIFT_ACTIVE_COMPILATION_CONDITIONS = DEBUG;
				SWIFT_OPTIMIZATION_LEVEL = "-Onone";
				SWIFT_STRICT_CONCURRENCY = complete;
				SWIFT_TREAT_WARNINGS_AS_ERRORS = YES;
				SWIFT_VERSION = 6.0;
			};
			name = Debug;
		};
		56BD1B3EA091D02346B5C763 /* Release */ = {
			isa = XCBuildConfiguration;
			buildSettings = {
				BUNDLE_LOADER = "$(TEST_HOST)";
				COMBINE_HIDPI_IMAGES = YES;
				GENERATE_INFOPLIST_FILE = YES;
				LD_RUNPATH_SEARCH_PATHS = (
					"$(inherited)",
					"@executable_path/../Frameworks",
					"@loader_path/../Frameworks",
				);
				PRODUCT_BUNDLE_IDENTIFIER = "dev.fedemas.keyameleon.tests.swift-testing";
				SDKROOT = macosx;
				TEST_HOST = "$(BUILT_PRODUCTS_DIR)/Keyameleon.app/Contents/MacOS/Keyameleon";
			};
			name = Release;
		};
		573ED7C061495B1BDBF4B002 /* Debug */ = {
			isa = XCBuildConfiguration;
			buildSettings = {
				BUNDLE_LOADER = "$(TEST_HOST)";
				COMBINE_HIDPI_IMAGES = YES;
				GENERATE_INFOPLIST_FILE = YES;
				LD_RUNPATH_SEARCH_PATHS = (
					"$(inherited)",
					"@executable_path/../Frameworks",
					"@loader_path/../Frameworks",
				);
				PRODUCT_BUNDLE_IDENTIFIER = dev.fedemas.keyameleon.tests.xctest;
				SDKROOT = macosx;
				TEST_HOST = "$(BUILT_PRODUCTS_DIR)/Keyameleon.app/Contents/MacOS/Keyameleon";
			};
			name = Debug;
		};
		69C35E70D354FBF23A976F7E /* Debug */ = {
			isa = XCBuildConfiguration;
			buildSettings = {
				ASSETCATALOG_COMPILER_APPICON_NAME = "Keyameleon-icon";
				COMBINE_HIDPI_IMAGES = YES;
				GENERATE_INFOPLIST_FILE = YES;
				INFOPLIST_FILE = Sources/App/Info.plist;
				INFOPLIST_KEY_CFBundleDisplayName = Keyameleon;
				INFOPLIST_KEY_LSApplicationCategoryType = "public.app-category.utilities";
				INFOPLIST_KEY_LSUIElement = YES;
				INFOPLIST_KEY_NSInputMonitoringUsageDescription = "Keyameleon observes Activation Activity from each Physical Keyboard so Activity-Triggered Switching can select the assigned Input Source.";
				LD_RUNPATH_SEARCH_PATHS = (
					"$(inherited)",
					"@executable_path/../Frameworks",
				);
				PRODUCT_BUNDLE_IDENTIFIER = dev.fedemas.keyameleon.development;
				PRODUCT_NAME = Keyameleon;
				SDKROOT = macosx;
			};
			name = Debug;
		};
		C41CDAF41A6D55837067C37C /* Release */ = {
			isa = XCBuildConfiguration;
			buildSettings = {
				BUNDLE_LOADER = "$(TEST_HOST)";
				COMBINE_HIDPI_IMAGES = YES;
				GENERATE_INFOPLIST_FILE = YES;
				LD_RUNPATH_SEARCH_PATHS = (
					"$(inherited)",
					"@executable_path/../Frameworks",
					"@loader_path/../Frameworks",
				);
				PRODUCT_BUNDLE_IDENTIFIER = dev.fedemas.keyameleon.tests.xctest;
				SDKROOT = macosx;
				TEST_HOST = "$(BUILT_PRODUCTS_DIR)/Keyameleon.app/Contents/MacOS/Keyameleon";
			};
			name = Release;
		};
/* End XCBuildConfiguration section */

/* Begin XCConfigurationList section */
		7638AEB52380FF81AE7DDDF1 /* Build configuration list for PBXProject "Keyameleon" */ = {
			isa = XCConfigurationList;
			buildConfigurations = (
				4315D0892B9A889F3B24E20B /* Debug */,
				2D06E286C10696E74C1E7222 /* Release */,
			);
			defaultConfigurationIsVisible = 0;
			defaultConfigurationName = Debug;
		};
		81AF15269B0CE5F92C7A4ACF /* Build configuration list for PBXNativeTarget "Keyameleon" */ = {
			isa = XCConfigurationList;
			buildConfigurations = (
				69C35E70D354FBF23A976F7E /* Debug */,
				1326138679CFD48417856D1B /* Release */,
			);
			defaultConfigurationIsVisible = 0;
			defaultConfigurationName = Debug;
		};
		8342BE87378712D004A55937 /* Build configuration list for PBXNativeTarget "KeyameleonXCTest" */ = {
			isa = XCConfigurationList;
			buildConfigurations = (
				573ED7C061495B1BDBF4B002 /* Debug */,
				C41CDAF41A6D55837067C37C /* Release */,
			);
			defaultConfigurationIsVisible = 0;
			defaultConfigurationName = Debug;
		};
		CEABDCF50BD0B7FBE7504D5F /* Build configuration list for PBXNativeTarget "KeyameleonSwiftTesting" */ = {
			isa = XCConfigurationList;
			buildConfigurations = (
				129D3100D43ECD4BEB65FA8C /* Debug */,
				56BD1B3EA091D02346B5C763 /* Release */,
			);
			defaultConfigurationIsVisible = 0;
			defaultConfigurationName = Debug;
		};
/* End XCConfigurationList section */

/* Begin XCRemoteSwiftPackageReference section */
		F43A7BD8D019CCACE99189E8 /* XCRemoteSwiftPackageReference "Sparkle" */ = {
			isa = XCRemoteSwiftPackageReference;
			repositoryURL = "https://github.com/sparkle-project/Sparkle";
			requirement = {
				kind = upToNextMajorVersion;
				minimumVersion = 2.6.0;
			};
		};
/* End XCRemoteSwiftPackageReference section */

/* Begin XCSwiftPackageProductDependency section */
		F3881EDB96F08B18FD0F617B /* Sparkle */ = {
			isa = XCSwiftPackageProductDependency;
			package = F43A7BD8D019CCACE99189E8 /* XCRemoteSwiftPackageReference "Sparkle" */;
			productName = Sparkle;
		};
/* End XCSwiftPackageProductDependency section */
	};
	rootObject = 17F49B025803125E5ABBCD4C /* Project object */;
}
