// !$*UTF8*$!
{
	archiveVersion = 1;
	classes = {
	};
	objectVersion = 77;
	objects = {

/* Begin PBXBuildFile section */
		03C20AF1309BDDFD13859B7B /* ConvergenceTests.swift in Sources */ = {isa = PBXBuildFile; fileRef = 6E98D0AC0DC16B488CC68F34 /* ConvergenceTests.swift */; };
		059476CFED67F850100CBA43 /* UpdatePolicy.swift in Sources */ = {isa = PBXBuildFile; fileRef = BBA6153A9F4D4EF18DDDE19D /* UpdatePolicy.swift */; };
		06EBFF4FA1E89F0CBB858180 /* ProtectedLifecycleTests.swift in Sources */ = {isa = PBXBuildFile; fileRef = 8BEA8388D3DD1A74A410FD13 /* ProtectedLifecycleTests.swift */; };
		08D3A64C845E5958312E508E /* UncleanExitState.swift in Sources */ = {isa = PBXBuildFile; fileRef = A760C722DF4EA56CBAAB76C6 /* UncleanExitState.swift */; };
		090EBFE10ACB9E267ED15570 /* CryptoKit.framework in Frameworks */ = {isa = PBXBuildFile; fileRef = 292B87F6B6EB98598837DB1B /* CryptoKit.framework */; };
		0C7B8751B513E6FD6EBEAE84 /* ReleasePolicyTests.swift in Sources */ = {isa = PBXBuildFile; fileRef = D1F32D17E09CBE4F2CC016DE /* ReleasePolicyTests.swift */; };
		10C10DA54CEEC81C6E86EC7A /* ManualPhysicalKeyboardDesignationStore.swift in Sources */ = {isa = PBXBuildFile; fileRef = B53925154A212D0013E930A2 /* ManualPhysicalKeyboardDesignationStore.swift */; };
		15EADB73F954D79F813518EC /* Carbon.framework in Frameworks */ = {isa = PBXBuildFile; fileRef = 5225FE09338A066FF3E0C002 /* Carbon.framework */; };
		187E867991A04368B8582C70 /* SetupModel.swift in Sources */ = {isa = PBXBuildFile; fileRef = 5D034ED3A59FFA8A4A8E5CD7 /* SetupModel.swift */; };
		1E1179B5322D8292B3D7A9F4 /* ApplicationTests.swift in Sources */ = {isa = PBXBuildFile; fileRef = 98542FD5C82032FA9E2F7AF9 /* ApplicationTests.swift */; };
		289DA25583F6E6AC2E0DF99B /* InputSource.swift in Sources */ = {isa = PBXBuildFile; fileRef = A0DD2621A84D0D5ACCEFA2F4 /* InputSource.swift */; };
		2BFC773BE39EA5A451F1C185 /* OperationalNotificationTests.swift in Sources */ = {isa = PBXBuildFile; fileRef = F2CC319B73F7842AC7EFD0DC /* OperationalNotificationTests.swift */; };
		2FBE8C1CF0C837F0FD7A7B22 /* GeneralSettingsModelTests.swift in Sources */ = {isa = PBXBuildFile; fileRef = 3FD75A61707183BD0E107165 /* GeneralSettingsModelTests.swift */; };
		34EFF25115723D444C623637 /* Sparkle in Frameworks */ = {isa = PBXBuildFile; productRef = F3881EDB96F08B18FD0F617B /* Sparkle */; };
		35C4F14DEBE88C93C6B5A2A3 /* AssignmentTests.swift in Sources */ = {isa = PBXBuildFile; fileRef = 15E37E4A630DC2EC1DFDE3DE /* AssignmentTests.swift */; };
		3CCBEAB699835B72E4EF0C59 /* DiagnosticData.swift in Sources */ = {isa = PBXBuildFile; fileRef = 11414C3BBD0946C0653CE62E /* DiagnosticData.swift */; };
		4619577154F398B850D4BE8E /* DiagnosticDataStore.swift in Sources */ = {isa = PBXBuildFile; fileRef = 02BECCA44F5BC3EBD06111BE /* DiagnosticDataStore.swift */; };
		4641828CA43C4D22AF22077A /* ReleasePolicy.swift in Sources */ = {isa = PBXBuildFile; fileRef = AEDB8B347F199B06902DF758 /* ReleasePolicy.swift */; };
		48015E432FD28317B7DD5C50 /* ServiceManagement.framework in Frameworks */ = {isa = PBXBuildFile; fileRef = 9D397C615AE93268A186585C /* ServiceManagement.framework */; };
		49316C09EF30EEB66F3802AF /* Security.framework in Frameworks */ = {isa = PBXBuildFile; fileRef = AC6BDE001E72B645ABFC8A82 /* Security.framework */; };
		4E388802FAADB42EBB0D86C2 /* PhysicalKeyboardEvent.swift in Sources */ = {isa = PBXBuildFile; fileRef = 25859C507998EB873999F385 /* PhysicalKeyboardEvent.swift */; };
		58DDA085B57FB4BE4336A31A /* SetupModelTests.swift in Sources */ = {isa = PBXBuildFile; fileRef = 121A7F398BDBAFE53E28C58E /* SetupModelTests.swift */; };
		595EED790099599C0103B092 /* SwitchingStatus.swift in Sources */ = {isa = PBXBuildFile; fileRef = 5730AC35BECDCBDCA89C6DA3 /* SwitchingStatus.swift */; };
		63436FC2E915F0B83273023C /* App.swift in Sources */ = {isa = PBXBuildFile; fileRef = 8AD8FB5FFB9840099C00C830 /* App.swift */; };
		64E3E73BCBE33BBF8DA964B2 /* SwiftData.framework in Frameworks */ = {isa = PBXBuildFile; fileRef = 81634072FBBCD7BCF66DC8CC /* SwiftData.framework */; };
		67C45F69D56D4B0C48C92E23 /* PhysicalKeyboard.swift in Sources */ = {isa = PBXBuildFile; fileRef = 983C8E45DAD547D8162603B6 /* PhysicalKeyboard.swift */; };
		6E0257D68BB77F755CA07D72 /* LifecycleUITests.swift in Sources */ = {isa = PBXBuildFile; fileRef = D756A7EA1BDFB814C2B383B3 /* LifecycleUITests.swift */; };
		744BCF16F1595722CC1E7D0F /* DiagnosticDataTests.swift in Sources */ = {isa = PBXBuildFile; fileRef = 2524EEFA1711ADE5CEAF4EAA /* DiagnosticDataTests.swift */; };
		799125EBDA6D27A23803AF1B /* DiagnosticDataService.swift in Sources */ = {isa = PBXBuildFile; fileRef = D29B24A67009EA8DCF50F391 /* DiagnosticDataService.swift */; };
		7FDB18B30F2508DBF4354A47 /* SwitchingWarning.swift in Sources */ = {isa = PBXBuildFile; fileRef = 556A0239D8D2035B0CF38C0C /* SwitchingWarning.swift */; };
		801C74CE0102A0B052B40287 /* CoreHID.framework in Frameworks */ = {isa = PBXBuildFile; fileRef = 77C809ABBA1C70D9822B5BA5 /* CoreHID.framework */; };
		82EA08D271944A6E1DE10B38 /* GeneralSettingsModel.swift in Sources */ = {isa = PBXBuildFile; fileRef = 5D03E89D0E631882E1FEECD2 /* GeneralSettingsModel.swift */; };
		831F87F612659C8281EC3FE9 /* Lifecycle.swift in Sources */ = {isa = PBXBuildFile; fileRef = C5D532AF0922ACF6FB01AFF1 /* Lifecycle.swift */; };
		8CD922A19D618C9525EC5490 /* ActivationActivityTests.swift in Sources */ = {isa = PBXBuildFile; fileRef = 469433B6ABEC878F773B1F50 /* ActivationActivityTests.swift */; };
		906721B0DAE0F8DF5F7B2847 /* ApplicationDelegate.swift in Sources */ = {isa = PBXBuildFile; fileRef = BAFD6C2C12E6744103679EBE /* ApplicationDelegate.swift */; };
		91E6DD5CBEB5B2DAE4AC91F1 /* SwiftUI.framework in Frameworks */ = {isa = PBXBuildFile; fileRef = FAF64CA3A3802AD87234A325 /* SwiftUI.framework */; };
		94965581A0590A5E82DB2793 /* DiscoveryTests.swift in Sources */ = {isa = PBXBuildFile; fileRef = 173FB63477CD7B6BCA3482A3 /* DiscoveryTests.swift */; };
		9E6354C10E724605840570E8 /* InputSources.swift in Sources */ = {isa = PBXBuildFile; fileRef = 8F6A7020C94F2FD13853D645 /* InputSources.swift */; };
		9EBED114C6E30DB6C52911BF /* DiagnosticWindowController.swift in Sources */ = {isa = PBXBuildFile; fileRef = F12688E745FEE2229C9EA9B7 /* DiagnosticWindowController.swift */; };
		A00E9121965AC9358A33DB3B /* RecoveryTests.swift in Sources */ = {isa = PBXBuildFile; fileRef = B6F2F27F6D94088F0A945139 /* RecoveryTests.swift */; };
		A4CF953DD84068C1786D51D2 /* UncleanExitTests.swift in Sources */ = {isa = PBXBuildFile; fileRef = 0A301EAA639B770F7935C3B7 /* UncleanExitTests.swift */; };
		A7C36DFDA7414A19C6CDE713 /* DiagnosticBundleReviewView.swift in Sources */ = {isa = PBXBuildFile; fileRef = 55C03FB672E3233D35CFA653 /* DiagnosticBundleReviewView.swift */; };
		A7DD977154EBE621232DBCDD /* WindowController.swift in Sources */ = {isa = PBXBuildFile; fileRef = 4C0BB2BCEEE9B54D7D59987A /* WindowController.swift */; };
		ACA1D2A2F87C1D348122EE23 /* IOKit.framework in Frameworks */ = {isa = PBXBuildFile; fileRef = 27C9E4BB494DF1AF4ED49BA1 /* IOKit.framework */; };
		ACBFAD8BC2BA205BD7E14575 /* InstallationIntegrityKey.swift in Sources */ = {isa = PBXBuildFile; fileRef = E08F5F8AE410D0FB94462FA8 /* InstallationIntegrityKey.swift */; };
		B0AE2EC67744B63A24235EF2 /* SwitchingTests.swift in Sources */ = {isa = PBXBuildFile; fileRef = 9B34AD2AC37423AEC5A62769 /* SwitchingTests.swift */; };
		BA4F423F402D00CA146EFFAD /* LifecycleTests.swift in Sources */ = {isa = PBXBuildFile; fileRef = 0E800175BE23F1A513268887 /* LifecycleTests.swift */; };
		BD35E25C6361F8281935F1E1 /* OperationalNotifications.swift in Sources */ = {isa = PBXBuildFile; fileRef = 5D7DDA07E15C86A973F7EC71 /* OperationalNotifications.swift */; };
		C0C969EF50297720863A4CF1 /* UserNotifications.framework in Frameworks */ = {isa = PBXBuildFile; fileRef = 96EAAA7C23460CFB5FE490B2 /* UserNotifications.framework */; };
		C2E80761E04D1CB57A29B615 /* PhysicalKeyboardDiscovery.swift in Sources */ = {isa = PBXBuildFile; fileRef = E448EF2582F9A857DE37EC7B /* PhysicalKeyboardDiscovery.swift */; };
		CABD1BC3E4A2D1B54E22FC5B /* ListenPermission.swift in Sources */ = {isa = PBXBuildFile; fileRef = E182B1A00967D6ABCB27D357 /* ListenPermission.swift */; };
		CC4D4CD3FDBEABF26DFD8779 /* AppKit.framework in Frameworks */ = {isa = PBXBuildFile; fileRef = F2F89B01FA50D2E2724A74C3 /* AppKit.framework */; };
		CDEB08A343F64C57326A72EE /* ManualDesignationTests.swift in Sources */ = {isa = PBXBuildFile; fileRef = 5C8CDA6E574C185BEAD48989 /* ManualDesignationTests.swift */; };
		CFAE25F9126FE28912B366E5 /* PhysicalKeyboardStore.swift in Sources */ = {isa = PBXBuildFile; fileRef = 4078DC295FA8891D3B21FFC9 /* PhysicalKeyboardStore.swift */; };
		D7D64A72C6CB23575841963A /* GeneralSettingsView.swift in Sources */ = {isa = PBXBuildFile; fileRef = 45612E59BDD15A842AEA2B7C /* GeneralSettingsView.swift */; };
		DC3FF408A6D6AE793789D0CC /* LaunchAtLogin.swift in Sources */ = {isa = PBXBuildFile; fileRef = 8E726E51A5724616DEE3DC78 /* LaunchAtLogin.swift */; };
		DE506B45896CE93DFB607813 /* MenuFirstTests.swift in Sources */ = {isa = PBXBuildFile; fileRef = 7BEC56C6D332AED3772C92D9 /* MenuFirstTests.swift */; };
		E7ECA56E3601A3B66CA7F3F3 /* RootView.swift in Sources */ = {isa = PBXBuildFile; fileRef = 3A8FEB7EE535E8C18BD9D70E /* RootView.swift */; };
		F5723A6F857F899E97BDC980 /* UpdateChecker.swift in Sources */ = {isa = PBXBuildFile; fileRef = 3C710797D8D223EBD0663F59 /* UpdateChecker.swift */; };
		F709A33523FE9F750C0CA4C0 /* ManualPhysicalKeyboardDesignation.swift in Sources */ = {isa = PBXBuildFile; fileRef = 24ED6FFDC073384B3CF3D346 /* ManualPhysicalKeyboardDesignation.swift */; };
		FA91956D06B52529439BF8D0 /* PhysicalKeyboardEventObserver.swift in Sources */ = {isa = PBXBuildFile; fileRef = 7344A958EDF1CC3454029751 /* PhysicalKeyboardEventObserver.swift */; };
		FB39E04074F5D3884F9FC645 /* UpdatePolicyTests.swift in Sources */ = {isa = PBXBuildFile; fileRef = FC3803559762A26A22D58DB8 /* UpdatePolicyTests.swift */; };
/* End PBXBuildFile section */

/* Begin PBXContainerItemProxy section */
		62FB124316A61CE353FCFE6C /* PBXContainerItemProxy */ = {
			isa = PBXContainerItemProxy;
			containerPortal = 17F49B025803125E5ABBCD4C /* Project object */;
			proxyType = 1;
			remoteGlobalIDString = D7B1A298244D4331D2678655;
			remoteInfo = Keyameleon;
		};
		D07789ECD894B6BCEB9EA519 /* PBXContainerItemProxy */ = {
			isa = PBXContainerItemProxy;
			containerPortal = 17F49B025803125E5ABBCD4C /* Project object */;
			proxyType = 1;
			remoteGlobalIDString = D7B1A298244D4331D2678655;
			remoteInfo = Keyameleon;
		};
		FB198F04415ABEB102418C3F /* PBXContainerItemProxy */ = {
			isa = PBXContainerItemProxy;
			containerPortal = 17F49B025803125E5ABBCD4C /* Project object */;
			proxyType = 1;
			remoteGlobalIDString = D7B1A298244D4331D2678655;
			remoteInfo = Keyameleon;
		};
/* End PBXContainerItemProxy section */

/* Begin PBXFileReference section */
		02BECCA44F5BC3EBD06111BE /* DiagnosticDataStore.swift */ = {isa = PBXFileReference; lastKnownFileType = sourcecode.swift; path = DiagnosticDataStore.swift; sourceTree = "<group>"; };
		077A1A619B7B568508D1505F /* Info.plist */ = {isa = PBXFileReference; lastKnownFileType = text.plist; path = Info.plist; sourceTree = "<group>"; };
		0A301EAA639B770F7935C3B7 /* UncleanExitTests.swift */ = {isa = PBXFileReference; lastKnownFileType = sourcecode.swift; path = UncleanExitTests.swift; sourceTree = "<group>"; };
		0E800175BE23F1A513268887 /* LifecycleTests.swift */ = {isa = PBXFileReference; lastKnownFileType = sourcecode.swift; path = LifecycleTests.swift; sourceTree = "<group>"; };
		11414C3BBD0946C0653CE62E /* DiagnosticData.swift */ = {isa = PBXFileReference; lastKnownFileType = sourcecode.swift; path = DiagnosticData.swift; sourceTree = "<group>"; };
		121A7F398BDBAFE53E28C58E /* SetupModelTests.swift */ = {isa = PBXFileReference; lastKnownFileType = sourcecode.swift; path = SetupModelTests.swift; sourceTree = "<group>"; };
		15E37E4A630DC2EC1DFDE3DE /* AssignmentTests.swift */ = {isa = PBXFileReference; lastKnownFileType = sourcecode.swift; path = AssignmentTests.swift; sourceTree = "<group>"; };
		173FB63477CD7B6BCA3482A3 /* DiscoveryTests.swift */ = {isa = PBXFileReference; lastKnownFileType = sourcecode.swift; path = DiscoveryTests.swift; sourceTree = "<group>"; };
		24ED6FFDC073384B3CF3D346 /* ManualPhysicalKeyboardDesignation.swift */ = {isa = PBXFileReference; lastKnownFileType = sourcecode.swift; path = ManualPhysicalKeyboardDesignation.swift; sourceTree = "<group>"; };
		2524EEFA1711ADE5CEAF4EAA /* DiagnosticDataTests.swift */ = {isa = PBXFileReference; lastKnownFileType = sourcecode.swift; path = DiagnosticDataTests.swift; sourceTree = "<group>"; };
		25859C507998EB873999F385 /* PhysicalKeyboardEvent.swift */ = {isa = PBXFileReference; lastKnownFileType = sourcecode.swift; path = PhysicalKeyboardEvent.swift; sourceTree = "<group>"; };
		27C9E4BB494DF1AF4ED49BA1 /* IOKit.framework */ = {isa = PBXFileReference; lastKnownFileType = wrapper.framework; name = IOKit.framework; path = System/Library/Frameworks/IOKit.framework; sourceTree = SDKROOT; };
		292B87F6B6EB98598837DB1B /* CryptoKit.framework */ = {isa = PBXFileReference; lastKnownFileType = wrapper.framework; name = CryptoKit.framework; path = System/Library/Frameworks/CryptoKit.framework; sourceTree = SDKROOT; };
		3A8FEB7EE535E8C18BD9D70E /* RootView.swift */ = {isa = PBXFileReference; lastKnownFileType = sourcecode.swift; path = RootView.swift; sourceTree = "<group>"; };
		3C710797D8D223EBD0663F59 /* UpdateChecker.swift */ = {isa = PBXFileReference; lastKnownFileType = sourcecode.swift; path = UpdateChecker.swift; sourceTree = "<group>"; };
		3FD75A61707183BD0E107165 /* GeneralSettingsModelTests.swift */ = {isa = PBXFileReference; lastKnownFileType = sourcecode.swift; path = GeneralSettingsModelTests.swift; sourceTree = "<group>"; };
		4078DC295FA8891D3B21FFC9 /* PhysicalKeyboardStore.swift */ = {isa = PBXFileReference; lastKnownFileType = sourcecode.swift; path = PhysicalKeyboardStore.swift; sourceTree = "<group>"; };
		45612E59BDD15A842AEA2B7C /* GeneralSettingsView.swift */ = {isa = PBXFileReference; lastKnownFileType = sourcecode.swift; path = GeneralSettingsView.swift; sourceTree = "<group>"; };
		469433B6ABEC878F773B1F50 /* ActivationActivityTests.swift */ = {isa = PBXFileReference; lastKnownFileType = sourcecode.swift; path = ActivationActivityTests.swift; sourceTree = "<group>"; };
		4C0BB2BCEEE9B54D7D59987A /* WindowController.swift */ = {isa = PBXFileReference; lastKnownFileType = sourcecode.swift; path = WindowController.swift; sourceTree = "<group>"; };
		5225FE09338A066FF3E0C002 /* Carbon.framework */ = {isa = PBXFileReference; lastKnownFileType = wrapper.framework; name = Carbon.framework; path = System/Library/Frameworks/Carbon.framework; sourceTree = SDKROOT; };
		556A0239D8D2035B0CF38C0C /* SwitchingWarning.swift */ = {isa = PBXFileReference; lastKnownFileType = sourcecode.swift; path = SwitchingWarning.swift; sourceTree = "<group>"; };
		55C03FB672E3233D35CFA653 /* DiagnosticBundleReviewView.swift */ = {isa = PBXFileReference; lastKnownFileType = sourcecode.swift; path = DiagnosticBundleReviewView.swift; sourceTree = "<group>"; };
		5730AC35BECDCBDCA89C6DA3 /* SwitchingStatus.swift */ = {isa = PBXFileReference; lastKnownFileType = sourcecode.swift; path = SwitchingStatus.swift; sourceTree = "<group>"; };
		5C8CDA6E574C185BEAD48989 /* ManualDesignationTests.swift */ = {isa = PBXFileReference; lastKnownFileType = sourcecode.swift; path = ManualDesignationTests.swift; sourceTree = "<group>"; };
		5D034ED3A59FFA8A4A8E5CD7 /* SetupModel.swift */ = {isa = PBXFileReference; lastKnownFileType = sourcecode.swift; path = SetupModel.swift; sourceTree = "<group>"; };
		5D03E89D0E631882E1FEECD2 /* GeneralSettingsModel.swift */ = {isa = PBXFileReference; lastKnownFileType = sourcecode.swift; path = GeneralSettingsModel.swift; sourceTree = "<group>"; };
		5D7DDA07E15C86A973F7EC71 /* OperationalNotifications.swift */ = {isa = PBXFileReference; lastKnownFileType = sourcecode.swift; path = OperationalNotifications.swift; sourceTree = "<group>"; };
		6E98D0AC0DC16B488CC68F34 /* ConvergenceTests.swift */ = {isa = PBXFileReference; lastKnownFileType = sourcecode.swift; path = ConvergenceTests.swift; sourceTree = "<group>"; };
		7344A958EDF1CC3454029751 /* PhysicalKeyboardEventObserver.swift */ = {isa = PBXFileReference; lastKnownFileType = sourcecode.swift; path = PhysicalKeyboardEventObserver.swift; sourceTree = "<group>"; };
		77C809ABBA1C70D9822B5BA5 /* CoreHID.framework */ = {isa = PBXFileReference; lastKnownFileType = wrapper.framework; name = CoreHID.framework; path = System/Library/Frameworks/CoreHID.framework; sourceTree = SDKROOT; };
		7BEC56C6D332AED3772C92D9 /* MenuFirstTests.swift */ = {isa = PBXFileReference; lastKnownFileType = sourcecode.swift; path = MenuFirstTests.swift; sourceTree = "<group>"; };
		7BF17EC7F54B997EE0DDAFAE /* KeyameleonUITests.xctest */ = {isa = PBXFileReference; explicitFileType = wrapper.cfbundle; includeInIndex = 0; path = KeyameleonUITests.xctest; sourceTree = BUILT_PRODUCTS_DIR; };
		81634072FBBCD7BCF66DC8CC /* SwiftData.framework */ = {isa = PBXFileReference; lastKnownFileType = wrapper.framework; name = SwiftData.framework; path = System/Library/Frameworks/SwiftData.framework; sourceTree = SDKROOT; };
		8AD8FB5FFB9840099C00C830 /* App.swift */ = {isa = PBXFileReference; lastKnownFileType = sourcecode.swift; path = App.swift; sourceTree = "<group>"; };
		8BEA8388D3DD1A74A410FD13 /* ProtectedLifecycleTests.swift */ = {isa = PBXFileReference; lastKnownFileType = sourcecode.swift; path = ProtectedLifecycleTests.swift; sourceTree = "<group>"; };
		8E726E51A5724616DEE3DC78 /* LaunchAtLogin.swift */ = {isa = PBXFileReference; lastKnownFileType = sourcecode.swift; path = LaunchAtLogin.swift; sourceTree = "<group>"; };
		8F6A7020C94F2FD13853D645 /* InputSources.swift */ = {isa = PBXFileReference; lastKnownFileType = sourcecode.swift; path = InputSources.swift; sourceTree = "<group>"; };
		967B7E1070DD4601582EE6C6 /* Keyameleon.app */ = {isa = PBXFileReference; explicitFileType = wrapper.application; includeInIndex = 0; path = Keyameleon.app; sourceTree = BUILT_PRODUCTS_DIR; };
		96EAAA7C23460CFB5FE490B2 /* UserNotifications.framework */ = {isa = PBXFileReference; lastKnownFileType = wrapper.framework; name = UserNotifications.framework; path = System/Library/Frameworks/UserNotifications.framework; sourceTree = SDKROOT; };
		983C8E45DAD547D8162603B6 /* PhysicalKeyboard.swift */ = {isa = PBXFileReference; lastKnownFileType = sourcecode.swift; path = PhysicalKeyboard.swift; sourceTree = "<group>"; };
		98542FD5C82032FA9E2F7AF9 /* ApplicationTests.swift */ = {isa = PBXFileReference; lastKnownFileType = sourcecode.swift; path = ApplicationTests.swift; sourceTree = "<group>"; };
		9B34AD2AC37423AEC5A62769 /* SwitchingTests.swift */ = {isa = PBXFileReference; lastKnownFileType = sourcecode.swift; path = SwitchingTests.swift; sourceTree = "<group>"; };
		9D397C615AE93268A186585C /* ServiceManagement.framework */ = {isa = PBXFileReference; lastKnownFileType = wrapper.framework; name = ServiceManagement.framework; path = System/Library/Frameworks/ServiceManagement.framework; sourceTree = SDKROOT; };
		A0DD2621A84D0D5ACCEFA2F4 /* InputSource.swift */ = {isa = PBXFileReference; lastKnownFileType = sourcecode.swift; path = InputSource.swift; sourceTree = "<group>"; };
		A760C722DF4EA56CBAAB76C6 /* UncleanExitState.swift */ = {isa = PBXFileReference; lastKnownFileType = sourcecode.swift; path = UncleanExitState.swift; sourceTree = "<group>"; };
		AC6BDE001E72B645ABFC8A82 /* Security.framework */ = {isa = PBXFileReference; lastKnownFileType = wrapper.framework; name = Security.framework; path = System/Library/Frameworks/Security.framework; sourceTree = SDKROOT; };
		AEDB8B347F199B06902DF758 /* ReleasePolicy.swift */ = {isa = PBXFileReference; lastKnownFileType = sourcecode.swift; path = ReleasePolicy.swift; sourceTree = "<group>"; };
		B53925154A212D0013E930A2 /* ManualPhysicalKeyboardDesignationStore.swift */ = {isa = PBXFileReference; lastKnownFileType = sourcecode.swift; path = ManualPhysicalKeyboardDesignationStore.swift; sourceTree = "<group>"; };
		B6F2F27F6D94088F0A945139 /* RecoveryTests.swift */ = {isa = PBXFileReference; lastKnownFileType = sourcecode.swift; path = RecoveryTests.swift; sourceTree = "<group>"; };
		BAFD6C2C12E6744103679EBE /* ApplicationDelegate.swift */ = {isa = PBXFileReference; lastKnownFileType = sourcecode.swift; path = ApplicationDelegate.swift; sourceTree = "<group>"; };
		BBA6153A9F4D4EF18DDDE19D /* UpdatePolicy.swift */ = {isa = PBXFileReference; lastKnownFileType = sourcecode.swift; path = UpdatePolicy.swift; sourceTree = "<group>"; };
		C5D532AF0922ACF6FB01AFF1 /* Lifecycle.swift */ = {isa = PBXFileReference; lastKnownFileType = sourcecode.swift; path = Lifecycle.swift; sourceTree = "<group>"; };
		D1E005BC7B367BC78C0690C6 /* KeyameleonSwiftTesting.xctest */ = {isa = PBXFileReference; explicitFileType = wrapper.cfbundle; includeInIndex = 0; path = KeyameleonSwiftTesting.xctest; sourceTree = BUILT_PRODUCTS_DIR; };
		D1F32D17E09CBE4F2CC016DE /* ReleasePolicyTests.swift */ = {isa = PBXFileReference; lastKnownFileType = sourcecode.swift; path = ReleasePolicyTests.swift; sourceTree = "<group>"; };
		D29B24A67009EA8DCF50F391 /* DiagnosticDataService.swift */ = {isa = PBXFileReference; lastKnownFileType = sourcecode.swift; path = DiagnosticDataService.swift; sourceTree = "<group>"; };
		D756A7EA1BDFB814C2B383B3 /* LifecycleUITests.swift */ = {isa = PBXFileReference; lastKnownFileType = sourcecode.swift; path = LifecycleUITests.swift; sourceTree = "<group>"; };
		DD858A3F7B73F1B2C9FA633F /* KeyameleonXCTest.xctest */ = {isa = PBXFileReference; explicitFileType = wrapper.cfbundle; includeInIndex = 0; path = KeyameleonXCTest.xctest; sourceTree = BUILT_PRODUCTS_DIR; };
		E08F5F8AE410D0FB94462FA8 /* InstallationIntegrityKey.swift */ = {isa = PBXFileReference; lastKnownFileType = sourcecode.swift; path = InstallationIntegrityKey.swift; sourceTree = "<group>"; };
		E182B1A00967D6ABCB27D357 /* ListenPermission.swift */ = {isa = PBXFileReference; lastKnownFileType = sourcecode.swift; path = ListenPermission.swift; sourceTree = "<group>"; };
		E448EF2582F9A857DE37EC7B /* PhysicalKeyboardDiscovery.swift */ = {isa = PBXFileReference; lastKnownFileType = sourcecode.swift; path = PhysicalKeyboardDiscovery.swift; sourceTree = "<group>"; };
		F12688E745FEE2229C9EA9B7 /* DiagnosticWindowController.swift */ = {isa = PBXFileReference; lastKnownFileType = sourcecode.swift; path = DiagnosticWindowController.swift; sourceTree = "<group>"; };
		F2CC319B73F7842AC7EFD0DC /* OperationalNotificationTests.swift */ = {isa = PBXFileReference; lastKnownFileType = sourcecode.swift; path = OperationalNotificationTests.swift; sourceTree = "<group>"; };
		F2F89B01FA50D2E2724A74C3 /* AppKit.framework */ = {isa = PBXFileReference; lastKnownFileType = wrapper.framework; name = AppKit.framework; path = System/Library/Frameworks/AppKit.framework; sourceTree = SDKROOT; };
		FAF64CA3A3802AD87234A325 /* SwiftUI.framework */ = {isa = PBXFileReference; lastKnownFileType = wrapper.framework; name = SwiftUI.framework; path = System/Library/Frameworks/SwiftUI.framework; sourceTree = SDKROOT; };
		FC3803559762A26A22D58DB8 /* UpdatePolicyTests.swift */ = {isa = PBXFileReference; lastKnownFileType = sourcecode.swift; path = UpdatePolicyTests.swift; sourceTree = "<group>"; };
/* End PBXFileReference section */

/* Begin PBXFrameworksBuildPhase section */
		3DFAEBEB2F554425B022A83B /* Frameworks */ = {
			isa = PBXFrameworksBuildPhase;
			buildActionMask = 2147483647;
			files = (
				34EFF25115723D444C623637 /* Sparkle in Frameworks */,
				CC4D4CD3FDBEABF26DFD8779 /* AppKit.framework in Frameworks */,
				15EADB73F954D79F813518EC /* Carbon.framework in Frameworks */,
				801C74CE0102A0B052B40287 /* CoreHID.framework in Frameworks */,
				090EBFE10ACB9E267ED15570 /* CryptoKit.framework in Frameworks */,
				ACA1D2A2F87C1D348122EE23 /* IOKit.framework in Frameworks */,
				49316C09EF30EEB66F3802AF /* Security.framework in Frameworks */,
				48015E432FD28317B7DD5C50 /* ServiceManagement.framework in Frameworks */,
				64E3E73BCBE33BBF8DA964B2 /* SwiftData.framework in Frameworks */,
				91E6DD5CBEB5B2DAE4AC91F1 /* SwiftUI.framework in Frameworks */,
				C0C969EF50297720863A4CF1 /* UserNotifications.framework in Frameworks */,
			);
			runOnlyForDeploymentPostprocessing = 0;
		};
/* End PBXFrameworksBuildPhase section */

/* Begin PBXGroup section */
		0FBEA2F3C13CDFD006D682CC /* XCTest */ = {
			isa = PBXGroup;
			children = (
				98542FD5C82032FA9E2F7AF9 /* ApplicationTests.swift */,
			);
			path = XCTest;
			sourceTree = "<group>";
		};
		417F71DE12F09AD13001B515 /* Frameworks */ = {
			isa = PBXGroup;
			children = (
				F2F89B01FA50D2E2724A74C3 /* AppKit.framework */,
				5225FE09338A066FF3E0C002 /* Carbon.framework */,
				77C809ABBA1C70D9822B5BA5 /* CoreHID.framework */,
				292B87F6B6EB98598837DB1B /* CryptoKit.framework */,
				27C9E4BB494DF1AF4ED49BA1 /* IOKit.framework */,
				AC6BDE001E72B645ABFC8A82 /* Security.framework */,
				9D397C615AE93268A186585C /* ServiceManagement.framework */,
				81634072FBBCD7BCF66DC8CC /* SwiftData.framework */,
				FAF64CA3A3802AD87234A325 /* SwiftUI.framework */,
				96EAAA7C23460CFB5FE490B2 /* UserNotifications.framework */,
			);
			name = Frameworks;
			sourceTree = "<group>";
		};
		53C95B12FF24EACFD405BBEB /* Products */ = {
			isa = PBXGroup;
			children = (
				967B7E1070DD4601582EE6C6 /* Keyameleon.app */,
				D1E005BC7B367BC78C0690C6 /* KeyameleonSwiftTesting.xctest */,
				7BF17EC7F54B997EE0DDAFAE /* KeyameleonUITests.xctest */,
				DD858A3F7B73F1B2C9FA633F /* KeyameleonXCTest.xctest */,
			);
			name = Products;
			sourceTree = "<group>";
		};
		54FC5C45679D80C154ECCC61 /* UI */ = {
			isa = PBXGroup;
			children = (
				55C03FB672E3233D35CFA653 /* DiagnosticBundleReviewView.swift */,
				45612E59BDD15A842AEA2B7C /* GeneralSettingsView.swift */,
				3A8FEB7EE535E8C18BD9D70E /* RootView.swift */,
			);
			path = UI;
			sourceTree = "<group>";
		};
		6D27DD524F53C9F5FAFBBC8A = {
			isa = PBXGroup;
			children = (
				BF3878F1C20B19C018283AA5 /* Sources */,
				AA13A857CCEB8354237B20DE /* Tests */,
				417F71DE12F09AD13001B515 /* Frameworks */,
				53C95B12FF24EACFD405BBEB /* Products */,
			);
			sourceTree = "<group>";
		};
		7164BA534929CE29C1EACE17 /* App */ = {
			isa = PBXGroup;
			children = (
				8AD8FB5FFB9840099C00C830 /* App.swift */,
				BAFD6C2C12E6744103679EBE /* ApplicationDelegate.swift */,
				D29B24A67009EA8DCF50F391 /* DiagnosticDataService.swift */,
				02BECCA44F5BC3EBD06111BE /* DiagnosticDataStore.swift */,
				F12688E745FEE2229C9EA9B7 /* DiagnosticWindowController.swift */,
				5D03E89D0E631882E1FEECD2 /* GeneralSettingsModel.swift */,
				077A1A619B7B568508D1505F /* Info.plist */,
				8F6A7020C94F2FD13853D645 /* InputSources.swift */,
				E08F5F8AE410D0FB94462FA8 /* InstallationIntegrityKey.swift */,
				8E726E51A5724616DEE3DC78 /* LaunchAtLogin.swift */,
				C5D532AF0922ACF6FB01AFF1 /* Lifecycle.swift */,
				E182B1A00967D6ABCB27D357 /* ListenPermission.swift */,
				B53925154A212D0013E930A2 /* ManualPhysicalKeyboardDesignationStore.swift */,
				5D7DDA07E15C86A973F7EC71 /* OperationalNotifications.swift */,
				E448EF2582F9A857DE37EC7B /* PhysicalKeyboardDiscovery.swift */,
				7344A958EDF1CC3454029751 /* PhysicalKeyboardEventObserver.swift */,
				4078DC295FA8891D3B21FFC9 /* PhysicalKeyboardStore.swift */,
				5D034ED3A59FFA8A4A8E5CD7 /* SetupModel.swift */,
				A760C722DF4EA56CBAAB76C6 /* UncleanExitState.swift */,
				3C710797D8D223EBD0663F59 /* UpdateChecker.swift */,
				4C0BB2BCEEE9B54D7D59987A /* WindowController.swift */,
			);
			path = App;
			sourceTree = "<group>";
		};
		7CEF334DA8BDA8BB2B9CBAB8 /* Domain */ = {
			isa = PBXGroup;
			children = (
				11414C3BBD0946C0653CE62E /* DiagnosticData.swift */,
				A0DD2621A84D0D5ACCEFA2F4 /* InputSource.swift */,
				24ED6FFDC073384B3CF3D346 /* ManualPhysicalKeyboardDesignation.swift */,
				983C8E45DAD547D8162603B6 /* PhysicalKeyboard.swift */,
				25859C507998EB873999F385 /* PhysicalKeyboardEvent.swift */,
				AEDB8B347F199B06902DF758 /* ReleasePolicy.swift */,
				5730AC35BECDCBDCA89C6DA3 /* SwitchingStatus.swift */,
				556A0239D8D2035B0CF38C0C /* SwitchingWarning.swift */,
				BBA6153A9F4D4EF18DDDE19D /* UpdatePolicy.swift */,
			);
			path = Domain;
			sourceTree = "<group>";
		};
		A04569F39B68F25EDADE4039 /* UITests */ = {
			isa = PBXGroup;
			children = (
				D756A7EA1BDFB814C2B383B3 /* LifecycleUITests.swift */,
			);
			path = UITests;
			sourceTree = "<group>";
		};
		AA13A857CCEB8354237B20DE /* Tests */ = {
			isa = PBXGroup;
			children = (
				F86EC0BFB9FD4FC6CCEA2463 /* SwiftTesting */,
				A04569F39B68F25EDADE4039 /* UITests */,
				0FBEA2F3C13CDFD006D682CC /* XCTest */,
			);
			path = Tests;
			sourceTree = "<group>";
		};
		BF3878F1C20B19C018283AA5 /* Sources */ = {
			isa = PBXGroup;
			children = (
				7164BA534929CE29C1EACE17 /* App */,
				7CEF334DA8BDA8BB2B9CBAB8 /* Domain */,
				54FC5C45679D80C154ECCC61 /* UI */,
			);
			path = Sources;
			sourceTree = "<group>";
		};
		F86EC0BFB9FD4FC6CCEA2463 /* SwiftTesting */ = {
			isa = PBXGroup;
			children = (
				469433B6ABEC878F773B1F50 /* ActivationActivityTests.swift */,
				15E37E4A630DC2EC1DFDE3DE /* AssignmentTests.swift */,
				6E98D0AC0DC16B488CC68F34 /* ConvergenceTests.swift */,
				2524EEFA1711ADE5CEAF4EAA /* DiagnosticDataTests.swift */,
				173FB63477CD7B6BCA3482A3 /* DiscoveryTests.swift */,
				3FD75A61707183BD0E107165 /* GeneralSettingsModelTests.swift */,
				0E800175BE23F1A513268887 /* LifecycleTests.swift */,
				5C8CDA6E574C185BEAD48989 /* ManualDesignationTests.swift */,
				7BEC56C6D332AED3772C92D9 /* MenuFirstTests.swift */,
				F2CC319B73F7842AC7EFD0DC /* OperationalNotificationTests.swift */,
				8BEA8388D3DD1A74A410FD13 /* ProtectedLifecycleTests.swift */,
				B6F2F27F6D94088F0A945139 /* RecoveryTests.swift */,
				D1F32D17E09CBE4F2CC016DE /* ReleasePolicyTests.swift */,
				121A7F398BDBAFE53E28C58E /* SetupModelTests.swift */,
				9B34AD2AC37423AEC5A62769 /* SwitchingTests.swift */,
				0A301EAA639B770F7935C3B7 /* UncleanExitTests.swift */,
				FC3803559762A26A22D58DB8 /* UpdatePolicyTests.swift */,
			);
			path = SwiftTesting;
			sourceTree = "<group>";
		};
/* End PBXGroup section */

/* Begin PBXNativeTarget section */
		40DDE6048205B37DA81AF2F4 /* KeyameleonXCTest */ = {
			isa = PBXNativeTarget;
			buildConfigurationList = 8342BE87378712D004A55937 /* Build configuration list for PBXNativeTarget "KeyameleonXCTest" */;
			buildPhases = (
				1667DF31532B9F76F7F42188 /* Sources */,
			);
			buildRules = (
			);
			dependencies = (
				35D7537BF190FEFCF68CDCC8 /* PBXTargetDependency */,
			);
			name = KeyameleonXCTest;
			packageProductDependencies = (
			);
			productName = KeyameleonXCTest;
			productReference = DD858A3F7B73F1B2C9FA633F /* KeyameleonXCTest.xctest */;
			productType = "com.apple.product-type.bundle.unit-test";
		};
		9E7EDED31AFEE7EDAE98DE54 /* KeyameleonUITests */ = {
			isa = PBXNativeTarget;
			buildConfigurationList = D62A17E11D80376E13289228 /* Build configuration list for PBXNativeTarget "KeyameleonUITests" */;
			buildPhases = (
				D0555ED5DAECE538FDBA874E /* Sources */,
			);
			buildRules = (
			);
			dependencies = (
				12E91BE96366BD983B9DB67C /* PBXTargetDependency */,
			);
			name = KeyameleonUITests;
			packageProductDependencies = (
			);
			productName = KeyameleonUITests;
			productReference = 7BF17EC7F54B997EE0DDAFAE /* KeyameleonUITests.xctest */;
			productType = "com.apple.product-type.bundle.ui-testing";
		};
		BC118DDA889522C04EAB366C /* KeyameleonSwiftTesting */ = {
			isa = PBXNativeTarget;
			buildConfigurationList = CEABDCF50BD0B7FBE7504D5F /* Build configuration list for PBXNativeTarget "KeyameleonSwiftTesting" */;
			buildPhases = (
				1A030A717CD420EC1FFE6D11 /* Sources */,
			);
			buildRules = (
			);
			dependencies = (
				CE4BB9F28A6C1FE9F8BD8A62 /* PBXTargetDependency */,
			);
			name = KeyameleonSwiftTesting;
			packageProductDependencies = (
			);
			productName = KeyameleonSwiftTesting;
			productReference = D1E005BC7B367BC78C0690C6 /* KeyameleonSwiftTesting.xctest */;
			productType = "com.apple.product-type.bundle.unit-test";
		};
		D7B1A298244D4331D2678655 /* Keyameleon */ = {
			isa = PBXNativeTarget;
			buildConfigurationList = 81AF15269B0CE5F92C7A4ACF /* Build configuration list for PBXNativeTarget "Keyameleon" */;
			buildPhases = (
				0EAE7CB37FFE17480F40FBA4 /* Sources */,
				3DFAEBEB2F554425B022A83B /* Frameworks */,
			);
			buildRules = (
			);
			dependencies = (
			);
			name = Keyameleon;
			packageProductDependencies = (
				F3881EDB96F08B18FD0F617B /* Sparkle */,
			);
			productName = Keyameleon;
			productReference = 967B7E1070DD4601582EE6C6 /* Keyameleon.app */;
			productType = "com.apple.product-type.application";
		};
/* End PBXNativeTarget section */

/* Begin PBXProject section */
		17F49B025803125E5ABBCD4C /* Project object */ = {
			isa = PBXProject;
			attributes = {
				BuildIndependentTargetsInParallel = YES;
				LastUpgradeCheck = 1430;
				TargetAttributes = {
					40DDE6048205B37DA81AF2F4 = {
						ProvisioningStyle = Manual;
					};
					9E7EDED31AFEE7EDAE98DE54 = {
						ProvisioningStyle = Manual;
						TestTargetID = D7B1A298244D4331D2678655;
					};
					BC118DDA889522C04EAB366C = {
						ProvisioningStyle = Manual;
					};
					D7B1A298244D4331D2678655 = {
						ProvisioningStyle = Manual;
					};
				};
			};
			buildConfigurationList = 7638AEB52380FF81AE7DDDF1 /* Build configuration list for PBXProject "Keyameleon" */;
			developmentRegion = en;
			hasScannedForEncodings = 0;
			knownRegions = (
				Base,
				en,
			);
			mainGroup = 6D27DD524F53C9F5FAFBBC8A;
			minimizedProjectReferenceProxies = 1;
			packageReferences = (
				F43A7BD8D019CCACE99189E8 /* XCRemoteSwiftPackageReference "Sparkle" */,
			);
			preferredProjectObjectVersion = 77;
			productRefGroup = 53C95B12FF24EACFD405BBEB /* Products */;
			projectDirPath = "";
			projectRoot = "";
			targets = (
				D7B1A298244D4331D2678655 /* Keyameleon */,
				BC118DDA889522C04EAB366C /* KeyameleonSwiftTesting */,
				9E7EDED31AFEE7EDAE98DE54 /* KeyameleonUITests */,
				40DDE6048205B37DA81AF2F4 /* KeyameleonXCTest */,
			);
		};
/* End PBXProject section */

/* Begin PBXSourcesBuildPhase section */
		0EAE7CB37FFE17480F40FBA4 /* Sources */ = {
			isa = PBXSourcesBuildPhase;
			buildActionMask = 2147483647;
			files = (
				63436FC2E915F0B83273023C /* App.swift in Sources */,
				906721B0DAE0F8DF5F7B2847 /* ApplicationDelegate.swift in Sources */,
				A7C36DFDA7414A19C6CDE713 /* DiagnosticBundleReviewView.swift in Sources */,
				3CCBEAB699835B72E4EF0C59 /* DiagnosticData.swift in Sources */,
				799125EBDA6D27A23803AF1B /* DiagnosticDataService.swift in Sources */,
				4619577154F398B850D4BE8E /* DiagnosticDataStore.swift in Sources */,
				9EBED114C6E30DB6C52911BF /* DiagnosticWindowController.swift in Sources */,
				82EA08D271944A6E1DE10B38 /* GeneralSettingsModel.swift in Sources */,
				D7D64A72C6CB23575841963A /* GeneralSettingsView.swift in Sources */,
				289DA25583F6E6AC2E0DF99B /* InputSource.swift in Sources */,
				9E6354C10E724605840570E8 /* InputSources.swift in Sources */,
				ACBFAD8BC2BA205BD7E14575 /* InstallationIntegrityKey.swift in Sources */,
				DC3FF408A6D6AE793789D0CC /* LaunchAtLogin.swift in Sources */,
				831F87F612659C8281EC3FE9 /* Lifecycle.swift in Sources */,
				CABD1BC3E4A2D1B54E22FC5B /* ListenPermission.swift in Sources */,
				F709A33523FE9F750C0CA4C0 /* ManualPhysicalKeyboardDesignation.swift in Sources */,
				10C10DA54CEEC81C6E86EC7A /* ManualPhysicalKeyboardDesignationStore.swift in Sources */,
				BD35E25C6361F8281935F1E1 /* OperationalNotifications.swift in Sources */,
				67C45F69D56D4B0C48C92E23 /* PhysicalKeyboard.swift in Sources */,
				C2E80761E04D1CB57A29B615 /* PhysicalKeyboardDiscovery.swift in Sources */,
				4E388802FAADB42EBB0D86C2 /* PhysicalKeyboardEvent.swift in Sources */,
				FA91956D06B52529439BF8D0 /* PhysicalKeyboardEventObserver.swift in Sources */,
				CFAE25F9126FE28912B366E5 /* PhysicalKeyboardStore.swift in Sources */,
				4641828CA43C4D22AF22077A /* ReleasePolicy.swift in Sources */,
				E7ECA56E3601A3B66CA7F3F3 /* RootView.swift in Sources */,
				187E867991A04368B8582C70 /* SetupModel.swift in Sources */,
				595EED790099599C0103B092 /* SwitchingStatus.swift in Sources */,
				7FDB18B30F2508DBF4354A47 /* SwitchingWarning.swift in Sources */,
				08D3A64C845E5958312E508E /* UncleanExitState.swift in Sources */,
				F5723A6F857F899E97BDC980 /* UpdateChecker.swift in Sources */,
				059476CFED67F850100CBA43 /* UpdatePolicy.swift in Sources */,
				A7DD977154EBE621232DBCDD /* WindowController.swift in Sources */,
			);
			runOnlyForDeploymentPostprocessing = 0;
		};
		1667DF31532B9F76F7F42188 /* Sources */ = {
			isa = PBXSourcesBuildPhase;
			buildActionMask = 2147483647;
			files = (
				1E1179B5322D8292B3D7A9F4 /* ApplicationTests.swift in Sources */,
			);
			runOnlyForDeploymentPostprocessing = 0;
		};
		1A030A717CD420EC1FFE6D11 /* Sources */ = {
			isa = PBXSourcesBuildPhase;
			buildActionMask = 2147483647;
			files = (
				8CD922A19D618C9525EC5490 /* ActivationActivityTests.swift in Sources */,
				35C4F14DEBE88C93C6B5A2A3 /* AssignmentTests.swift in Sources */,
				03C20AF1309BDDFD13859B7B /* ConvergenceTests.swift in Sources */,
				744BCF16F1595722CC1E7D0F /* DiagnosticDataTests.swift in Sources */,
				94965581A0590A5E82DB2793 /* DiscoveryTests.swift in Sources */,
				2FBE8C1CF0C837F0FD7A7B22 /* GeneralSettingsModelTests.swift in Sources */,
				BA4F423F402D00CA146EFFAD /* LifecycleTests.swift in Sources */,
				CDEB08A343F64C57326A72EE /* ManualDesignationTests.swift in Sources */,
				DE506B45896CE93DFB607813 /* MenuFirstTests.swift in Sources */,
				2BFC773BE39EA5A451F1C185 /* OperationalNotificationTests.swift in Sources */,
				06EBFF4FA1E89F0CBB858180 /* ProtectedLifecycleTests.swift in Sources */,
				A00E9121965AC9358A33DB3B /* RecoveryTests.swift in Sources */,
				0C7B8751B513E6FD6EBEAE84 /* ReleasePolicyTests.swift in Sources */,
				58DDA085B57FB4BE4336A31A /* SetupModelTests.swift in Sources */,
				B0AE2EC67744B63A24235EF2 /* SwitchingTests.swift in Sources */,
				A4CF953DD84068C1786D51D2 /* UncleanExitTests.swift in Sources */,
				FB39E04074F5D3884F9FC645 /* UpdatePolicyTests.swift in Sources */,
			);
			runOnlyForDeploymentPostprocessing = 0;
		};
		D0555ED5DAECE538FDBA874E /* Sources */ = {
			isa = PBXSourcesBuildPhase;
			buildActionMask = 2147483647;
			files = (
				6E0257D68BB77F755CA07D72 /* LifecycleUITests.swift in Sources */,
			);
			runOnlyForDeploymentPostprocessing = 0;
		};
/* End PBXSourcesBuildPhase section */

/* Begin PBXTargetDependency section */
		12E91BE96366BD983B9DB67C /* PBXTargetDependency */ = {
			isa = PBXTargetDependency;
			target = D7B1A298244D4331D2678655 /* Keyameleon */;
			targetProxy = D07789ECD894B6BCEB9EA519 /* PBXContainerItemProxy */;
		};
		35D7537BF190FEFCF68CDCC8 /* PBXTargetDependency */ = {
			isa = PBXTargetDependency;
			target = D7B1A298244D4331D2678655 /* Keyameleon */;
			targetProxy = 62FB124316A61CE353FCFE6C /* PBXContainerItemProxy */;
		};
		CE4BB9F28A6C1FE9F8BD8A62 /* PBXTargetDependency */ = {
			isa = PBXTargetDependency;
			target = D7B1A298244D4331D2678655 /* Keyameleon */;
			targetProxy = FB198F04415ABEB102418C3F /* PBXContainerItemProxy */;
		};
/* End PBXTargetDependency section */

/* Begin XCBuildConfiguration section */
		129D3100D43ECD4BEB65FA8C /* Debug */ = {
			isa = XCBuildConfiguration;
			buildSettings = {
				BUNDLE_LOADER = "$(TEST_HOST)";
				COMBINE_HIDPI_IMAGES = YES;
				GENERATE_INFOPLIST_FILE = YES;
				LD_RUNPATH_SEARCH_PATHS = (
					"$(inherited)",
					"@executable_path/../Frameworks",
					"@loader_path/../Frameworks",
				);
				PRODUCT_BUNDLE_IDENTIFIER = "dev.fedemas.keyameleon.tests.swift-testing";
				SDKROOT = macosx;
				TEST_HOST = "$(BUILT_PRODUCTS_DIR)/Keyameleon.app/Contents/MacOS/Keyameleon";
			};
			name = Debug;
		};
		1326138679CFD48417856D1B /* Release */ = {
			isa = XCBuildConfiguration;
			buildSettings = {
				ASSETCATALOG_COMPILER_APPICON_NAME = AppIcon;
				COMBINE_HIDPI_IMAGES = YES;
				GENERATE_INFOPLIST_FILE = YES;
				INFOPLIST_FILE = Sources/App/Info.plist;
				INFOPLIST_KEY_CFBundleDisplayName = Keyameleon;
				INFOPLIST_KEY_LSUIElement = YES;
				LD_RUNPATH_SEARCH_PATHS = (
					"$(inherited)",
					"@executable_path/../Frameworks",
				);
				PRODUCT_BUNDLE_IDENTIFIER = dev.fedemas.keyameleon;
				PRODUCT_NAME = Keyameleon;
				SDKROOT = macosx;
			};
			name = Release;
		};
		2D06E286C10696E74C1E7222 /* Release */ = {
			isa = XCBuildConfiguration;
			buildSettings = {
				ALWAYS_SEARCH_USER_PATHS = NO;
				CLANG_ANALYZER_NONNULL = YES;
				CLANG_ANALYZER_NUMBER_OBJECT_CONVERSION = YES_AGGRESSIVE;
				CLANG_CXX_LANGUAGE_STANDARD = "gnu++14";
				CLANG_CXX_LIBRARY = "libc++";
				CLANG_ENABLE_MODULES = YES;
				CLANG_ENABLE_OBJC_ARC = YES;
				CLANG_ENABLE_OBJC_WEAK = YES;
				CLANG_WARN_BLOCK_CAPTURE_AUTORELEASING = YES;
				CLANG_WARN_BOOL_CONVERSION = YES;
				CLANG_WARN_COMMA = YES;
				CLANG_WARN_CONSTANT_CONVERSION = YES;
				CLANG_WARN_DEPRECATED_OBJC_IMPLEMENTATIONS = YES;
				CLANG_WARN_DIRECT_OBJC_ISA_USAGE = YES_ERROR;
				CLANG_WARN_DOCUMENTATION_COMMENTS = YES;
				CLANG_WARN_EMPTY_BODY = YES;
				CLANG_WARN_ENUM_CONVERSION = YES;
				CLANG_WARN_INFINITE_RECURSION = YES;
				CLANG_WARN_INT_CONVERSION = YES;
				CLANG_WARN_NON_LITERAL_NULL_CONVERSION = YES;
				CLANG_WARN_OBJC_IMPLICIT_RETAIN_SELF = YES;
				CLANG_WARN_OBJC_LITERAL_CONVERSION = YES;
				CLANG_WARN_OBJC_ROOT_CLASS = YES_ERROR;
				CLANG_WARN_QUOTED_INCLUDE_IN_FRAMEWORK_HEADER = YES;
				CLANG_WARN_RANGE_LOOP_ANALYSIS = YES;
				CLANG_WARN_STRICT_PROTOTYPES = YES;
				CLANG_WARN_SUSPICIOUS_MOVE = YES;
				CLANG_WARN_UNGUARDED_AVAILABILITY = YES_AGGRESSIVE;
				CLANG_WARN_UNREACHABLE_CODE = YES;
				CLANG_WARN__DUPLICATE_METHOD_MATCH = YES;
				CODE_SIGNING_REQUIRED = NO;
				CODE_SIGN_IDENTITY = "-";
				CODE_SIGN_STYLE = Manual;
				COPY_PHASE_STRIP = NO;
				CURRENT_PROJECT_VERSION = 1;
				DEBUG_INFORMATION_FORMAT = "dwarf-with-dsym";
				ENABLE_HARDENED_RUNTIME = YES;
				ENABLE_NS_ASSERTIONS = NO;
				ENABLE_STRICT_OBJC_MSGSEND = YES;
				GCC_C_LANGUAGE_STANDARD = gnu11;
				GCC_NO_COMMON_BLOCKS = YES;
				GCC_TREAT_WARNINGS_AS_ERRORS = YES;
				GCC_WARN_64_TO_32_BIT_CONVERSION = YES;
				GCC_WARN_ABOUT_RETURN_TYPE = YES_ERROR;
				GCC_WARN_UNDECLARED_SELECTOR = YES;
				GCC_WARN_UNINITIALIZED_AUTOS = YES_AGGRESSIVE;
				GCC_WARN_UNUSED_FUNCTION = YES;
				GCC_WARN_UNUSED_VARIABLE = YES;
				MACOSX_DEPLOYMENT_TARGET = 26.0;
				MARKETING_VERSION = 0.1.0;
				MTL_ENABLE_DEBUG_INFO = NO;
				MTL_FAST_MATH = YES;
				PRODUCT_NAME = "$(TARGET_NAME)";
				SDKROOT = macosx;
				SWIFT_COMPILATION_MODE = wholemodule;
				SWIFT_OPTIMIZATION_LEVEL = "-O";
				SWIFT_STRICT_CONCURRENCY = complete;
				SWIFT_TREAT_WARNINGS_AS_ERRORS = YES;
				SWIFT_VERSION = 6.0;
			};
			name = Release;
		};
		4315D0892B9A889F3B24E20B /* Debug */ = {
			isa = XCBuildConfiguration;
			buildSettings = {
				ALWAYS_SEARCH_USER_PATHS = NO;
				CLANG_ANALYZER_NONNULL = YES;
				CLANG_ANALYZER_NUMBER_OBJECT_CONVERSION = YES_AGGRESSIVE;
				CLANG_CXX_LANGUAGE_STANDARD = "gnu++14";
				CLANG_CXX_LIBRARY = "libc++";
				CLANG_ENABLE_MODULES = YES;
				CLANG_ENABLE_OBJC_ARC = YES;
				CLANG_ENABLE_OBJC_WEAK = YES;
				CLANG_WARN_BLOCK_CAPTURE_AUTORELEASING = YES;
				CLANG_WARN_BOOL_CONVERSION = YES;
				CLANG_WARN_COMMA = YES;
				CLANG_WARN_CONSTANT_CONVERSION = YES;
				CLANG_WARN_DEPRECATED_OBJC_IMPLEMENTATIONS = YES;
				CLANG_WARN_DIRECT_OBJC_ISA_USAGE = YES_ERROR;
				CLANG_WARN_DOCUMENTATION_COMMENTS = YES;
				CLANG_WARN_EMPTY_BODY = YES;
				CLANG_WARN_ENUM_CONVERSION = YES;
				CLANG_WARN_INFINITE_RECURSION = YES;
				CLANG_WARN_INT_CONVERSION = YES;
				CLANG_WARN_NON_LITERAL_NULL_CONVERSION = YES;
				CLANG_WARN_OBJC_IMPLICIT_RETAIN_SELF = YES;
				CLANG_WARN_OBJC_LITERAL_CONVERSION = YES;
				CLANG_WARN_OBJC_ROOT_CLASS = YES_ERROR;
				CLANG_WARN_QUOTED_INCLUDE_IN_FRAMEWORK_HEADER = YES;
				CLANG_WARN_RANGE_LOOP_ANALYSIS = YES;
				CLANG_WARN_STRICT_PROTOTYPES = YES;
				CLANG_WARN_SUSPICIOUS_MOVE = YES;
				CLANG_WARN_UNGUARDED_AVAILABILITY = YES_AGGRESSIVE;
				CLANG_WARN_UNREACHABLE_CODE = YES;
				CLANG_WARN__DUPLICATE_METHOD_MATCH = YES;
				CODE_SIGNING_REQUIRED = NO;
				CODE_SIGN_IDENTITY = "-";
				CODE_SIGN_STYLE = Manual;
				COPY_PHASE_STRIP = NO;
				CURRENT_PROJECT_VERSION = 1;
				DEBUG_INFORMATION_FORMAT = dwarf;
				ENABLE_HARDENED_RUNTIME = YES;
				ENABLE_STRICT_OBJC_MSGSEND = YES;
				ENABLE_TESTABILITY = YES;
				GCC_C_LANGUAGE_STANDARD = gnu11;
				GCC_DYNAMIC_NO_PIC = NO;
				GCC_NO_COMMON_BLOCKS = YES;
				GCC_OPTIMIZATION_LEVEL = 0;
				GCC_PREPROCESSOR_DEFINITIONS = (
					"$(inherited)",
					"DEBUG=1",
				);
				GCC_TREAT_WARNINGS_AS_ERRORS = YES;
				GCC_WARN_64_TO_32_BIT_CONVERSION = YES;
				GCC_WARN_ABOUT_RETURN_TYPE = YES_ERROR;
				GCC_WARN_UNDECLARED_SELECTOR = YES;
				GCC_WARN_UNINITIALIZED_AUTOS = YES_AGGRESSIVE;
				GCC_WARN_UNUSED_FUNCTION = YES;
				GCC_WARN_UNUSED_VARIABLE = YES;
				MACOSX_DEPLOYMENT_TARGET = 26.0;
				MARKETING_VERSION = 0.1.0;
				MTL_ENABLE_DEBUG_INFO = INCLUDE_SOURCE;
				MTL_FAST_MATH = YES;
				ONLY_ACTIVE_ARCH = YES;
				PRODUCT_NAME = "$(TARGET_NAME)";
				SDKROOT = macosx;
				SWIFT_ACTIVE_COMPILATION_CONDITIONS = DEBUG;
				SWIFT_OPTIMIZATION_LEVEL = "-Onone";
				SWIFT_STRICT_CONCURRENCY = complete;
				SWIFT_TREAT_WARNINGS_AS_ERRORS = YES;
				SWIFT_VERSION = 6.0;
			};
			name = Debug;
		};
		56BD1B3EA091D02346B5C763 /* Release */ = {
			isa = XCBuildConfiguration;
			buildSettings = {
				BUNDLE_LOADER = "$(TEST_HOST)";
				COMBINE_HIDPI_IMAGES = YES;
				GENERATE_INFOPLIST_FILE = YES;
				LD_RUNPATH_SEARCH_PATHS = (
					"$(inherited)",
					"@executable_path/../Frameworks",
					"@loader_path/../Frameworks",
				);
				PRODUCT_BUNDLE_IDENTIFIER = "dev.fedemas.keyameleon.tests.swift-testing";
				SDKROOT = macosx;
				TEST_HOST = "$(BUILT_PRODUCTS_DIR)/Keyameleon.app/Contents/MacOS/Keyameleon";
			};
			name = Release;
		};
		573ED7C061495B1BDBF4B002 /* Debug */ = {
			isa = XCBuildConfiguration;
			buildSettings = {
				BUNDLE_LOADER = "$(TEST_HOST)";
				COMBINE_HIDPI_IMAGES = YES;
				GENERATE_INFOPLIST_FILE = YES;
				LD_RUNPATH_SEARCH_PATHS = (
					"$(inherited)",
					"@executable_path/../Frameworks",
					"@loader_path/../Frameworks",
				);
				PRODUCT_BUNDLE_IDENTIFIER = dev.fedemas.keyameleon.tests.xctest;
				SDKROOT = macosx;
				TEST_HOST = "$(BUILT_PRODUCTS_DIR)/Keyameleon.app/Contents/MacOS/Keyameleon";
			};
			name = Debug;
		};
		6395F854E8D0DE5F7B229CAF /* Release */ = {
			isa = XCBuildConfiguration;
			buildSettings = {
				BUNDLE_LOADER = "$(TEST_HOST)";
				COMBINE_HIDPI_IMAGES = YES;
				ENABLE_HARDENED_RUNTIME = NO;
				GENERATE_INFOPLIST_FILE = YES;
				LD_RUNPATH_SEARCH_PATHS = (
					"$(inherited)",
					"@executable_path/Frameworks",
					"@loader_path/Frameworks",
				);
				PRODUCT_BUNDLE_IDENTIFIER = dev.fedemas.keyameleon.tests.ui;
				SDKROOT = macosx;
				TEST_TARGET_NAME = Keyameleon;
			};
			name = Release;
		};
		69C35E70D354FBF23A976F7E /* Debug */ = {
			isa = XCBuildConfiguration;
			buildSettings = {
				ASSETCATALOG_COMPILER_APPICON_NAME = AppIcon;
				COMBINE_HIDPI_IMAGES = YES;
				GENERATE_INFOPLIST_FILE = YES;
				INFOPLIST_FILE = Sources/App/Info.plist;
				INFOPLIST_KEY_CFBundleDisplayName = Keyameleon;
				INFOPLIST_KEY_LSUIElement = YES;
				LD_RUNPATH_SEARCH_PATHS = (
					"$(inherited)",
					"@executable_path/../Frameworks",
				);
				PRODUCT_BUNDLE_IDENTIFIER = dev.fedemas.keyameleon;
				PRODUCT_NAME = Keyameleon;
				SDKROOT = macosx;
			};
			name = Debug;
		};
		C41CDAF41A6D55837067C37C /* Release */ = {
			isa = XCBuildConfiguration;
			buildSettings = {
				BUNDLE_LOADER = "$(TEST_HOST)";
				COMBINE_HIDPI_IMAGES = YES;
				GENERATE_INFOPLIST_FILE = YES;
				LD_RUNPATH_SEARCH_PATHS = (
					"$(inherited)",
					"@executable_path/../Frameworks",
					"@loader_path/../Frameworks",
				);
				PRODUCT_BUNDLE_IDENTIFIER = dev.fedemas.keyameleon.tests.xctest;
				SDKROOT = macosx;
				TEST_HOST = "$(BUILT_PRODUCTS_DIR)/Keyameleon.app/Contents/MacOS/Keyameleon";
			};
			name = Release;
		};
		CAC42CDB4BA14BF34095B331 /* Debug */ = {
			isa = XCBuildConfiguration;
			buildSettings = {
				BUNDLE_LOADER = "$(TEST_HOST)";
				COMBINE_HIDPI_IMAGES = YES;
				ENABLE_HARDENED_RUNTIME = NO;
				GENERATE_INFOPLIST_FILE = YES;
				LD_RUNPATH_SEARCH_PATHS = (
					"$(inherited)",
					"@executable_path/Frameworks",
					"@loader_path/Frameworks",
				);
				PRODUCT_BUNDLE_IDENTIFIER = dev.fedemas.keyameleon.tests.ui;
				SDKROOT = macosx;
				TEST_TARGET_NAME = Keyameleon;
			};
			name = Debug;
		};
/* End XCBuildConfiguration section */

/* Begin XCConfigurationList section */
		7638AEB52380FF81AE7DDDF1 /* Build configuration list for PBXProject "Keyameleon" */ = {
			isa = XCConfigurationList;
			buildConfigurations = (
				4315D0892B9A889F3B24E20B /* Debug */,
				2D06E286C10696E74C1E7222 /* Release */,
			);
			defaultConfigurationIsVisible = 0;
			defaultConfigurationName = Debug;
		};
		81AF15269B0CE5F92C7A4ACF /* Build configuration list for PBXNativeTarget "Keyameleon" */ = {
			isa = XCConfigurationList;
			buildConfigurations = (
				69C35E70D354FBF23A976F7E /* Debug */,
				1326138679CFD48417856D1B /* Release */,
			);
			defaultConfigurationIsVisible = 0;
			defaultConfigurationName = Debug;
		};
		8342BE87378712D004A55937 /* Build configuration list for PBXNativeTarget "KeyameleonXCTest" */ = {
			isa = XCConfigurationList;
			buildConfigurations = (
				573ED7C061495B1BDBF4B002 /* Debug */,
				C41CDAF41A6D55837067C37C /* Release */,
			);
			defaultConfigurationIsVisible = 0;
			defaultConfigurationName = Debug;
		};
		CEABDCF50BD0B7FBE7504D5F /* Build configuration list for PBXNativeTarget "KeyameleonSwiftTesting" */ = {
			isa = XCConfigurationList;
			buildConfigurations = (
				129D3100D43ECD4BEB65FA8C /* Debug */,
				56BD1B3EA091D02346B5C763 /* Release */,
			);
			defaultConfigurationIsVisible = 0;
			defaultConfigurationName = Debug;
		};
		D62A17E11D80376E13289228 /* Build configuration list for PBXNativeTarget "KeyameleonUITests" */ = {
			isa = XCConfigurationList;
			buildConfigurations = (
				CAC42CDB4BA14BF34095B331 /* Debug */,
				6395F854E8D0DE5F7B229CAF /* Release */,
			);
			defaultConfigurationIsVisible = 0;
			defaultConfigurationName = Debug;
		};
/* End XCConfigurationList section */

/* Begin XCRemoteSwiftPackageReference section */
		F43A7BD8D019CCACE99189E8 /* XCRemoteSwiftPackageReference "Sparkle" */ = {
			isa = XCRemoteSwiftPackageReference;
			repositoryURL = "https://github.com/sparkle-project/Sparkle";
			requirement = {
				kind = upToNextMajorVersion;
				minimumVersion = 2.6.0;
			};
		};
/* End XCRemoteSwiftPackageReference section */

/* Begin XCSwiftPackageProductDependency section */
		F3881EDB96F08B18FD0F617B /* Sparkle */ = {
			isa = XCSwiftPackageProductDependency;
			package = F43A7BD8D019CCACE99189E8 /* XCRemoteSwiftPackageReference "Sparkle" */;
			productName = Sparkle;
		};
/* End XCSwiftPackageProductDependency section */
	};
	rootObject = 17F49B025803125E5ABBCD4C /* Project object */;
}
